// !$*UTF8*$!
{
	archiveVersion = 1;
	classes = {
	};
	objectVersion = 46;
	objects = {

/* Begin PBXBuildFile section */
		A322A9411F62FC0A00CEB397 /* AppDelegate.swift in Sources */ = {isa = PBXBuildFile; fileRef = A322A9401F62FC0A00CEB397 /* AppDelegate.swift */; };
		A322A9431F62FC0A00CEB397 /* ViewController.swift in Sources */ = {isa = PBXBuildFile; fileRef = A322A9421F62FC0A00CEB397 /* ViewController.swift */; };
		A322A9461F62FC0A00CEB397 /* Main.storyboard in Resources */ = {isa = PBXBuildFile; fileRef = A322A9441F62FC0A00CEB397 /* Main.storyboard */; };
		A322A9481F62FC0A00CEB397 /* Assets.xcassets in Resources */ = {isa = PBXBuildFile; fileRef = A322A9471F62FC0A00CEB397 /* Assets.xcassets */; };
		A322A94B1F62FC0A00CEB397 /* LaunchScreen.storyboard in Resources */ = {isa = PBXBuildFile; fileRef = A322A9491F62FC0A00CEB397 /* LaunchScreen.storyboard */; };
/* End PBXBuildFile section */

/* Begin PBXFileReference section */
		A322A93D1F62FC0A00CEB397 /* LBTA-10-core-animation.app */ = {isa = PBXFileReference; explicitFileType = wrapper.application; includeInIndex = 0; path = "LBTA-10-core-animation.app"; sourceTree = BUILT_PRODUCTS_DIR; };
		A322A9401F62FC0A00CEB397 /* AppDelegate.swift */ = {isa = PBXFileReference; lastKnownFileType = sourcecode.swift; path = AppDelegate.swift; sourceTree = "<group>"; };
		A322A9421F62FC0A00CEB397 /* ViewController.swift */ = {isa = PBXFileReference; lastKnownFileType = sourcecode.swift; path = ViewController.swift; sourceTree = "<group>"; };
		A322A9451F62FC0A00CEB397 /* Base */ = {isa = PBXFileReference; lastKnownFileType = file.storyboard; name = Base; path = Base.lproj/Main.storyboard; sourceTree = "<group>"; };
		A322A9471F62FC0A00CEB397 /* Assets.xcassets */ = {isa = PBXFileReference; lastKnownFileType = folder.assetcatalog; path = Assets.xcassets; sourceTree = "<group>"; };
		A322A94A1F62FC0A00CEB397 /* Base */ = {isa = PBXFileReference; lastKnownFileType = file.storyboard; name = Base; path = Base.lproj/LaunchScreen.storyboard; sourceTree = "<group>"; };
		A322A94C1F62FC0A00CEB397 /* Info.plist */ = {isa = PBXFileReference; lastKnownFileType = text.plist.xml; path = Info.plist; sourceTree = "<group>"; };
/* End PBXFileReference section */

/* Begin PBXFrameworksBuildPhase section */
		A322A93A1F62FC0A00CEB397 /* Frameworks */ = {
			isa = PBXFrameworksBuildPhase;
			buildActionMask = 2147483647;
			files = (
			);
			runOnlyForDeploymentPostprocessing = 0;
		};
/* End PBXFrameworksBuildPhase section */

/* Begin PBXGroup section */
		A322A9341F62FC0A00CEB397 = {
			isa = PBXGroup;
			children = (
				A322A93F1F62FC0A00CEB397 /* LBTA-10-core-animation */,
				A322A93E1F62FC0A00CEB397 /* Products */,
			);
			sourceTree = "<group>";
		};
		A322A93E1F62FC0A00CEB397 /* Products */ = {
			isa = PBXGroup;
			children = (
				A322A93D1F62FC0A00CEB397 /* LBTA-10-core-animation.app */,
			);
			name = Products;
			sourceTree = "<group>";
		};
		A322A93F1F62FC0A00CEB397 /* LBTA-10-core-animation */ = {
			isa = PBXGroup;
			children = (
				A322A9401F62FC0A00CEB397 /* AppDelegate.swift */,
				A322A9421F62FC0A00CEB397 /* ViewController.swift */,
				A322A9441F62FC0A00CEB397 /* Main.storyboard */,
				A322A9471F62FC0A00CEB397 /* Assets.xcassets */,
				A322A9491F62FC0A00CEB397 /* LaunchScreen.storyboard */,
				A322A94C1F62FC0A00CEB397 /* Info.plist */,
			);
			path = "LBTA-10-core-animation";
			sourceTree = "<group>";
		};
/* End PBXGroup section */

/* Begin PBXNativeTarget section */
		A322A93C1F62FC0A00CEB397 /* LBTA-10-core-animation */ = {
			isa = PBXNativeTarget;
			buildConfigurationList = A322A94F1F62FC0A00CEB397 /* Build configuration list for PBXNativeTarget "LBTA-10-core-animation" */;
			buildPhases = (
				A322A9391F62FC0A00CEB397 /* Sources */,
				A322A93A1F62FC0A00CEB397 /* Frameworks */,
				A322A93B1F62FC0A00CEB397 /* Resources */,
			);
			buildRules = (
			);
			dependencies = (
			);
			name = "LBTA-10-core-animation";
			productName = "LBTA-10-core-animation";
			productReference = A322A93D1F62FC0A00CEB397 /* LBTA-10-core-animation.app */;
			productType = "com.apple.product-type.application";
		};
/* End PBXNativeTarget section */

/* Begin PBXProject section */
		A322A9351F62FC0A00CEB397 /* Project object */ = {
			isa = PBXProject;
			attributes = {
				LastSwiftUpdateCheck = 0830;
				LastUpgradeCheck = 0830;
				ORGANIZATIONNAME = "Alexander Baran";
				TargetAttributes = {
					A322A93C1F62FC0A00CEB397 = {
						CreatedOnToolsVersion = 8.3.3;
						DevelopmentTeam = ZQ32RSDG42;
						ProvisioningStyle = Automatic;
					};
				};
			};
			buildConfigurationList = A322A9381F62FC0A00CEB397 /* Build configuration list for PBXProject "LBTA-10-core-animation" */;
			compatibilityVersion = "Xcode 3.2";
			developmentRegion = English;
			hasScannedForEncodings = 0;
			knownRegions = (
				en,
				Base,
			);
			mainGroup = A322A9341F62FC0A00CEB397;
			productRefGroup = A322A93E1F62FC0A00CEB397 /* Products */;
			projectDirPath = "";
			projectRoot = "";
			targets = (
				A322A93C1F62FC0A00CEB397 /* LBTA-10-core-animation */,
			);
		};
/* End PBXProject section */

/* Begin PBXResourcesBuildPhase section */
		A322A93B1F62FC0A00CEB397 /* Resources */ = {
			isa = PBXResourcesBuildPhase;
			buildActionMask = 2147483647;
			files = (
				A322A94B1F62FC0A00CEB397 /* LaunchScreen.storyboard in Resources */,
				A322A9481F62FC0A00CEB397 /* Assets.xcassets in Resources */,
				A322A9461F62FC0A00CEB397 /* Main.storyboard in Resources */,
			);
			runOnlyForDeploymentPostprocessing = 0;
		};
/* End PBXResourcesBuildPhase section */

/* Begin PBXSourcesBuildPhase section */
		A322A9391F62FC0A00CEB397 /* Sources */ = {
			isa = PBXSourcesBuildPhase;
			buildActionMask = 2147483647;
			files = (
				A322A9431F62FC0A00CEB397 /* ViewController.swift in Sources */,
				A322A9411F62FC0A00CEB397 /* AppDelegate.swift in Sources */,
			);
			runOnlyForDeploymentPostprocessing = 0;
		};
/* End PBXSourcesBuildPhase section */

/* Begin PBXVariantGroup section */
		A322A9441F62FC0A00CEB397 /* Main.storyboard */ = {
			isa = PBXVariantGroup;
			children = (
				A322A9451F62FC0A00CEB397 /* Base */,
			);
			name = Main.storyboard;
			sourceTree = "<group>";
		};
		A322A9491F62FC0A00CEB397 /* LaunchScreen.storyboard */ = {
			isa = PBXVariantGroup;
			children = (
				A322A94A1F62FC0A00CEB397 /* Base */,
			);
			name = LaunchScreen.storyboard;
			sourceTree = "<group>";
		};
/* End PBXVariantGroup section */

/* Begin XCBuildConfiguration section */
		A322A94D1F62FC0A00CEB397 /* Debug */ = {
			isa = XCBuildConfiguration;
			buildSettings = {
				ALWAYS_SEARCH_USER_PATHS = NO;
				CLANG_ANALYZER_NONNULL = YES;
				CLANG_ANALYZER_NUMBER_OBJECT_CONVERSION = YES_AGGRESSIVE;
				CLANG_CXX_LANGUAGE_STANDARD = "gnu++0x";
				CLANG_CXX_LIBRARY = "libc++";
				CLANG_ENABLE_MODULES = YES;
				CLANG_ENABLE_OBJC_ARC = YES;
				CLANG_WARN_BOOL_CONVERSION = YES;
				CLANG_WARN_CONSTANT_CONVERSION = YES;
				CLANG_WARN_DIRECT_OBJC_ISA_USAGE = YES_ERROR;
				CLANG_WARN_DOCUMENTATION_COMMENTS = YES;
				CLANG_WARN_EMPTY_BODY = YES;
				CLANG_WARN_ENUM_CONVERSION = YES;
				CLANG_WARN_INFINITE_RECURSION = YES;
				CLANG_WARN_INT_CONVERSION = YES;
				CLANG_WARN_OBJC_ROOT_CLASS = YES_ERROR;
				CLANG_WARN_SUSPICIOUS_MOVE = YES;
				CLANG_WARN_UNREACHABLE_CODE = YES;
				CLANG_WARN__DUPLICATE_METHOD_MATCH = YES;
				"CODE_SIGN_IDENTITY[sdk=iphoneos*]" = "iPhone Developer";
				COPY_PHASE_STRIP = NO;
				DEBUG_INFORMATION_FORMAT = dwarf;
				ENABLE_STRICT_OBJC_MSGSEND = YES;
				ENABLE_TESTABILITY = YES;
				GCC_C_LANGUAGE_STANDARD = gnu99;
				GCC_DYNAMIC_NO_PIC = NO;
				GCC_NO_COMMON_BLOCKS = YES;
				GCC_OPTIMIZATION_LEVEL = 0;
				GCC_PREPROCESSOR_DEFINITIONS = (
					"DEBUG=1",
					"$(inherited)",
				);
				GCC_WARN_64_TO_32_BIT_CONVERSION = YES;
				GCC_WARN_ABOUT_RETURN_TYPE = YES_ERROR;
				GCC_WARN_UNDECLARED_SELECTOR = YES;
				GCC_WARN_UNINITIALIZED_AUTOS = YES_AGGRESSIVE;
				GCC_WARN_UNUSED_FUNCTION = YES;
				GCC_WARN_UNUSED_VARIABLE = YES;
				IPHONEOS_DEPLOYMENT_TARGET = 10.3;
				MTL_ENABLE_DEBUG_INFO = YES;
				ONLY_ACTIVE_ARCH = YES;
				SDKROOT = iphoneos;
				SWIFT_ACTIVE_COMPILATION_CONDITIONS = DEBUG;
				SWIFT_OPTIMIZATION_LEVEL = "-Onone";
				TARGETED_DEVICE_FAMILY = "1,2";
			};
			name = Debug;
		};
		A322A94E1F62FC0A00CEB397 /* Release */ = {
			isa = XCBuildConfiguration;
			buildSettings = {
				ALWAYS_SEARCH_USER_PATHS = NO;
				CLANG_ANALYZER_NONNULL = YES;
				CLANG_ANALYZER_NUMBER_OBJECT_CONVERSION = YES_AGGRESSIVE;
				CLANG_CXX_LANGUAGE_STANDARD = "gnu++0x";
				CLANG_CXX_LIBRARY = "libc++";
				CLANG_ENABLE_MODULES = YES;
				CLANG_ENABLE_OBJC_ARC = YES;
				CLANG_WARN_BOOL_CONVERSION = YES;
				CLANG_WARN_CONSTANT_CONVERSION = YES;
				CLANG_WARN_DIRECT_OBJC_ISA_USAGE = YES_ERROR;
				CLANG_WARN_DOCUMENTATION_COMMENTS = YES;
				CLANG_WARN_EMPTY_BODY = YES;
				CLANG_WARN_ENUM_CONVERSION = YES;
				CLANG_WARN_INFINITE_RECURSION = YES;
				CLANG_WARN_INT_CONVERSION = YES;
				CLANG_WARN_OBJC_ROOT_CLASS = YES_ERROR;
				CLANG_WARN_SUSPICIOUS_MOVE = YES;
				CLANG_WARN_UNREACHABLE_CODE = YES;
				CLANG_WARN__DUPLICATE_METHOD_MATCH = YES;
				"CODE_SIGN_IDENTITY[sdk=iphoneos*]" = "iPhone Developer";
				COPY_PHASE_STRIP = NO;
				DEBUG_INFORMATION_FORMAT = "dwarf-with-dsym";
				ENABLE_NS_ASSERTIONS = NO;
				ENABLE_STRICT_OBJC_MSGSEND = YES;
				GCC_C_LANGUAGE_STANDARD = gnu99;
				GCC_NO_COMMON_BLOCKS = YES;
				GCC_WARN_64_TO_32_BIT_CONVERSION = YES;
				GCC_WARN_ABOUT_RETURN_TYPE = YES_ERROR;
				GCC_WARN_UNDECLARED_SELECTOR = YES;
				GCC_WARN_UNINITIALIZED_AUTOS = YES_AGGRESSIVE;
				GCC_WARN_UNUSED_FUNCTION = YES;
				GCC_WARN_UNUSED_VARIABLE = YES;
				IPHONEOS_DEPLOYMENT_TARGET = 10.3;
				MTL_ENABLE_DEBUG_INFO = NO;
				SDKROOT = iphoneos;
				SWIFT_OPTIMIZATION_LEVEL = "-Owholemodule";
				TARGETED_DEVICE_FAMILY = "1,2";
				VALIDATE_PRODUCT = YES;
			};
			name = Release;
		};
		A322A9501F62FC0A00CEB397 /* Debug */ = {
			isa = XCBuildConfiguration;
			buildSettings = {
				ASSETCATALOG_COMPILER_APPICON_NAME = AppIcon;
				DEVELOPMENT_TEAM = ZQ32RSDG42;
				INFOPLIST_FILE = "LBTA-10-core-animation/Info.plist";
				LD_RUNPATH_SEARCH_PATHS = "$(inherited) @executable_path/Frameworks";
				PRODUCT_BUNDLE_IDENTIFIER = "com.alexanderbaran.LBTA-10-core-animation";
				PRODUCT_NAME = "$(TARGET_NAME)";
				SWIFT_VERSION = 3.0;
			};
			name = Debug;
		};
		A322A9511F62FC0A00CEB397 /* Release */ = {
			isa = XCBuildConfiguration;
			buildSettings = {
				ASSETCATALOG_COMPILER_APPICON_NAME = AppIcon;
				DEVELOPMENT_TEAM = ZQ32RSDG42;
				INFOPLIST_FILE = "LBTA-10-core-animation/Info.plist";
				LD_RUNPATH_SEARCH_PATHS = "$(inherited) @executable_path/Frameworks";
				PRODUCT_BUNDLE_IDENTIFIER = "com.alexanderbaran.LBTA-10-core-animation";
				PRODUCT_NAME = "$(TARGET_NAME)";
				SWIFT_VERSION = 3.0;
			};
			name = Release;
		};
/* End XCBuildConfiguration section */

/* Begin XCConfigurationList section */
		A322A9381F62FC0A00CEB397 /* Build configuration list for PBXProject "LBTA-10-core-animation" */ = {
			isa = XCConfigurationList;
			buildConfigurations = (
				A322A94D1F62FC0A00CEB397 /* Debug */,
				A322A94E1F62FC0A00CEB397 /* Release */,
			);
			defaultConfigurationIsVisible = 0;
			defaultConfigurationName = Release;
		};
		A322A94F1F62FC0A00CEB397 /* Build configuration list for PBXNativeTarget "LBTA-10-core-animation" */ = {
			isa = XCConfigurationList;
			buildConfigurations = (
				A322A9501F62FC0A00CEB397 /* Debug */,
				A322A9511F62FC0A00CEB397 /* Release */,
			);
			defaultConfigurationIsVisible = 0;
		};
/* End XCConfigurationList section */
	};
	rootObject = A322A9351F62FC0A00CEB397 /* Project object */;
}
