// !$*UTF8*$!
{
	archiveVersion = 1;
	classes = {
	};
	objectVersion = 46;
	objects = {

/* Begin PBXBuildFile section */
		A37B72751F63FF9B008B92B8 /* AppDelegate.swift in Sources */ = {isa = PBXBuildFile; fileRef = A37B72741F63FF9B008B92B8 /* AppDelegate.swift */; };
		A37B72771F63FF9B008B92B8 /* FeaturedAppsController.swift in Sources */ = {isa = PBXBuildFile; fileRef = A37B72761F63FF9B008B92B8 /* FeaturedAppsController.swift */; };
		A37B727C1F63FF9B008B92B8 /* Assets.xcassets in Resources */ = {isa = PBXBuildFile; fileRef = A37B727B1F63FF9B008B92B8 /* Assets.xcassets */; };
		A37B727F1F63FF9B008B92B8 /* LaunchScreen.storyboard in Resources */ = {isa = PBXBuildFile; fileRef = A37B727D1F63FF9B008B92B8 /* LaunchScreen.storyboard */; };
		A37B72871F6417D1008B92B8 /* CategoryCell.swift in Sources */ = {isa = PBXBuildFile; fileRef = A37B72861F6417D1008B92B8 /* CategoryCell.swift */; };
		A37B72891F641CA9008B92B8 /* AppCell.swift in Sources */ = {isa = PBXBuildFile; fileRef = A37B72881F641CA9008B92B8 /* AppCell.swift */; };
		A37B728B1F64326B008B92B8 /* Models.swift in Sources */ = {isa = PBXBuildFile; fileRef = A37B728A1F64326B008B92B8 /* Models.swift */; };
		A37B728D1F64544C008B92B8 /* LargeCategoryCell.swift in Sources */ = {isa = PBXBuildFile; fileRef = A37B728C1F64544C008B92B8 /* LargeCategoryCell.swift */; };
		A37B728F1F64670B008B92B8 /* Header.swift in Sources */ = {isa = PBXBuildFile; fileRef = A37B728E1F64670B008B92B8 /* Header.swift */; };
		A37B72911F647773008B92B8 /* AppDetailController.swift in Sources */ = {isa = PBXBuildFile; fileRef = A37B72901F647773008B92B8 /* AppDetailController.swift */; };
		A37B72931F648898008B92B8 /* Extensions.swift in Sources */ = {isa = PBXBuildFile; fileRef = A37B72921F648898008B92B8 /* Extensions.swift */; };
/* End PBXBuildFile section */

/* Begin PBXFileReference section */
		A37B72711F63FF9B008B92B8 /* LBTA-13-app-store.app */ = {isa = PBXFileReference; explicitFileType = wrapper.application; includeInIndex = 0; path = "LBTA-13-app-store.app"; sourceTree = BUILT_PRODUCTS_DIR; };
		A37B72741F63FF9B008B92B8 /* AppDelegate.swift */ = {isa = PBXFileReference; lastKnownFileType = sourcecode.swift; path = AppDelegate.swift; sourceTree = "<group>"; };
		A37B72761F63FF9B008B92B8 /* FeaturedAppsController.swift */ = {isa = PBXFileReference; lastKnownFileType = sourcecode.swift; path = FeaturedAppsController.swift; sourceTree = "<group>"; };
		A37B727B1F63FF9B008B92B8 /* Assets.xcassets */ = {isa = PBXFileReference; lastKnownFileType = folder.assetcatalog; path = Assets.xcassets; sourceTree = "<group>"; };
		A37B727E1F63FF9B008B92B8 /* Base */ = {isa = PBXFileReference; lastKnownFileType = file.storyboard; name = Base; path = Base.lproj/LaunchScreen.storyboard; sourceTree = "<group>"; };
		A37B72801F63FF9B008B92B8 /* Info.plist */ = {isa = PBXFileReference; lastKnownFileType = text.plist.xml; path = Info.plist; sourceTree = "<group>"; };
		A37B72861F6417D1008B92B8 /* CategoryCell.swift */ = {isa = PBXFileReference; fileEncoding = 4; lastKnownFileType = sourcecode.swift; path = CategoryCell.swift; sourceTree = "<group>"; };
		A37B72881F641CA9008B92B8 /* AppCell.swift */ = {isa = PBXFileReference; fileEncoding = 4; lastKnownFileType = sourcecode.swift; path = AppCell.swift; sourceTree = "<group>"; };
		A37B728A1F64326B008B92B8 /* Models.swift */ = {isa = PBXFileReference; fileEncoding = 4; lastKnownFileType = sourcecode.swift; path = Models.swift; sourceTree = "<group>"; };
		A37B728C1F64544C008B92B8 /* LargeCategoryCell.swift */ = {isa = PBXFileReference; fileEncoding = 4; lastKnownFileType = sourcecode.swift; path = LargeCategoryCell.swift; sourceTree = "<group>"; };
		A37B728E1F64670B008B92B8 /* Header.swift */ = {isa = PBXFileReference; fileEncoding = 4; lastKnownFileType = sourcecode.swift; path = Header.swift; sourceTree = "<group>"; };
		A37B72901F647773008B92B8 /* AppDetailController.swift */ = {isa = PBXFileReference; fileEncoding = 4; lastKnownFileType = sourcecode.swift; path = AppDetailController.swift; sourceTree = "<group>"; };
		A37B72921F648898008B92B8 /* Extensions.swift */ = {isa = PBXFileReference; fileEncoding = 4; lastKnownFileType = sourcecode.swift; path = Extensions.swift; sourceTree = "<group>"; };
/* End PBXFileReference section */

/* Begin PBXFrameworksBuildPhase section */
		A37B726E1F63FF9B008B92B8 /* Frameworks */ = {
			isa = PBXFrameworksBuildPhase;
			buildActionMask = 2147483647;
			files = (
			);
			runOnlyForDeploymentPostprocessing = 0;
		};
/* End PBXFrameworksBuildPhase section */

/* Begin PBXGroup section */
		A37B72681F63FF9B008B92B8 = {
			isa = PBXGroup;
			children = (
				A37B72731F63FF9B008B92B8 /* LBTA-13-app-store */,
				A37B72721F63FF9B008B92B8 /* Products */,
			);
			sourceTree = "<group>";
		};
		A37B72721F63FF9B008B92B8 /* Products */ = {
			isa = PBXGroup;
			children = (
				A37B72711F63FF9B008B92B8 /* LBTA-13-app-store.app */,
			);
			name = Products;
			sourceTree = "<group>";
		};
		A37B72731F63FF9B008B92B8 /* LBTA-13-app-store */ = {
			isa = PBXGroup;
			children = (
				A37B72741F63FF9B008B92B8 /* AppDelegate.swift */,
				A37B72761F63FF9B008B92B8 /* FeaturedAppsController.swift */,
				A37B728A1F64326B008B92B8 /* Models.swift */,
				A37B72901F647773008B92B8 /* AppDetailController.swift */,
				A37B72861F6417D1008B92B8 /* CategoryCell.swift */,
				A37B728E1F64670B008B92B8 /* Header.swift */,
				A37B728C1F64544C008B92B8 /* LargeCategoryCell.swift */,
				A37B72881F641CA9008B92B8 /* AppCell.swift */,
				A37B72921F648898008B92B8 /* Extensions.swift */,
				A37B727B1F63FF9B008B92B8 /* Assets.xcassets */,
				A37B727D1F63FF9B008B92B8 /* LaunchScreen.storyboard */,
				A37B72801F63FF9B008B92B8 /* Info.plist */,
			);
			path = "LBTA-13-app-store";
			sourceTree = "<group>";
		};
/* End PBXGroup section */

/* Begin PBXNativeTarget section */
		A37B72701F63FF9B008B92B8 /* LBTA-13-app-store */ = {
			isa = PBXNativeTarget;
			buildConfigurationList = A37B72831F63FF9B008B92B8 /* Build configuration list for PBXNativeTarget "LBTA-13-app-store" */;
			buildPhases = (
				A37B726D1F63FF9B008B92B8 /* Sources */,
				A37B726E1F63FF9B008B92B8 /* Frameworks */,
				A37B726F1F63FF9B008B92B8 /* Resources */,
			);
			buildRules = (
			);
			dependencies = (
			);
			name = "LBTA-13-app-store";
			productName = "LBTA-13-app-store";
			productReference = A37B72711F63FF9B008B92B8 /* LBTA-13-app-store.app */;
			productType = "com.apple.product-type.application";
		};
/* End PBXNativeTarget section */

/* Begin PBXProject section */
		A37B72691F63FF9B008B92B8 /* Project object */ = {
			isa = PBXProject;
			attributes = {
				LastSwiftUpdateCheck = 0830;
				LastUpgradeCheck = 0830;
				ORGANIZATIONNAME = "Alexander Baran";
				TargetAttributes = {
					A37B72701F63FF9B008B92B8 = {
						CreatedOnToolsVersion = 8.3.3;
						DevelopmentTeam = ZQ32RSDG42;
						ProvisioningStyle = Automatic;
					};
				};
			};
			buildConfigurationList = A37B726C1F63FF9B008B92B8 /* Build configuration list for PBXProject "LBTA-13-app-store" */;
			compatibilityVersion = "Xcode 3.2";
			developmentRegion = English;
			hasScannedForEncodings = 0;
			knownRegions = (
				en,
				Base,
			);
			mainGroup = A37B72681F63FF9B008B92B8;
			productRefGroup = A37B72721F63FF9B008B92B8 /* Products */;
			projectDirPath = "";
			projectRoot = "";
			targets = (
				A37B72701F63FF9B008B92B8 /* LBTA-13-app-store */,
			);
		};
/* End PBXProject section */

/* Begin PBXResourcesBuildPhase section */
		A37B726F1F63FF9B008B92B8 /* Resources */ = {
			isa = PBXResourcesBuildPhase;
			buildActionMask = 2147483647;
			files = (
				A37B727F1F63FF9B008B92B8 /* LaunchScreen.storyboard in Resources */,
				A37B727C1F63FF9B008B92B8 /* Assets.xcassets in Resources */,
			);
			runOnlyForDeploymentPostprocessing = 0;
		};
/* End PBXResourcesBuildPhase section */

/* Begin PBXSourcesBuildPhase section */
		A37B726D1F63FF9B008B92B8 /* Sources */ = {
			isa = PBXSourcesBuildPhase;
			buildActionMask = 2147483647;
			files = (
				A37B72771F63FF9B008B92B8 /* FeaturedAppsController.swift in Sources */,
				A37B72931F648898008B92B8 /* Extensions.swift in Sources */,
				A37B72891F641CA9008B92B8 /* AppCell.swift in Sources */,
				A37B72751F63FF9B008B92B8 /* AppDelegate.swift in Sources */,
				A37B728F1F64670B008B92B8 /* Header.swift in Sources */,
				A37B72911F647773008B92B8 /* AppDetailController.swift in Sources */,
				A37B72871F6417D1008B92B8 /* CategoryCell.swift in Sources */,
				A37B728B1F64326B008B92B8 /* Models.swift in Sources */,
				A37B728D1F64544C008B92B8 /* LargeCategoryCell.swift in Sources */,
			);
			runOnlyForDeploymentPostprocessing = 0;
		};
/* End PBXSourcesBuildPhase section */

/* Begin PBXVariantGroup section */
		A37B727D1F63FF9B008B92B8 /* LaunchScreen.storyboard */ = {
			isa = PBXVariantGroup;
			children = (
				A37B727E1F63FF9B008B92B8 /* Base */,
			);
			name = LaunchScreen.storyboard;
			sourceTree = "<group>";
		};
/* End PBXVariantGroup section */

/* Begin XCBuildConfiguration section */
		A37B72811F63FF9B008B92B8 /* Debug */ = {
			isa = XCBuildConfiguration;
			buildSettings = {
				ALWAYS_SEARCH_USER_PATHS = NO;
				CLANG_ANALYZER_NONNULL = YES;
				CLANG_ANALYZER_NUMBER_OBJECT_CONVERSION = YES_AGGRESSIVE;
				CLANG_CXX_LANGUAGE_STANDARD = "gnu++0x";
				CLANG_CXX_LIBRARY = "libc++";
				CLANG_ENABLE_MODULES = YES;
				CLANG_ENABLE_OBJC_ARC = YES;
				CLANG_WARN_BOOL_CONVERSION = YES;
				CLANG_WARN_CONSTANT_CONVERSION = YES;
				CLANG_WARN_DIRECT_OBJC_ISA_USAGE = YES_ERROR;
				CLANG_WARN_DOCUMENTATION_COMMENTS = YES;
				CLANG_WARN_EMPTY_BODY = YES;
				CLANG_WARN_ENUM_CONVERSION = YES;
				CLANG_WARN_INFINITE_RECURSION = YES;
				CLANG_WARN_INT_CONVERSION = YES;
				CLANG_WARN_OBJC_ROOT_CLASS = YES_ERROR;
				CLANG_WARN_SUSPICIOUS_MOVE = YES;
				CLANG_WARN_UNREACHABLE_CODE = YES;
				CLANG_WARN__DUPLICATE_METHOD_MATCH = YES;
				"CODE_SIGN_IDENTITY[sdk=iphoneos*]" = "iPhone Developer";
				COPY_PHASE_STRIP = NO;
				DEBUG_INFORMATION_FORMAT = dwarf;
				ENABLE_STRICT_OBJC_MSGSEND = YES;
				ENABLE_TESTABILITY = YES;
				GCC_C_LANGUAGE_STANDARD = gnu99;
				GCC_DYNAMIC_NO_PIC = NO;
				GCC_NO_COMMON_BLOCKS = YES;
				GCC_OPTIMIZATION_LEVEL = 0;
				GCC_PREPROCESSOR_DEFINITIONS = (
					"DEBUG=1",
					"$(inherited)",
				);
				GCC_WARN_64_TO_32_BIT_CONVERSION = YES;
				GCC_WARN_ABOUT_RETURN_TYPE = YES_ERROR;
				GCC_WARN_UNDECLARED_SELECTOR = YES;
				GCC_WARN_UNINITIALIZED_AUTOS = YES_AGGRESSIVE;
				GCC_WARN_UNUSED_FUNCTION = YES;
				GCC_WARN_UNUSED_VARIABLE = YES;
				IPHONEOS_DEPLOYMENT_TARGET = 10.3;
				MTL_ENABLE_DEBUG_INFO = YES;
				ONLY_ACTIVE_ARCH = YES;
				SDKROOT = iphoneos;
				SWIFT_ACTIVE_COMPILATION_CONDITIONS = DEBUG;
				SWIFT_OPTIMIZATION_LEVEL = "-Onone";
				TARGETED_DEVICE_FAMILY = "1,2";
			};
			name = Debug;
		};
		A37B72821F63FF9B008B92B8 /* Release */ = {
			isa = XCBuildConfiguration;
			buildSettings = {
				ALWAYS_SEARCH_USER_PATHS = NO;
				CLANG_ANALYZER_NONNULL = YES;
				CLANG_ANALYZER_NUMBER_OBJECT_CONVERSION = YES_AGGRESSIVE;
				CLANG_CXX_LANGUAGE_STANDARD = "gnu++0x";
				CLANG_CXX_LIBRARY = "libc++";
				CLANG_ENABLE_MODULES = YES;
				CLANG_ENABLE_OBJC_ARC = YES;
				CLANG_WARN_BOOL_CONVERSION = YES;
				CLANG_WARN_CONSTANT_CONVERSION = YES;
				CLANG_WARN_DIRECT_OBJC_ISA_USAGE = YES_ERROR;
				CLANG_WARN_DOCUMENTATION_COMMENTS = YES;
				CLANG_WARN_EMPTY_BODY = YES;
				CLANG_WARN_ENUM_CONVERSION = YES;
				CLANG_WARN_INFINITE_RECURSION = YES;
				CLANG_WARN_INT_CONVERSION = YES;
				CLANG_WARN_OBJC_ROOT_CLASS = YES_ERROR;
				CLANG_WARN_SUSPICIOUS_MOVE = YES;
				CLANG_WARN_UNREACHABLE_CODE = YES;
				CLANG_WARN__DUPLICATE_METHOD_MATCH = YES;
				"CODE_SIGN_IDENTITY[sdk=iphoneos*]" = "iPhone Developer";
				COPY_PHASE_STRIP = NO;
				DEBUG_INFORMATION_FORMAT = "dwarf-with-dsym";
				ENABLE_NS_ASSERTIONS = NO;
				ENABLE_STRICT_OBJC_MSGSEND = YES;
				GCC_C_LANGUAGE_STANDARD = gnu99;
				GCC_NO_COMMON_BLOCKS = YES;
				GCC_WARN_64_TO_32_BIT_CONVERSION = YES;
				GCC_WARN_ABOUT_RETURN_TYPE = YES_ERROR;
				GCC_WARN_UNDECLARED_SELECTOR = YES;
				GCC_WARN_UNINITIALIZED_AUTOS = YES_AGGRESSIVE;
				GCC_WARN_UNUSED_FUNCTION = YES;
				GCC_WARN_UNUSED_VARIABLE = YES;
				IPHONEOS_DEPLOYMENT_TARGET = 10.3;
				MTL_ENABLE_DEBUG_INFO = NO;
				SDKROOT = iphoneos;
				SWIFT_OPTIMIZATION_LEVEL = "-Owholemodule";
				TARGETED_DEVICE_FAMILY = "1,2";
				VALIDATE_PRODUCT = YES;
			};
			name = Release;
		};
		A37B72841F63FF9B008B92B8 /* Debug */ = {
			isa = XCBuildConfiguration;
			buildSettings = {
				ASSETCATALOG_COMPILER_APPICON_NAME = AppIcon;
				DEVELOPMENT_TEAM = ZQ32RSDG42;
				INFOPLIST_FILE = "LBTA-13-app-store/Info.plist";
				LD_RUNPATH_SEARCH_PATHS = "$(inherited) @executable_path/Frameworks";
				PRODUCT_BUNDLE_IDENTIFIER = "com.alexanderbaran.LBTA-13-app-store";
				PRODUCT_NAME = "$(TARGET_NAME)";
				SWIFT_VERSION = 3.0;
			};
			name = Debug;
		};
		A37B72851F63FF9B008B92B8 /* Release */ = {
			isa = XCBuildConfiguration;
			buildSettings = {
				ASSETCATALOG_COMPILER_APPICON_NAME = AppIcon;
				DEVELOPMENT_TEAM = ZQ32RSDG42;
				INFOPLIST_FILE = "LBTA-13-app-store/Info.plist";
				LD_RUNPATH_SEARCH_PATHS = "$(inherited) @executable_path/Frameworks";
				PRODUCT_BUNDLE_IDENTIFIER = "com.alexanderbaran.LBTA-13-app-store";
				PRODUCT_NAME = "$(TARGET_NAME)";
				SWIFT_VERSION = 3.0;
			};
			name = Release;
		};
/* End XCBuildConfiguration section */

/* Begin XCConfigurationList section */
		A37B726C1F63FF9B008B92B8 /* Build configuration list for PBXProject "LBTA-13-app-store" */ = {
			isa = XCConfigurationList;
			buildConfigurations = (
				A37B72811F63FF9B008B92B8 /* Debug */,
				A37B72821F63FF9B008B92B8 /* Release */,
			);
			defaultConfigurationIsVisible = 0;
			defaultConfigurationName = Release;
		};
		A37B72831F63FF9B008B92B8 /* Build configuration list for PBXNativeTarget "LBTA-13-app-store" */ = {
			isa = XCConfigurationList;
			buildConfigurations = (
				A37B72841F63FF9B008B92B8 /* Debug */,
				A37B72851F63FF9B008B92B8 /* Release */,
			);
			defaultConfigurationIsVisible = 0;
			defaultConfigurationName = Release;
		};
/* End XCConfigurationList section */
	};
	rootObject = A37B72691F63FF9B008B92B8 /* Project object */;
}
