// !$*UTF8*$!
{
	archiveVersion = 1;
	classes = {
	};
	objectVersion = 46;
	objects = {

/* Begin PBXBuildFile section */
		A37B72C51F65557B008B92B8 /* AppDelegate.swift in Sources */ = {isa = PBXBuildFile; fileRef = A37B72C41F65557B008B92B8 /* AppDelegate.swift */; };
		A37B72C71F65557B008B92B8 /* FriendsController.swift in Sources */ = {isa = PBXBuildFile; fileRef = A37B72C61F65557B008B92B8 /* FriendsController.swift */; };
		A37B72CD1F65557B008B92B8 /* LBTA_14_facebook_messenger.xcdatamodeld in Sources */ = {isa = PBXBuildFile; fileRef = A37B72CB1F65557B008B92B8 /* LBTA_14_facebook_messenger.xcdatamodeld */; };
		A37B72CF1F65557B008B92B8 /* Assets.xcassets in Resources */ = {isa = PBXBuildFile; fileRef = A37B72CE1F65557B008B92B8 /* Assets.xcassets */; };
		A37B72D21F65557B008B92B8 /* LaunchScreen.storyboard in Resources */ = {isa = PBXBuildFile; fileRef = A37B72D01F65557B008B92B8 /* LaunchScreen.storyboard */; };
		A37B72DA1F65558A008B92B8 /* Extensions.swift in Sources */ = {isa = PBXBuildFile; fileRef = A37B72D91F65558A008B92B8 /* Extensions.swift */; };
		A37B72DC1F6556DE008B92B8 /* BaseCell.swift in Sources */ = {isa = PBXBuildFile; fileRef = A37B72DB1F6556DE008B92B8 /* BaseCell.swift */; };
		A37B72DE1F65574B008B92B8 /* MessageCell.swift in Sources */ = {isa = PBXBuildFile; fileRef = A37B72DD1F65574B008B92B8 /* MessageCell.swift */; };
		A37B72E41F656504008B92B8 /* FriendsControllerHelper.swift in Sources */ = {isa = PBXBuildFile; fileRef = A37B72E31F656504008B92B8 /* FriendsControllerHelper.swift */; };
		A37B73061F658BDD008B92B8 /* ChatLogController.swift in Sources */ = {isa = PBXBuildFile; fileRef = A37B73051F658BDD008B92B8 /* ChatLogController.swift */; };
		A37B73081F658DDE008B92B8 /* ChatLogMessageCell.swift in Sources */ = {isa = PBXBuildFile; fileRef = A37B73071F658DDE008B92B8 /* ChatLogMessageCell.swift */; };
		A37B730A1F659350008B92B8 /* CustomTabBarController.swift in Sources */ = {isa = PBXBuildFile; fileRef = A37B73091F659350008B92B8 /* CustomTabBarController.swift */; };
		A37B73171F65AA62008B92B8 /* Friend.swift in Sources */ = {isa = PBXBuildFile; fileRef = A37B73131F65AA62008B92B8 /* Friend.swift */; };
		A37B73181F65AA62008B92B8 /* Friend+CoreDataProperties.swift in Sources */ = {isa = PBXBuildFile; fileRef = A37B73141F65AA62008B92B8 /* Friend+CoreDataProperties.swift */; };
		A37B73191F65AA62008B92B8 /* Message.swift in Sources */ = {isa = PBXBuildFile; fileRef = A37B73151F65AA62008B92B8 /* Message.swift */; };
		A37B731A1F65AA62008B92B8 /* Message+CoreDataProperties.swift in Sources */ = {isa = PBXBuildFile; fileRef = A37B73161F65AA62008B92B8 /* Message+CoreDataProperties.swift */; };
/* End PBXBuildFile section */

/* Begin PBXFileReference section */
		A37B72C11F65557B008B92B8 /* LBTA-14-facebook-messenger.app */ = {isa = PBXFileReference; explicitFileType = wrapper.application; includeInIndex = 0; path = "LBTA-14-facebook-messenger.app"; sourceTree = BUILT_PRODUCTS_DIR; };
		A37B72C41F65557B008B92B8 /* AppDelegate.swift */ = {isa = PBXFileReference; lastKnownFileType = sourcecode.swift; path = AppDelegate.swift; sourceTree = "<group>"; };
		A37B72C61F65557B008B92B8 /* FriendsController.swift */ = {isa = PBXFileReference; lastKnownFileType = sourcecode.swift; path = FriendsController.swift; sourceTree = "<group>"; };
		A37B72CC1F65557B008B92B8 /* LBTA_14_facebook_messenger.xcdatamodel */ = {isa = PBXFileReference; lastKnownFileType = wrapper.xcdatamodel; path = LBTA_14_facebook_messenger.xcdatamodel; sourceTree = "<group>"; };
		A37B72CE1F65557B008B92B8 /* Assets.xcassets */ = {isa = PBXFileReference; lastKnownFileType = folder.assetcatalog; path = Assets.xcassets; sourceTree = "<group>"; };
		A37B72D11F65557B008B92B8 /* Base */ = {isa = PBXFileReference; lastKnownFileType = file.storyboard; name = Base; path = Base.lproj/LaunchScreen.storyboard; sourceTree = "<group>"; };
		A37B72D31F65557B008B92B8 /* Info.plist */ = {isa = PBXFileReference; lastKnownFileType = text.plist.xml; path = Info.plist; sourceTree = "<group>"; };
		A37B72D91F65558A008B92B8 /* Extensions.swift */ = {isa = PBXFileReference; fileEncoding = 4; lastKnownFileType = sourcecode.swift; path = Extensions.swift; sourceTree = "<group>"; };
		A37B72DB1F6556DE008B92B8 /* BaseCell.swift */ = {isa = PBXFileReference; fileEncoding = 4; lastKnownFileType = sourcecode.swift; path = BaseCell.swift; sourceTree = "<group>"; };
		A37B72DD1F65574B008B92B8 /* MessageCell.swift */ = {isa = PBXFileReference; fileEncoding = 4; lastKnownFileType = sourcecode.swift; path = MessageCell.swift; sourceTree = "<group>"; };
		A37B72E31F656504008B92B8 /* FriendsControllerHelper.swift */ = {isa = PBXFileReference; fileEncoding = 4; lastKnownFileType = sourcecode.swift; path = FriendsControllerHelper.swift; sourceTree = "<group>"; };
		A37B73051F658BDD008B92B8 /* ChatLogController.swift */ = {isa = PBXFileReference; fileEncoding = 4; lastKnownFileType = sourcecode.swift; path = ChatLogController.swift; sourceTree = "<group>"; };
		A37B73071F658DDE008B92B8 /* ChatLogMessageCell.swift */ = {isa = PBXFileReference; fileEncoding = 4; lastKnownFileType = sourcecode.swift; path = ChatLogMessageCell.swift; sourceTree = "<group>"; };
		A37B73091F659350008B92B8 /* CustomTabBarController.swift */ = {isa = PBXFileReference; fileEncoding = 4; lastKnownFileType = sourcecode.swift; path = CustomTabBarController.swift; sourceTree = "<group>"; };
		A37B73131F65AA62008B92B8 /* Friend.swift */ = {isa = PBXFileReference; fileEncoding = 4; lastKnownFileType = sourcecode.swift; path = Friend.swift; sourceTree = "<group>"; };
		A37B73141F65AA62008B92B8 /* Friend+CoreDataProperties.swift */ = {isa = PBXFileReference; fileEncoding = 4; lastKnownFileType = sourcecode.swift; path = "Friend+CoreDataProperties.swift"; sourceTree = "<group>"; };
		A37B73151F65AA62008B92B8 /* Message.swift */ = {isa = PBXFileReference; fileEncoding = 4; lastKnownFileType = sourcecode.swift; path = Message.swift; sourceTree = "<group>"; };
		A37B73161F65AA62008B92B8 /* Message+CoreDataProperties.swift */ = {isa = PBXFileReference; fileEncoding = 4; lastKnownFileType = sourcecode.swift; path = "Message+CoreDataProperties.swift"; sourceTree = "<group>"; };
/* End PBXFileReference section */

/* Begin PBXFrameworksBuildPhase section */
		A37B72BE1F65557B008B92B8 /* Frameworks */ = {
			isa = PBXFrameworksBuildPhase;
			buildActionMask = 2147483647;
			files = (
			);
			runOnlyForDeploymentPostprocessing = 0;
		};
/* End PBXFrameworksBuildPhase section */

/* Begin PBXGroup section */
		A37B72B81F65557B008B92B8 = {
			isa = PBXGroup;
			children = (
				A37B72C31F65557B008B92B8 /* LBTA-14-facebook-messenger */,
				A37B72C21F65557B008B92B8 /* Products */,
			);
			sourceTree = "<group>";
		};
		A37B72C21F65557B008B92B8 /* Products */ = {
			isa = PBXGroup;
			children = (
				A37B72C11F65557B008B92B8 /* LBTA-14-facebook-messenger.app */,
			);
			name = Products;
			sourceTree = "<group>";
		};
		A37B72C31F65557B008B92B8 /* LBTA-14-facebook-messenger */ = {
			isa = PBXGroup;
			children = (
				A37B72C41F65557B008B92B8 /* AppDelegate.swift */,
				A37B72C61F65557B008B92B8 /* FriendsController.swift */,
				A37B72E31F656504008B92B8 /* FriendsControllerHelper.swift */,
				A37B72DD1F65574B008B92B8 /* MessageCell.swift */,
				A37B72DB1F6556DE008B92B8 /* BaseCell.swift */,
				A37B72D91F65558A008B92B8 /* Extensions.swift */,
				A37B73161F65AA62008B92B8 /* Message+CoreDataProperties.swift */,
				A37B73151F65AA62008B92B8 /* Message.swift */,
				A37B73141F65AA62008B92B8 /* Friend+CoreDataProperties.swift */,
				A37B73131F65AA62008B92B8 /* Friend.swift */,
				A37B73051F658BDD008B92B8 /* ChatLogController.swift */,
				A37B73071F658DDE008B92B8 /* ChatLogMessageCell.swift */,
				A37B73091F659350008B92B8 /* CustomTabBarController.swift */,
				A37B72CE1F65557B008B92B8 /* Assets.xcassets */,
				A37B72D01F65557B008B92B8 /* LaunchScreen.storyboard */,
				A37B72D31F65557B008B92B8 /* Info.plist */,
				A37B72CB1F65557B008B92B8 /* LBTA_14_facebook_messenger.xcdatamodeld */,
			);
			path = "LBTA-14-facebook-messenger";
			sourceTree = "<group>";
		};
/* End PBXGroup section */

/* Begin PBXNativeTarget section */
		A37B72C01F65557B008B92B8 /* LBTA-14-facebook-messenger */ = {
			isa = PBXNativeTarget;
			buildConfigurationList = A37B72D61F65557B008B92B8 /* Build configuration list for PBXNativeTarget "LBTA-14-facebook-messenger" */;
			buildPhases = (
				A37B72BD1F65557B008B92B8 /* Sources */,
				A37B72BE1F65557B008B92B8 /* Frameworks */,
				A37B72BF1F65557B008B92B8 /* Resources */,
			);
			buildRules = (
			);
			dependencies = (
			);
			name = "LBTA-14-facebook-messenger";
			productName = "LBTA-14-facebook-messenger";
			productReference = A37B72C11F65557B008B92B8 /* LBTA-14-facebook-messenger.app */;
			productType = "com.apple.product-type.application";
		};
/* End PBXNativeTarget section */

/* Begin PBXProject section */
		A37B72B91F65557B008B92B8 /* Project object */ = {
			isa = PBXProject;
			attributes = {
				LastSwiftUpdateCheck = 0830;
				LastUpgradeCheck = 0830;
				ORGANIZATIONNAME = "Alexander Baran";
				TargetAttributes = {
					A37B72C01F65557B008B92B8 = {
						CreatedOnToolsVersion = 8.3.3;
						DevelopmentTeam = ZQ32RSDG42;
						ProvisioningStyle = Automatic;
					};
				};
			};
			buildConfigurationList = A37B72BC1F65557B008B92B8 /* Build configuration list for PBXProject "LBTA-14-facebook-messenger" */;
			compatibilityVersion = "Xcode 3.2";
			developmentRegion = English;
			hasScannedForEncodings = 0;
			knownRegions = (
				en,
				Base,
			);
			mainGroup = A37B72B81F65557B008B92B8;
			productRefGroup = A37B72C21F65557B008B92B8 /* Products */;
			projectDirPath = "";
			projectRoot = "";
			targets = (
				A37B72C01F65557B008B92B8 /* LBTA-14-facebook-messenger */,
			);
		};
/* End PBXProject section */

/* Begin PBXResourcesBuildPhase section */
		A37B72BF1F65557B008B92B8 /* Resources */ = {
			isa = PBXResourcesBuildPhase;
			buildActionMask = 2147483647;
			files = (
				A37B72D21F65557B008B92B8 /* LaunchScreen.storyboard in Resources */,
				A37B72CF1F65557B008B92B8 /* Assets.xcassets in Resources */,
			);
			runOnlyForDeploymentPostprocessing = 0;
		};
/* End PBXResourcesBuildPhase section */

/* Begin PBXSourcesBuildPhase section */
		A37B72BD1F65557B008B92B8 /* Sources */ = {
			isa = PBXSourcesBuildPhase;
			buildActionMask = 2147483647;
			files = (
				A37B73061F658BDD008B92B8 /* ChatLogController.swift in Sources */,
				A37B72C71F65557B008B92B8 /* FriendsController.swift in Sources */,
				A37B72DE1F65574B008B92B8 /* MessageCell.swift in Sources */,
				A37B73171F65AA62008B92B8 /* Friend.swift in Sources */,
				A37B731A1F65AA62008B92B8 /* Message+CoreDataProperties.swift in Sources */,
				A37B72CD1F65557B008B92B8 /* LBTA_14_facebook_messenger.xcdatamodeld in Sources */,
				A37B73181F65AA62008B92B8 /* Friend+CoreDataProperties.swift in Sources */,
				A37B72C51F65557B008B92B8 /* AppDelegate.swift in Sources */,
				A37B72DC1F6556DE008B92B8 /* BaseCell.swift in Sources */,
				A37B73191F65AA62008B92B8 /* Message.swift in Sources */,
				A37B730A1F659350008B92B8 /* CustomTabBarController.swift in Sources */,
				A37B73081F658DDE008B92B8 /* ChatLogMessageCell.swift in Sources */,
				A37B72E41F656504008B92B8 /* FriendsControllerHelper.swift in Sources */,
				A37B72DA1F65558A008B92B8 /* Extensions.swift in Sources */,
			);
			runOnlyForDeploymentPostprocessing = 0;
		};
/* End PBXSourcesBuildPhase section */

/* Begin PBXVariantGroup section */
		A37B72D01F65557B008B92B8 /* LaunchScreen.storyboard */ = {
			isa = PBXVariantGroup;
			children = (
				A37B72D11F65557B008B92B8 /* Base */,
			);
			name = LaunchScreen.storyboard;
			sourceTree = "<group>";
		};
/* End PBXVariantGroup section */

/* Begin XCBuildConfiguration section */
		A37B72D41F65557B008B92B8 /* Debug */ = {
			isa = XCBuildConfiguration;
			buildSettings = {
				ALWAYS_SEARCH_USER_PATHS = NO;
				CLANG_ANALYZER_NONNULL = YES;
				CLANG_ANALYZER_NUMBER_OBJECT_CONVERSION = YES_AGGRESSIVE;
				CLANG_CXX_LANGUAGE_STANDARD = "gnu++0x";
				CLANG_CXX_LIBRARY = "libc++";
				CLANG_ENABLE_MODULES = YES;
				CLANG_ENABLE_OBJC_ARC = YES;
				CLANG_WARN_BOOL_CONVERSION = YES;
				CLANG_WARN_CONSTANT_CONVERSION = YES;
				CLANG_WARN_DIRECT_OBJC_ISA_USAGE = YES_ERROR;
				CLANG_WARN_DOCUMENTATION_COMMENTS = YES;
				CLANG_WARN_EMPTY_BODY = YES;
				CLANG_WARN_ENUM_CONVERSION = YES;
				CLANG_WARN_INFINITE_RECURSION = YES;
				CLANG_WARN_INT_CONVERSION = YES;
				CLANG_WARN_OBJC_ROOT_CLASS = YES_ERROR;
				CLANG_WARN_SUSPICIOUS_MOVE = YES;
				CLANG_WARN_UNREACHABLE_CODE = YES;
				CLANG_WARN__DUPLICATE_METHOD_MATCH = YES;
				"CODE_SIGN_IDENTITY[sdk=iphoneos*]" = "iPhone Developer";
				COPY_PHASE_STRIP = NO;
				DEBUG_INFORMATION_FORMAT = dwarf;
				ENABLE_STRICT_OBJC_MSGSEND = YES;
				ENABLE_TESTABILITY = YES;
				GCC_C_LANGUAGE_STANDARD = gnu99;
				GCC_DYNAMIC_NO_PIC = NO;
				GCC_NO_COMMON_BLOCKS = YES;
				GCC_OPTIMIZATION_LEVEL = 0;
				GCC_PREPROCESSOR_DEFINITIONS = (
					"DEBUG=1",
					"$(inherited)",
				);
				GCC_WARN_64_TO_32_BIT_CONVERSION = YES;
				GCC_WARN_ABOUT_RETURN_TYPE = YES_ERROR;
				GCC_WARN_UNDECLARED_SELECTOR = YES;
				GCC_WARN_UNINITIALIZED_AUTOS = YES_AGGRESSIVE;
				GCC_WARN_UNUSED_FUNCTION = YES;
				GCC_WARN_UNUSED_VARIABLE = YES;
				IPHONEOS_DEPLOYMENT_TARGET = 10.3;
				MTL_ENABLE_DEBUG_INFO = YES;
				ONLY_ACTIVE_ARCH = YES;
				SDKROOT = iphoneos;
				SWIFT_ACTIVE_COMPILATION_CONDITIONS = DEBUG;
				SWIFT_OPTIMIZATION_LEVEL = "-Onone";
				TARGETED_DEVICE_FAMILY = "1,2";
			};
			name = Debug;
		};
		A37B72D51F65557B008B92B8 /* Release */ = {
			isa = XCBuildConfiguration;
			buildSettings = {
				ALWAYS_SEARCH_USER_PATHS = NO;
				CLANG_ANALYZER_NONNULL = YES;
				CLANG_ANALYZER_NUMBER_OBJECT_CONVERSION = YES_AGGRESSIVE;
				CLANG_CXX_LANGUAGE_STANDARD = "gnu++0x";
				CLANG_CXX_LIBRARY = "libc++";
				CLANG_ENABLE_MODULES = YES;
				CLANG_ENABLE_OBJC_ARC = YES;
				CLANG_WARN_BOOL_CONVERSION = YES;
				CLANG_WARN_CONSTANT_CONVERSION = YES;
				CLANG_WARN_DIRECT_OBJC_ISA_USAGE = YES_ERROR;
				CLANG_WARN_DOCUMENTATION_COMMENTS = YES;
				CLANG_WARN_EMPTY_BODY = YES;
				CLANG_WARN_ENUM_CONVERSION = YES;
				CLANG_WARN_INFINITE_RECURSION = YES;
				CLANG_WARN_INT_CONVERSION = YES;
				CLANG_WARN_OBJC_ROOT_CLASS = YES_ERROR;
				CLANG_WARN_SUSPICIOUS_MOVE = YES;
				CLANG_WARN_UNREACHABLE_CODE = YES;
				CLANG_WARN__DUPLICATE_METHOD_MATCH = YES;
				"CODE_SIGN_IDENTITY[sdk=iphoneos*]" = "iPhone Developer";
				COPY_PHASE_STRIP = NO;
				DEBUG_INFORMATION_FORMAT = "dwarf-with-dsym";
				ENABLE_NS_ASSERTIONS = NO;
				ENABLE_STRICT_OBJC_MSGSEND = YES;
				GCC_C_LANGUAGE_STANDARD = gnu99;
				GCC_NO_COMMON_BLOCKS = YES;
				GCC_WARN_64_TO_32_BIT_CONVERSION = YES;
				GCC_WARN_ABOUT_RETURN_TYPE = YES_ERROR;
				GCC_WARN_UNDECLARED_SELECTOR = YES;
				GCC_WARN_UNINITIALIZED_AUTOS = YES_AGGRESSIVE;
				GCC_WARN_UNUSED_FUNCTION = YES;
				GCC_WARN_UNUSED_VARIABLE = YES;
				IPHONEOS_DEPLOYMENT_TARGET = 10.3;
				MTL_ENABLE_DEBUG_INFO = NO;
				SDKROOT = iphoneos;
				SWIFT_OPTIMIZATION_LEVEL = "-Owholemodule";
				TARGETED_DEVICE_FAMILY = "1,2";
				VALIDATE_PRODUCT = YES;
			};
			name = Release;
		};
		A37B72D71F65557B008B92B8 /* Debug */ = {
			isa = XCBuildConfiguration;
			buildSettings = {
				ASSETCATALOG_COMPILER_APPICON_NAME = AppIcon;
				DEVELOPMENT_TEAM = ZQ32RSDG42;
				INFOPLIST_FILE = "LBTA-14-facebook-messenger/Info.plist";
				LD_RUNPATH_SEARCH_PATHS = "$(inherited) @executable_path/Frameworks";
				PRODUCT_BUNDLE_IDENTIFIER = "com.alexanderbaran.LBTA-14-facebook-messenger";
				PRODUCT_NAME = "$(TARGET_NAME)";
				SWIFT_VERSION = 3.0;
			};
			name = Debug;
		};
		A37B72D81F65557B008B92B8 /* Release */ = {
			isa = XCBuildConfiguration;
			buildSettings = {
				ASSETCATALOG_COMPILER_APPICON_NAME = AppIcon;
				DEVELOPMENT_TEAM = ZQ32RSDG42;
				INFOPLIST_FILE = "LBTA-14-facebook-messenger/Info.plist";
				LD_RUNPATH_SEARCH_PATHS = "$(inherited) @executable_path/Frameworks";
				PRODUCT_BUNDLE_IDENTIFIER = "com.alexanderbaran.LBTA-14-facebook-messenger";
				PRODUCT_NAME = "$(TARGET_NAME)";
				SWIFT_VERSION = 3.0;
			};
			name = Release;
		};
/* End XCBuildConfiguration section */

/* Begin XCConfigurationList section */
		A37B72BC1F65557B008B92B8 /* Build configuration list for PBXProject "LBTA-14-facebook-messenger" */ = {
			isa = XCConfigurationList;
			buildConfigurations = (
				A37B72D41F65557B008B92B8 /* Debug */,
				A37B72D51F65557B008B92B8 /* Release */,
			);
			defaultConfigurationIsVisible = 0;
			defaultConfigurationName = Release;
		};
		A37B72D61F65557B008B92B8 /* Build configuration list for PBXNativeTarget "LBTA-14-facebook-messenger" */ = {
			isa = XCConfigurationList;
			buildConfigurations = (
				A37B72D71F65557B008B92B8 /* Debug */,
				A37B72D81F65557B008B92B8 /* Release */,
			);
			defaultConfigurationIsVisible = 0;
			defaultConfigurationName = Release;
		};
/* End XCConfigurationList section */

/* Begin XCVersionGroup section */
		A37B72CB1F65557B008B92B8 /* LBTA_14_facebook_messenger.xcdatamodeld */ = {
			isa = XCVersionGroup;
			children = (
				A37B72CC1F65557B008B92B8 /* LBTA_14_facebook_messenger.xcdatamodel */,
			);
			currentVersion = A37B72CC1F65557B008B92B8 /* LBTA_14_facebook_messenger.xcdatamodel */;
			path = LBTA_14_facebook_messenger.xcdatamodeld;
			sourceTree = "<group>";
			versionGroupType = wrapper.xcdatamodel;
		};
/* End XCVersionGroup section */
	};
	rootObject = A37B72B91F65557B008B92B8 /* Project object */;
}
