// !$*UTF8*$!
{
	archiveVersion = 1;
	classes = {
	};
	objectVersion = 46;
	objects = {

/* Begin PBXBuildFile section */
		A37B72121F63E4EB008B92B8 /* AppDelegate.swift in Sources */ = {isa = PBXBuildFile; fileRef = A37B72111F63E4EB008B92B8 /* AppDelegate.swift */; };
		A37B72141F63E4EB008B92B8 /* ViewController.swift in Sources */ = {isa = PBXBuildFile; fileRef = A37B72131F63E4EB008B92B8 /* ViewController.swift */; };
		A37B72171F63E4EB008B92B8 /* Main.storyboard in Resources */ = {isa = PBXBuildFile; fileRef = A37B72151F63E4EB008B92B8 /* Main.storyboard */; };
		A37B72191F63E4EB008B92B8 /* Assets.xcassets in Resources */ = {isa = PBXBuildFile; fileRef = A37B72181F63E4EB008B92B8 /* Assets.xcassets */; };
		A37B721C1F63E4EB008B92B8 /* LaunchScreen.storyboard in Resources */ = {isa = PBXBuildFile; fileRef = A37B721A1F63E4EB008B92B8 /* LaunchScreen.storyboard */; };
		A37B72261F63E559008B92B8 /* GoogleMapsBase.framework in Frameworks */ = {isa = PBXBuildFile; fileRef = A37B72231F63E559008B92B8 /* GoogleMapsBase.framework */; };
		A37B72271F63E559008B92B8 /* GoogleMaps.framework in Frameworks */ = {isa = PBXBuildFile; fileRef = A37B72241F63E559008B92B8 /* GoogleMaps.framework */; };
		A37B72281F63E559008B92B8 /* GoogleMapsCore.framework in Frameworks */ = {isa = PBXBuildFile; fileRef = A37B72251F63E559008B92B8 /* GoogleMapsCore.framework */; };
		A37B722A1F63E5E5008B92B8 /* GoogleMaps.bundle in Resources */ = {isa = PBXBuildFile; fileRef = A37B72291F63E5E5008B92B8 /* GoogleMaps.bundle */; };
		A37B722D1F63E632008B92B8 /* Accelerate.framework in Frameworks */ = {isa = PBXBuildFile; fileRef = A37B722C1F63E632008B92B8 /* Accelerate.framework */; };
		A37B722F1F63E644008B92B8 /* CoreData.framework in Frameworks */ = {isa = PBXBuildFile; fileRef = A37B722E1F63E644008B92B8 /* CoreData.framework */; };
		A37B72311F63E64D008B92B8 /* CoreGraphics.framework in Frameworks */ = {isa = PBXBuildFile; fileRef = A37B72301F63E64D008B92B8 /* CoreGraphics.framework */; };
		A37B72331F63E655008B92B8 /* CoreLocation.framework in Frameworks */ = {isa = PBXBuildFile; fileRef = A37B72321F63E655008B92B8 /* CoreLocation.framework */; };
		A37B72351F63E662008B92B8 /* CoreTelephony.framework in Frameworks */ = {isa = PBXBuildFile; fileRef = A37B72341F63E662008B92B8 /* CoreTelephony.framework */; };
		A37B72371F63E66C008B92B8 /* CoreText.framework in Frameworks */ = {isa = PBXBuildFile; fileRef = A37B72361F63E66C008B92B8 /* CoreText.framework */; };
		A37B72391F63E675008B92B8 /* GLKit.framework in Frameworks */ = {isa = PBXBuildFile; fileRef = A37B72381F63E675008B92B8 /* GLKit.framework */; };
		A37B723B1F63E67D008B92B8 /* ImageIO.framework in Frameworks */ = {isa = PBXBuildFile; fileRef = A37B723A1F63E67D008B92B8 /* ImageIO.framework */; };
		A37B723D1F63E692008B92B8 /* libc++.tbd in Frameworks */ = {isa = PBXBuildFile; fileRef = A37B723C1F63E692008B92B8 /* libc++.tbd */; };
		A37B723F1F63E69D008B92B8 /* libz.tbd in Frameworks */ = {isa = PBXBuildFile; fileRef = A37B723E1F63E69D008B92B8 /* libz.tbd */; };
		A37B72411F63E6A6008B92B8 /* OpenGLES.framework in Frameworks */ = {isa = PBXBuildFile; fileRef = A37B72401F63E6A6008B92B8 /* OpenGLES.framework */; };
		A37B72431F63E6AE008B92B8 /* QuartzCore.framework in Frameworks */ = {isa = PBXBuildFile; fileRef = A37B72421F63E6AE008B92B8 /* QuartzCore.framework */; };
		A37B72451F63E6B7008B92B8 /* SystemConfiguration.framework in Frameworks */ = {isa = PBXBuildFile; fileRef = A37B72441F63E6B7008B92B8 /* SystemConfiguration.framework */; };
		A37B72471F63E6C2008B92B8 /* UIKit.framework in Frameworks */ = {isa = PBXBuildFile; fileRef = A37B72461F63E6C2008B92B8 /* UIKit.framework */; };
/* End PBXBuildFile section */

/* Begin PBXFileReference section */
		A37B720E1F63E4EB008B92B8 /* LBTA-11-google-maps-sdk.app */ = {isa = PBXFileReference; explicitFileType = wrapper.application; includeInIndex = 0; path = "LBTA-11-google-maps-sdk.app"; sourceTree = BUILT_PRODUCTS_DIR; };
		A37B72111F63E4EB008B92B8 /* AppDelegate.swift */ = {isa = PBXFileReference; lastKnownFileType = sourcecode.swift; path = AppDelegate.swift; sourceTree = "<group>"; };
		A37B72131F63E4EB008B92B8 /* ViewController.swift */ = {isa = PBXFileReference; lastKnownFileType = sourcecode.swift; path = ViewController.swift; sourceTree = "<group>"; };
		A37B72161F63E4EB008B92B8 /* Base */ = {isa = PBXFileReference; lastKnownFileType = file.storyboard; name = Base; path = Base.lproj/Main.storyboard; sourceTree = "<group>"; };
		A37B72181F63E4EB008B92B8 /* Assets.xcassets */ = {isa = PBXFileReference; lastKnownFileType = folder.assetcatalog; path = Assets.xcassets; sourceTree = "<group>"; };
		A37B721B1F63E4EB008B92B8 /* Base */ = {isa = PBXFileReference; lastKnownFileType = file.storyboard; name = Base; path = Base.lproj/LaunchScreen.storyboard; sourceTree = "<group>"; };
		A37B721D1F63E4EB008B92B8 /* Info.plist */ = {isa = PBXFileReference; lastKnownFileType = text.plist.xml; path = Info.plist; sourceTree = "<group>"; };
		A37B72231F63E559008B92B8 /* GoogleMapsBase.framework */ = {isa = PBXFileReference; lastKnownFileType = wrapper.framework; path = GoogleMapsBase.framework; sourceTree = "<group>"; };
		A37B72241F63E559008B92B8 /* GoogleMaps.framework */ = {isa = PBXFileReference; lastKnownFileType = wrapper.framework; path = GoogleMaps.framework; sourceTree = "<group>"; };
		A37B72251F63E559008B92B8 /* GoogleMapsCore.framework */ = {isa = PBXFileReference; lastKnownFileType = wrapper.framework; path = GoogleMapsCore.framework; sourceTree = "<group>"; };
		A37B72291F63E5E5008B92B8 /* GoogleMaps.bundle */ = {isa = PBXFileReference; lastKnownFileType = "wrapper.plug-in"; name = GoogleMaps.bundle; path = GoogleMaps.framework/Resources/GoogleMaps.bundle; sourceTree = "<group>"; };
		A37B722C1F63E632008B92B8 /* Accelerate.framework */ = {isa = PBXFileReference; lastKnownFileType = wrapper.framework; name = Accelerate.framework; path = System/Library/Frameworks/Accelerate.framework; sourceTree = SDKROOT; };
		A37B722E1F63E644008B92B8 /* CoreData.framework */ = {isa = PBXFileReference; lastKnownFileType = wrapper.framework; name = CoreData.framework; path = System/Library/Frameworks/CoreData.framework; sourceTree = SDKROOT; };
		A37B72301F63E64D008B92B8 /* CoreGraphics.framework */ = {isa = PBXFileReference; lastKnownFileType = wrapper.framework; name = CoreGraphics.framework; path = System/Library/Frameworks/CoreGraphics.framework; sourceTree = SDKROOT; };
		A37B72321F63E655008B92B8 /* CoreLocation.framework */ = {isa = PBXFileReference; lastKnownFileType = wrapper.framework; name = CoreLocation.framework; path = System/Library/Frameworks/CoreLocation.framework; sourceTree = SDKROOT; };
		A37B72341F63E662008B92B8 /* CoreTelephony.framework */ = {isa = PBXFileReference; lastKnownFileType = wrapper.framework; name = CoreTelephony.framework; path = System/Library/Frameworks/CoreTelephony.framework; sourceTree = SDKROOT; };
		A37B72361F63E66C008B92B8 /* CoreText.framework */ = {isa = PBXFileReference; lastKnownFileType = wrapper.framework; name = CoreText.framework; path = System/Library/Frameworks/CoreText.framework; sourceTree = SDKROOT; };
		A37B72381F63E675008B92B8 /* GLKit.framework */ = {isa = PBXFileReference; lastKnownFileType = wrapper.framework; name = GLKit.framework; path = System/Library/Frameworks/GLKit.framework; sourceTree = SDKROOT; };
		A37B723A1F63E67D008B92B8 /* ImageIO.framework */ = {isa = PBXFileReference; lastKnownFileType = wrapper.framework; name = ImageIO.framework; path = System/Library/Frameworks/ImageIO.framework; sourceTree = SDKROOT; };
		A37B723C1F63E692008B92B8 /* libc++.tbd */ = {isa = PBXFileReference; lastKnownFileType = "sourcecode.text-based-dylib-definition"; name = "libc++.tbd"; path = "usr/lib/libc++.tbd"; sourceTree = SDKROOT; };
		A37B723E1F63E69D008B92B8 /* libz.tbd */ = {isa = PBXFileReference; lastKnownFileType = "sourcecode.text-based-dylib-definition"; name = libz.tbd; path = usr/lib/libz.tbd; sourceTree = SDKROOT; };
		A37B72401F63E6A6008B92B8 /* OpenGLES.framework */ = {isa = PBXFileReference; lastKnownFileType = wrapper.framework; name = OpenGLES.framework; path = System/Library/Frameworks/OpenGLES.framework; sourceTree = SDKROOT; };
		A37B72421F63E6AE008B92B8 /* QuartzCore.framework */ = {isa = PBXFileReference; lastKnownFileType = wrapper.framework; name = QuartzCore.framework; path = System/Library/Frameworks/QuartzCore.framework; sourceTree = SDKROOT; };
		A37B72441F63E6B7008B92B8 /* SystemConfiguration.framework */ = {isa = PBXFileReference; lastKnownFileType = wrapper.framework; name = SystemConfiguration.framework; path = System/Library/Frameworks/SystemConfiguration.framework; sourceTree = SDKROOT; };
		A37B72461F63E6C2008B92B8 /* UIKit.framework */ = {isa = PBXFileReference; lastKnownFileType = wrapper.framework; name = UIKit.framework; path = System/Library/Frameworks/UIKit.framework; sourceTree = SDKROOT; };
/* End PBXFileReference section */

/* Begin PBXFrameworksBuildPhase section */
		A37B720B1F63E4EB008B92B8 /* Frameworks */ = {
			isa = PBXFrameworksBuildPhase;
			buildActionMask = 2147483647;
			files = (
				A37B72331F63E655008B92B8 /* CoreLocation.framework in Frameworks */,
				A37B72261F63E559008B92B8 /* GoogleMapsBase.framework in Frameworks */,
				A37B72271F63E559008B92B8 /* GoogleMaps.framework in Frameworks */,
				A37B72281F63E559008B92B8 /* GoogleMapsCore.framework in Frameworks */,
				A37B722D1F63E632008B92B8 /* Accelerate.framework in Frameworks */,
				A37B722F1F63E644008B92B8 /* CoreData.framework in Frameworks */,
				A37B72311F63E64D008B92B8 /* CoreGraphics.framework in Frameworks */,
				A37B72351F63E662008B92B8 /* CoreTelephony.framework in Frameworks */,
				A37B72371F63E66C008B92B8 /* CoreText.framework in Frameworks */,
				A37B72391F63E675008B92B8 /* GLKit.framework in Frameworks */,
				A37B723B1F63E67D008B92B8 /* ImageIO.framework in Frameworks */,
				A37B723D1F63E692008B92B8 /* libc++.tbd in Frameworks */,
				A37B723F1F63E69D008B92B8 /* libz.tbd in Frameworks */,
				A37B72411F63E6A6008B92B8 /* OpenGLES.framework in Frameworks */,
				A37B72431F63E6AE008B92B8 /* QuartzCore.framework in Frameworks */,
				A37B72451F63E6B7008B92B8 /* SystemConfiguration.framework in Frameworks */,
				A37B72471F63E6C2008B92B8 /* UIKit.framework in Frameworks */,
			);
			runOnlyForDeploymentPostprocessing = 0;
		};
/* End PBXFrameworksBuildPhase section */

/* Begin PBXGroup section */
		A37B72051F63E4EB008B92B8 = {
			isa = PBXGroup;
			children = (
				A37B72101F63E4EB008B92B8 /* LBTA-11-google-maps-sdk */,
				A37B720F1F63E4EB008B92B8 /* Products */,
				A37B722B1F63E632008B92B8 /* Frameworks */,
			);
			sourceTree = "<group>";
		};
		A37B720F1F63E4EB008B92B8 /* Products */ = {
			isa = PBXGroup;
			children = (
				A37B720E1F63E4EB008B92B8 /* LBTA-11-google-maps-sdk.app */,
			);
			name = Products;
			sourceTree = "<group>";
		};
		A37B72101F63E4EB008B92B8 /* LBTA-11-google-maps-sdk */ = {
			isa = PBXGroup;
			children = (
				A37B72111F63E4EB008B92B8 /* AppDelegate.swift */,
				A37B72131F63E4EB008B92B8 /* ViewController.swift */,
				A37B72151F63E4EB008B92B8 /* Main.storyboard */,
				A37B72181F63E4EB008B92B8 /* Assets.xcassets */,
				A37B721A1F63E4EB008B92B8 /* LaunchScreen.storyboard */,
				A37B721D1F63E4EB008B92B8 /* Info.plist */,
				A37B72291F63E5E5008B92B8 /* GoogleMaps.bundle */,
				A37B72231F63E559008B92B8 /* GoogleMapsBase.framework */,
				A37B72241F63E559008B92B8 /* GoogleMaps.framework */,
				A37B72251F63E559008B92B8 /* GoogleMapsCore.framework */,
			);
			path = "LBTA-11-google-maps-sdk";
			sourceTree = "<group>";
		};
		A37B722B1F63E632008B92B8 /* Frameworks */ = {
			isa = PBXGroup;
			children = (
				A37B72461F63E6C2008B92B8 /* UIKit.framework */,
				A37B72441F63E6B7008B92B8 /* SystemConfiguration.framework */,
				A37B72421F63E6AE008B92B8 /* QuartzCore.framework */,
				A37B72401F63E6A6008B92B8 /* OpenGLES.framework */,
				A37B723E1F63E69D008B92B8 /* libz.tbd */,
				A37B723C1F63E692008B92B8 /* libc++.tbd */,
				A37B723A1F63E67D008B92B8 /* ImageIO.framework */,
				A37B72381F63E675008B92B8 /* GLKit.framework */,
				A37B72361F63E66C008B92B8 /* CoreText.framework */,
				A37B72341F63E662008B92B8 /* CoreTelephony.framework */,
				A37B72321F63E655008B92B8 /* CoreLocation.framework */,
				A37B72301F63E64D008B92B8 /* CoreGraphics.framework */,
				A37B722E1F63E644008B92B8 /* CoreData.framework */,
				A37B722C1F63E632008B92B8 /* Accelerate.framework */,
			);
			name = Frameworks;
			sourceTree = "<group>";
		};
/* End PBXGroup section */

/* Begin PBXNativeTarget section */
		A37B720D1F63E4EB008B92B8 /* LBTA-11-google-maps-sdk */ = {
			isa = PBXNativeTarget;
			buildConfigurationList = A37B72201F63E4EB008B92B8 /* Build configuration list for PBXNativeTarget "LBTA-11-google-maps-sdk" */;
			buildPhases = (
				A37B720A1F63E4EB008B92B8 /* Sources */,
				A37B720B1F63E4EB008B92B8 /* Frameworks */,
				A37B720C1F63E4EB008B92B8 /* Resources */,
			);
			buildRules = (
			);
			dependencies = (
			);
			name = "LBTA-11-google-maps-sdk";
			productName = "LBTA-11-google-maps-sdk";
			productReference = A37B720E1F63E4EB008B92B8 /* LBTA-11-google-maps-sdk.app */;
			productType = "com.apple.product-type.application";
		};
/* End PBXNativeTarget section */

/* Begin PBXProject section */
		A37B72061F63E4EB008B92B8 /* Project object */ = {
			isa = PBXProject;
			attributes = {
				LastSwiftUpdateCheck = 0830;
				LastUpgradeCheck = 0830;
				ORGANIZATIONNAME = "Alexander Baran";
				TargetAttributes = {
					A37B720D1F63E4EB008B92B8 = {
						CreatedOnToolsVersion = 8.3.3;
						DevelopmentTeam = ZQ32RSDG42;
						ProvisioningStyle = Automatic;
					};
				};
			};
			buildConfigurationList = A37B72091F63E4EB008B92B8 /* Build configuration list for PBXProject "LBTA-11-google-maps-sdk" */;
			compatibilityVersion = "Xcode 3.2";
			developmentRegion = English;
			hasScannedForEncodings = 0;
			knownRegions = (
				en,
				Base,
			);
			mainGroup = A37B72051F63E4EB008B92B8;
			productRefGroup = A37B720F1F63E4EB008B92B8 /* Products */;
			projectDirPath = "";
			projectRoot = "";
			targets = (
				A37B720D1F63E4EB008B92B8 /* LBTA-11-google-maps-sdk */,
			);
		};
/* End PBXProject section */

/* Begin PBXResourcesBuildPhase section */
		A37B720C1F63E4EB008B92B8 /* Resources */ = {
			isa = PBXResourcesBuildPhase;
			buildActionMask = 2147483647;
			files = (
				A37B721C1F63E4EB008B92B8 /* LaunchScreen.storyboard in Resources */,
				A37B72191F63E4EB008B92B8 /* Assets.xcassets in Resources */,
				A37B72171F63E4EB008B92B8 /* Main.storyboard in Resources */,
				A37B722A1F63E5E5008B92B8 /* GoogleMaps.bundle in Resources */,
			);
			runOnlyForDeploymentPostprocessing = 0;
		};
/* End PBXResourcesBuildPhase section */

/* Begin PBXSourcesBuildPhase section */
		A37B720A1F63E4EB008B92B8 /* Sources */ = {
			isa = PBXSourcesBuildPhase;
			buildActionMask = 2147483647;
			files = (
				A37B72141F63E4EB008B92B8 /* ViewController.swift in Sources */,
				A37B72121F63E4EB008B92B8 /* AppDelegate.swift in Sources */,
			);
			runOnlyForDeploymentPostprocessing = 0;
		};
/* End PBXSourcesBuildPhase section */

/* Begin PBXVariantGroup section */
		A37B72151F63E4EB008B92B8 /* Main.storyboard */ = {
			isa = PBXVariantGroup;
			children = (
				A37B72161F63E4EB008B92B8 /* Base */,
			);
			name = Main.storyboard;
			sourceTree = "<group>";
		};
		A37B721A1F63E4EB008B92B8 /* LaunchScreen.storyboard */ = {
			isa = PBXVariantGroup;
			children = (
				A37B721B1F63E4EB008B92B8 /* Base */,
			);
			name = LaunchScreen.storyboard;
			sourceTree = "<group>";
		};
/* End PBXVariantGroup section */

/* Begin XCBuildConfiguration section */
		A37B721E1F63E4EB008B92B8 /* Debug */ = {
			isa = XCBuildConfiguration;
			buildSettings = {
				ALWAYS_SEARCH_USER_PATHS = NO;
				CLANG_ANALYZER_NONNULL = YES;
				CLANG_ANALYZER_NUMBER_OBJECT_CONVERSION = YES_AGGRESSIVE;
				CLANG_CXX_LANGUAGE_STANDARD = "gnu++0x";
				CLANG_CXX_LIBRARY = "libc++";
				CLANG_ENABLE_MODULES = YES;
				CLANG_ENABLE_OBJC_ARC = YES;
				CLANG_WARN_BOOL_CONVERSION = YES;
				CLANG_WARN_CONSTANT_CONVERSION = YES;
				CLANG_WARN_DIRECT_OBJC_ISA_USAGE = YES_ERROR;
				CLANG_WARN_DOCUMENTATION_COMMENTS = YES;
				CLANG_WARN_EMPTY_BODY = YES;
				CLANG_WARN_ENUM_CONVERSION = YES;
				CLANG_WARN_INFINITE_RECURSION = YES;
				CLANG_WARN_INT_CONVERSION = YES;
				CLANG_WARN_OBJC_ROOT_CLASS = YES_ERROR;
				CLANG_WARN_SUSPICIOUS_MOVE = YES;
				CLANG_WARN_UNREACHABLE_CODE = YES;
				CLANG_WARN__DUPLICATE_METHOD_MATCH = YES;
				"CODE_SIGN_IDENTITY[sdk=iphoneos*]" = "iPhone Developer";
				COPY_PHASE_STRIP = NO;
				DEBUG_INFORMATION_FORMAT = dwarf;
				ENABLE_STRICT_OBJC_MSGSEND = YES;
				ENABLE_TESTABILITY = YES;
				GCC_C_LANGUAGE_STANDARD = gnu99;
				GCC_DYNAMIC_NO_PIC = NO;
				GCC_NO_COMMON_BLOCKS = YES;
				GCC_OPTIMIZATION_LEVEL = 0;
				GCC_PREPROCESSOR_DEFINITIONS = (
					"DEBUG=1",
					"$(inherited)",
				);
				GCC_WARN_64_TO_32_BIT_CONVERSION = YES;
				GCC_WARN_ABOUT_RETURN_TYPE = YES_ERROR;
				GCC_WARN_UNDECLARED_SELECTOR = YES;
				GCC_WARN_UNINITIALIZED_AUTOS = YES_AGGRESSIVE;
				GCC_WARN_UNUSED_FUNCTION = YES;
				GCC_WARN_UNUSED_VARIABLE = YES;
				IPHONEOS_DEPLOYMENT_TARGET = 10.3;
				MTL_ENABLE_DEBUG_INFO = YES;
				ONLY_ACTIVE_ARCH = YES;
				SDKROOT = iphoneos;
				SWIFT_ACTIVE_COMPILATION_CONDITIONS = DEBUG;
				SWIFT_OPTIMIZATION_LEVEL = "-Onone";
				TARGETED_DEVICE_FAMILY = "1,2";
			};
			name = Debug;
		};
		A37B721F1F63E4EB008B92B8 /* Release */ = {
			isa = XCBuildConfiguration;
			buildSettings = {
				ALWAYS_SEARCH_USER_PATHS = NO;
				CLANG_ANALYZER_NONNULL = YES;
				CLANG_ANALYZER_NUMBER_OBJECT_CONVERSION = YES_AGGRESSIVE;
				CLANG_CXX_LANGUAGE_STANDARD = "gnu++0x";
				CLANG_CXX_LIBRARY = "libc++";
				CLANG_ENABLE_MODULES = YES;
				CLANG_ENABLE_OBJC_ARC = YES;
				CLANG_WARN_BOOL_CONVERSION = YES;
				CLANG_WARN_CONSTANT_CONVERSION = YES;
				CLANG_WARN_DIRECT_OBJC_ISA_USAGE = YES_ERROR;
				CLANG_WARN_DOCUMENTATION_COMMENTS = YES;
				CLANG_WARN_EMPTY_BODY = YES;
				CLANG_WARN_ENUM_CONVERSION = YES;
				CLANG_WARN_INFINITE_RECURSION = YES;
				CLANG_WARN_INT_CONVERSION = YES;
				CLANG_WARN_OBJC_ROOT_CLASS = YES_ERROR;
				CLANG_WARN_SUSPICIOUS_MOVE = YES;
				CLANG_WARN_UNREACHABLE_CODE = YES;
				CLANG_WARN__DUPLICATE_METHOD_MATCH = YES;
				"CODE_SIGN_IDENTITY[sdk=iphoneos*]" = "iPhone Developer";
				COPY_PHASE_STRIP = NO;
				DEBUG_INFORMATION_FORMAT = "dwarf-with-dsym";
				ENABLE_NS_ASSERTIONS = NO;
				ENABLE_STRICT_OBJC_MSGSEND = YES;
				GCC_C_LANGUAGE_STANDARD = gnu99;
				GCC_NO_COMMON_BLOCKS = YES;
				GCC_WARN_64_TO_32_BIT_CONVERSION = YES;
				GCC_WARN_ABOUT_RETURN_TYPE = YES_ERROR;
				GCC_WARN_UNDECLARED_SELECTOR = YES;
				GCC_WARN_UNINITIALIZED_AUTOS = YES_AGGRESSIVE;
				GCC_WARN_UNUSED_FUNCTION = YES;
				GCC_WARN_UNUSED_VARIABLE = YES;
				IPHONEOS_DEPLOYMENT_TARGET = 10.3;
				MTL_ENABLE_DEBUG_INFO = NO;
				SDKROOT = iphoneos;
				SWIFT_OPTIMIZATION_LEVEL = "-Owholemodule";
				TARGETED_DEVICE_FAMILY = "1,2";
				VALIDATE_PRODUCT = YES;
			};
			name = Release;
		};
		A37B72211F63E4EB008B92B8 /* Debug */ = {
			isa = XCBuildConfiguration;
			buildSettings = {
				ASSETCATALOG_COMPILER_APPICON_NAME = AppIcon;
				DEVELOPMENT_TEAM = ZQ32RSDG42;
				FRAMEWORK_SEARCH_PATHS = (
					"$(inherited)",
					"$(PROJECT_DIR)/LBTA-11-google-maps-sdk",
				);
				INFOPLIST_FILE = "LBTA-11-google-maps-sdk/Info.plist";
				LD_RUNPATH_SEARCH_PATHS = "$(inherited) @executable_path/Frameworks";
				PRODUCT_BUNDLE_IDENTIFIER = "com.alexanderbaran.LBTA-11-google-maps-sdk";
				PRODUCT_NAME = "$(TARGET_NAME)";
				SWIFT_VERSION = 3.0;
			};
			name = Debug;
		};
		A37B72221F63E4EB008B92B8 /* Release */ = {
			isa = XCBuildConfiguration;
			buildSettings = {
				ASSETCATALOG_COMPILER_APPICON_NAME = AppIcon;
				DEVELOPMENT_TEAM = ZQ32RSDG42;
				FRAMEWORK_SEARCH_PATHS = (
					"$(inherited)",
					"$(PROJECT_DIR)/LBTA-11-google-maps-sdk",
				);
				INFOPLIST_FILE = "LBTA-11-google-maps-sdk/Info.plist";
				LD_RUNPATH_SEARCH_PATHS = "$(inherited) @executable_path/Frameworks";
				PRODUCT_BUNDLE_IDENTIFIER = "com.alexanderbaran.LBTA-11-google-maps-sdk";
				PRODUCT_NAME = "$(TARGET_NAME)";
				SWIFT_VERSION = 3.0;
			};
			name = Release;
		};
/* End XCBuildConfiguration section */

/* Begin XCConfigurationList section */
		A37B72091F63E4EB008B92B8 /* Build configuration list for PBXProject "LBTA-11-google-maps-sdk" */ = {
			isa = XCConfigurationList;
			buildConfigurations = (
				A37B721E1F63E4EB008B92B8 /* Debug */,
				A37B721F1F63E4EB008B92B8 /* Release */,
			);
			defaultConfigurationIsVisible = 0;
			defaultConfigurationName = Release;
		};
		A37B72201F63E4EB008B92B8 /* Build configuration list for PBXNativeTarget "LBTA-11-google-maps-sdk" */ = {
			isa = XCConfigurationList;
			buildConfigurations = (
				A37B72211F63E4EB008B92B8 /* Debug */,
				A37B72221F63E4EB008B92B8 /* Release */,
			);
			defaultConfigurationIsVisible = 0;
		};
/* End XCConfigurationList section */
	};
	rootObject = A37B72061F63E4EB008B92B8 /* Project object */;
}
