// !$*UTF8*$!
{
	archiveVersion = 1;
	classes = {
	};
	objectVersion = 46;
	objects = {

/* Begin PBXBuildFile section */
		A322A8FB1F61E4A700CEB397 /* AppDelegate.swift in Sources */ = {isa = PBXBuildFile; fileRef = A322A8FA1F61E4A700CEB397 /* AppDelegate.swift */; };
		A322A8FD1F61E4A700CEB397 /* FeedController.swift in Sources */ = {isa = PBXBuildFile; fileRef = A322A8FC1F61E4A700CEB397 /* FeedController.swift */; };
		A322A9021F61E4A700CEB397 /* Assets.xcassets in Resources */ = {isa = PBXBuildFile; fileRef = A322A9011F61E4A700CEB397 /* Assets.xcassets */; };
		A322A9051F61E4A700CEB397 /* LaunchScreen.storyboard in Resources */ = {isa = PBXBuildFile; fileRef = A322A9031F61E4A700CEB397 /* LaunchScreen.storyboard */; };
		A322A92B1F62C81D00CEB397 /* Posts.swift in Sources */ = {isa = PBXBuildFile; fileRef = A322A92A1F62C81D00CEB397 /* Posts.swift */; };
		A322A92D1F62CCD100CEB397 /* FeedCell.swift in Sources */ = {isa = PBXBuildFile; fileRef = A322A92C1F62CCD100CEB397 /* FeedCell.swift */; };
		A322A92F1F62CD0300CEB397 /* Extensions.swift in Sources */ = {isa = PBXBuildFile; fileRef = A322A92E1F62CD0300CEB397 /* Extensions.swift */; };
		A322A9311F62F0F800CEB397 /* CustomTabBarController.swift in Sources */ = {isa = PBXBuildFile; fileRef = A322A9301F62F0F800CEB397 /* CustomTabBarController.swift */; };
		A322A9331F62F45C00CEB397 /* OtherControllers.swift in Sources */ = {isa = PBXBuildFile; fileRef = A322A9321F62F45C00CEB397 /* OtherControllers.swift */; };
		A322A9591F6324BC00CEB397 /* single_post.json in Resources */ = {isa = PBXBuildFile; fileRef = A322A9581F6324BC00CEB397 /* single_post.json */; };
		A322A95B1F63259400CEB397 /* all_posts.json in Resources */ = {isa = PBXBuildFile; fileRef = A322A95A1F63259400CEB397 /* all_posts.json */; };
/* End PBXBuildFile section */

/* Begin PBXFileReference section */
		A322A8F71F61E4A700CEB397 /* LBTA-8-facebook-news-feed.app */ = {isa = PBXFileReference; explicitFileType = wrapper.application; includeInIndex = 0; path = "LBTA-8-facebook-news-feed.app"; sourceTree = BUILT_PRODUCTS_DIR; };
		A322A8FA1F61E4A700CEB397 /* AppDelegate.swift */ = {isa = PBXFileReference; lastKnownFileType = sourcecode.swift; path = AppDelegate.swift; sourceTree = "<group>"; };
		A322A8FC1F61E4A700CEB397 /* FeedController.swift */ = {isa = PBXFileReference; lastKnownFileType = sourcecode.swift; path = FeedController.swift; sourceTree = "<group>"; };
		A322A9011F61E4A700CEB397 /* Assets.xcassets */ = {isa = PBXFileReference; lastKnownFileType = folder.assetcatalog; path = Assets.xcassets; sourceTree = "<group>"; };
		A322A9041F61E4A700CEB397 /* Base */ = {isa = PBXFileReference; lastKnownFileType = file.storyboard; name = Base; path = Base.lproj/LaunchScreen.storyboard; sourceTree = "<group>"; };
		A322A9061F61E4A700CEB397 /* Info.plist */ = {isa = PBXFileReference; lastKnownFileType = text.plist.xml; path = Info.plist; sourceTree = "<group>"; };
		A322A92A1F62C81D00CEB397 /* Posts.swift */ = {isa = PBXFileReference; fileEncoding = 4; lastKnownFileType = sourcecode.swift; path = Posts.swift; sourceTree = "<group>"; };
		A322A92C1F62CCD100CEB397 /* FeedCell.swift */ = {isa = PBXFileReference; fileEncoding = 4; lastKnownFileType = sourcecode.swift; path = FeedCell.swift; sourceTree = "<group>"; };
		A322A92E1F62CD0300CEB397 /* Extensions.swift */ = {isa = PBXFileReference; fileEncoding = 4; lastKnownFileType = sourcecode.swift; path = Extensions.swift; sourceTree = "<group>"; };
		A322A9301F62F0F800CEB397 /* CustomTabBarController.swift */ = {isa = PBXFileReference; fileEncoding = 4; lastKnownFileType = sourcecode.swift; path = CustomTabBarController.swift; sourceTree = "<group>"; };
		A322A9321F62F45C00CEB397 /* OtherControllers.swift */ = {isa = PBXFileReference; fileEncoding = 4; lastKnownFileType = sourcecode.swift; path = OtherControllers.swift; sourceTree = "<group>"; };
		A322A9581F6324BC00CEB397 /* single_post.json */ = {isa = PBXFileReference; fileEncoding = 4; lastKnownFileType = text.json; path = single_post.json; sourceTree = "<group>"; };
		A322A95A1F63259400CEB397 /* all_posts.json */ = {isa = PBXFileReference; fileEncoding = 4; lastKnownFileType = text.json; path = all_posts.json; sourceTree = "<group>"; };
/* End PBXFileReference section */

/* Begin PBXFrameworksBuildPhase section */
		A322A8F41F61E4A700CEB397 /* Frameworks */ = {
			isa = PBXFrameworksBuildPhase;
			buildActionMask = 2147483647;
			files = (
			);
			runOnlyForDeploymentPostprocessing = 0;
		};
/* End PBXFrameworksBuildPhase section */

/* Begin PBXGroup section */
		A322A8EE1F61E4A700CEB397 = {
			isa = PBXGroup;
			children = (
				A322A8F91F61E4A700CEB397 /* LBTA-8-facebook-news-feed */,
				A322A8F81F61E4A700CEB397 /* Products */,
			);
			sourceTree = "<group>";
		};
		A322A8F81F61E4A700CEB397 /* Products */ = {
			isa = PBXGroup;
			children = (
				A322A8F71F61E4A700CEB397 /* LBTA-8-facebook-news-feed.app */,
			);
			name = Products;
			sourceTree = "<group>";
		};
		A322A8F91F61E4A700CEB397 /* LBTA-8-facebook-news-feed */ = {
			isa = PBXGroup;
			children = (
				A322A8FA1F61E4A700CEB397 /* AppDelegate.swift */,
				A322A9301F62F0F800CEB397 /* CustomTabBarController.swift */,
				A322A92A1F62C81D00CEB397 /* Posts.swift */,
				A322A8FC1F61E4A700CEB397 /* FeedController.swift */,
				A322A92C1F62CCD100CEB397 /* FeedCell.swift */,
				A322A9321F62F45C00CEB397 /* OtherControllers.swift */,
				A322A92E1F62CD0300CEB397 /* Extensions.swift */,
				A322A9011F61E4A700CEB397 /* Assets.xcassets */,
				A322A9031F61E4A700CEB397 /* LaunchScreen.storyboard */,
				A322A9061F61E4A700CEB397 /* Info.plist */,
				A322A9581F6324BC00CEB397 /* single_post.json */,
				A322A95A1F63259400CEB397 /* all_posts.json */,
			);
			path = "LBTA-8-facebook-news-feed";
			sourceTree = "<group>";
		};
/* End PBXGroup section */

/* Begin PBXNativeTarget section */
		A322A8F61F61E4A700CEB397 /* LBTA-8-facebook-news-feed */ = {
			isa = PBXNativeTarget;
			buildConfigurationList = A322A9091F61E4A700CEB397 /* Build configuration list for PBXNativeTarget "LBTA-8-facebook-news-feed" */;
			buildPhases = (
				A322A8F31F61E4A700CEB397 /* Sources */,
				A322A8F41F61E4A700CEB397 /* Frameworks */,
				A322A8F51F61E4A700CEB397 /* Resources */,
			);
			buildRules = (
			);
			dependencies = (
			);
			name = "LBTA-8-facebook-news-feed";
			productName = "LBTA-8-facebook-news-feed";
			productReference = A322A8F71F61E4A700CEB397 /* LBTA-8-facebook-news-feed.app */;
			productType = "com.apple.product-type.application";
		};
/* End PBXNativeTarget section */

/* Begin PBXProject section */
		A322A8EF1F61E4A700CEB397 /* Project object */ = {
			isa = PBXProject;
			attributes = {
				LastSwiftUpdateCheck = 0830;
				LastUpgradeCheck = 0830;
				ORGANIZATIONNAME = "Alexander Baran";
				TargetAttributes = {
					A322A8F61F61E4A700CEB397 = {
						CreatedOnToolsVersion = 8.3.3;
						DevelopmentTeam = ZQ32RSDG42;
						ProvisioningStyle = Automatic;
					};
				};
			};
			buildConfigurationList = A322A8F21F61E4A700CEB397 /* Build configuration list for PBXProject "LBTA-8-facebook-news-feed" */;
			compatibilityVersion = "Xcode 3.2";
			developmentRegion = English;
			hasScannedForEncodings = 0;
			knownRegions = (
				en,
				Base,
			);
			mainGroup = A322A8EE1F61E4A700CEB397;
			productRefGroup = A322A8F81F61E4A700CEB397 /* Products */;
			projectDirPath = "";
			projectRoot = "";
			targets = (
				A322A8F61F61E4A700CEB397 /* LBTA-8-facebook-news-feed */,
			);
		};
/* End PBXProject section */

/* Begin PBXResourcesBuildPhase section */
		A322A8F51F61E4A700CEB397 /* Resources */ = {
			isa = PBXResourcesBuildPhase;
			buildActionMask = 2147483647;
			files = (
				A322A9051F61E4A700CEB397 /* LaunchScreen.storyboard in Resources */,
				A322A9021F61E4A700CEB397 /* Assets.xcassets in Resources */,
				A322A9591F6324BC00CEB397 /* single_post.json in Resources */,
				A322A95B1F63259400CEB397 /* all_posts.json in Resources */,
			);
			runOnlyForDeploymentPostprocessing = 0;
		};
/* End PBXResourcesBuildPhase section */

/* Begin PBXSourcesBuildPhase section */
		A322A8F31F61E4A700CEB397 /* Sources */ = {
			isa = PBXSourcesBuildPhase;
			buildActionMask = 2147483647;
			files = (
				A322A92F1F62CD0300CEB397 /* Extensions.swift in Sources */,
				A322A8FD1F61E4A700CEB397 /* FeedController.swift in Sources */,
				A322A9311F62F0F800CEB397 /* CustomTabBarController.swift in Sources */,
				A322A92D1F62CCD100CEB397 /* FeedCell.swift in Sources */,
				A322A9331F62F45C00CEB397 /* OtherControllers.swift in Sources */,
				A322A92B1F62C81D00CEB397 /* Posts.swift in Sources */,
				A322A8FB1F61E4A700CEB397 /* AppDelegate.swift in Sources */,
			);
			runOnlyForDeploymentPostprocessing = 0;
		};
/* End PBXSourcesBuildPhase section */

/* Begin PBXVariantGroup section */
		A322A9031F61E4A700CEB397 /* LaunchScreen.storyboard */ = {
			isa = PBXVariantGroup;
			children = (
				A322A9041F61E4A700CEB397 /* Base */,
			);
			name = LaunchScreen.storyboard;
			sourceTree = "<group>";
		};
/* End PBXVariantGroup section */

/* Begin XCBuildConfiguration section */
		A322A9071F61E4A700CEB397 /* Debug */ = {
			isa = XCBuildConfiguration;
			buildSettings = {
				ALWAYS_SEARCH_USER_PATHS = NO;
				CLANG_ANALYZER_NONNULL = YES;
				CLANG_ANALYZER_NUMBER_OBJECT_CONVERSION = YES_AGGRESSIVE;
				CLANG_CXX_LANGUAGE_STANDARD = "gnu++0x";
				CLANG_CXX_LIBRARY = "libc++";
				CLANG_ENABLE_MODULES = YES;
				CLANG_ENABLE_OBJC_ARC = YES;
				CLANG_WARN_BOOL_CONVERSION = YES;
				CLANG_WARN_CONSTANT_CONVERSION = YES;
				CLANG_WARN_DIRECT_OBJC_ISA_USAGE = YES_ERROR;
				CLANG_WARN_DOCUMENTATION_COMMENTS = YES;
				CLANG_WARN_EMPTY_BODY = YES;
				CLANG_WARN_ENUM_CONVERSION = YES;
				CLANG_WARN_INFINITE_RECURSION = YES;
				CLANG_WARN_INT_CONVERSION = YES;
				CLANG_WARN_OBJC_ROOT_CLASS = YES_ERROR;
				CLANG_WARN_SUSPICIOUS_MOVE = YES;
				CLANG_WARN_UNREACHABLE_CODE = YES;
				CLANG_WARN__DUPLICATE_METHOD_MATCH = YES;
				"CODE_SIGN_IDENTITY[sdk=iphoneos*]" = "iPhone Developer";
				COPY_PHASE_STRIP = NO;
				DEBUG_INFORMATION_FORMAT = dwarf;
				ENABLE_STRICT_OBJC_MSGSEND = YES;
				ENABLE_TESTABILITY = YES;
				GCC_C_LANGUAGE_STANDARD = gnu99;
				GCC_DYNAMIC_NO_PIC = NO;
				GCC_NO_COMMON_BLOCKS = YES;
				GCC_OPTIMIZATION_LEVEL = 0;
				GCC_PREPROCESSOR_DEFINITIONS = (
					"DEBUG=1",
					"$(inherited)",
				);
				GCC_WARN_64_TO_32_BIT_CONVERSION = YES;
				GCC_WARN_ABOUT_RETURN_TYPE = YES_ERROR;
				GCC_WARN_UNDECLARED_SELECTOR = YES;
				GCC_WARN_UNINITIALIZED_AUTOS = YES_AGGRESSIVE;
				GCC_WARN_UNUSED_FUNCTION = YES;
				GCC_WARN_UNUSED_VARIABLE = YES;
				IPHONEOS_DEPLOYMENT_TARGET = 10.3;
				MTL_ENABLE_DEBUG_INFO = YES;
				ONLY_ACTIVE_ARCH = YES;
				SDKROOT = iphoneos;
				SWIFT_ACTIVE_COMPILATION_CONDITIONS = DEBUG;
				SWIFT_OPTIMIZATION_LEVEL = "-Onone";
				TARGETED_DEVICE_FAMILY = "1,2";
			};
			name = Debug;
		};
		A322A9081F61E4A700CEB397 /* Release */ = {
			isa = XCBuildConfiguration;
			buildSettings = {
				ALWAYS_SEARCH_USER_PATHS = NO;
				CLANG_ANALYZER_NONNULL = YES;
				CLANG_ANALYZER_NUMBER_OBJECT_CONVERSION = YES_AGGRESSIVE;
				CLANG_CXX_LANGUAGE_STANDARD = "gnu++0x";
				CLANG_CXX_LIBRARY = "libc++";
				CLANG_ENABLE_MODULES = YES;
				CLANG_ENABLE_OBJC_ARC = YES;
				CLANG_WARN_BOOL_CONVERSION = YES;
				CLANG_WARN_CONSTANT_CONVERSION = YES;
				CLANG_WARN_DIRECT_OBJC_ISA_USAGE = YES_ERROR;
				CLANG_WARN_DOCUMENTATION_COMMENTS = YES;
				CLANG_WARN_EMPTY_BODY = YES;
				CLANG_WARN_ENUM_CONVERSION = YES;
				CLANG_WARN_INFINITE_RECURSION = YES;
				CLANG_WARN_INT_CONVERSION = YES;
				CLANG_WARN_OBJC_ROOT_CLASS = YES_ERROR;
				CLANG_WARN_SUSPICIOUS_MOVE = YES;
				CLANG_WARN_UNREACHABLE_CODE = YES;
				CLANG_WARN__DUPLICATE_METHOD_MATCH = YES;
				"CODE_SIGN_IDENTITY[sdk=iphoneos*]" = "iPhone Developer";
				COPY_PHASE_STRIP = NO;
				DEBUG_INFORMATION_FORMAT = "dwarf-with-dsym";
				ENABLE_NS_ASSERTIONS = NO;
				ENABLE_STRICT_OBJC_MSGSEND = YES;
				GCC_C_LANGUAGE_STANDARD = gnu99;
				GCC_NO_COMMON_BLOCKS = YES;
				GCC_WARN_64_TO_32_BIT_CONVERSION = YES;
				GCC_WARN_ABOUT_RETURN_TYPE = YES_ERROR;
				GCC_WARN_UNDECLARED_SELECTOR = YES;
				GCC_WARN_UNINITIALIZED_AUTOS = YES_AGGRESSIVE;
				GCC_WARN_UNUSED_FUNCTION = YES;
				GCC_WARN_UNUSED_VARIABLE = YES;
				IPHONEOS_DEPLOYMENT_TARGET = 10.3;
				MTL_ENABLE_DEBUG_INFO = NO;
				SDKROOT = iphoneos;
				SWIFT_OPTIMIZATION_LEVEL = "-Owholemodule";
				TARGETED_DEVICE_FAMILY = "1,2";
				VALIDATE_PRODUCT = YES;
			};
			name = Release;
		};
		A322A90A1F61E4A700CEB397 /* Debug */ = {
			isa = XCBuildConfiguration;
			buildSettings = {
				ASSETCATALOG_COMPILER_APPICON_NAME = AppIcon;
				DEVELOPMENT_TEAM = ZQ32RSDG42;
				INFOPLIST_FILE = "LBTA-8-facebook-news-feed/Info.plist";
				LD_RUNPATH_SEARCH_PATHS = "$(inherited) @executable_path/Frameworks";
				PRODUCT_BUNDLE_IDENTIFIER = "com.alexanderbaran.LBTA-8-facebook-news-feed";
				PRODUCT_NAME = "$(TARGET_NAME)";
				SWIFT_VERSION = 3.0;
			};
			name = Debug;
		};
		A322A90B1F61E4A700CEB397 /* Release */ = {
			isa = XCBuildConfiguration;
			buildSettings = {
				ASSETCATALOG_COMPILER_APPICON_NAME = AppIcon;
				DEVELOPMENT_TEAM = ZQ32RSDG42;
				INFOPLIST_FILE = "LBTA-8-facebook-news-feed/Info.plist";
				LD_RUNPATH_SEARCH_PATHS = "$(inherited) @executable_path/Frameworks";
				PRODUCT_BUNDLE_IDENTIFIER = "com.alexanderbaran.LBTA-8-facebook-news-feed";
				PRODUCT_NAME = "$(TARGET_NAME)";
				SWIFT_VERSION = 3.0;
			};
			name = Release;
		};
/* End XCBuildConfiguration section */

/* Begin XCConfigurationList section */
		A322A8F21F61E4A700CEB397 /* Build configuration list for PBXProject "LBTA-8-facebook-news-feed" */ = {
			isa = XCConfigurationList;
			buildConfigurations = (
				A322A9071F61E4A700CEB397 /* Debug */,
				A322A9081F61E4A700CEB397 /* Release */,
			);
			defaultConfigurationIsVisible = 0;
			defaultConfigurationName = Release;
		};
		A322A9091F61E4A700CEB397 /* Build configuration list for PBXNativeTarget "LBTA-8-facebook-news-feed" */ = {
			isa = XCConfigurationList;
			buildConfigurations = (
				A322A90A1F61E4A700CEB397 /* Debug */,
				A322A90B1F61E4A700CEB397 /* Release */,
			);
			defaultConfigurationIsVisible = 0;
			defaultConfigurationName = Release;
		};
/* End XCConfigurationList section */
	};
	rootObject = A322A8EF1F61E4A700CEB397 /* Project object */;
}
