// !$*UTF8*$!
{
	archiveVersion = 1;
	classes = {
	};
	objectVersion = 46;
	objects = {

/* Begin PBXBuildFile section */
		1D412808571F8374CC1609AA /* Pods_LBTA_16_firebase_chat.framework in Frameworks */ = {isa = PBXBuildFile; fileRef = D1C2ABDE9E0670A1FE3D43D1 /* Pods_LBTA_16_firebase_chat.framework */; };
		A37B736C1F67E850008B92B8 /* AppDelegate.swift in Sources */ = {isa = PBXBuildFile; fileRef = A37B736B1F67E850008B92B8 /* AppDelegate.swift */; };
		A37B736E1F67E850008B92B8 /* MessagesController.swift in Sources */ = {isa = PBXBuildFile; fileRef = A37B736D1F67E850008B92B8 /* MessagesController.swift */; };
		A37B73731F67E850008B92B8 /* Assets.xcassets in Resources */ = {isa = PBXBuildFile; fileRef = A37B73721F67E850008B92B8 /* Assets.xcassets */; };
		A37B73761F67E850008B92B8 /* LaunchScreen.storyboard in Resources */ = {isa = PBXBuildFile; fileRef = A37B73741F67E850008B92B8 /* LaunchScreen.storyboard */; };
		A37B737F1F67E893008B92B8 /* Extensions.swift in Sources */ = {isa = PBXBuildFile; fileRef = A37B737E1F67E893008B92B8 /* Extensions.swift */; };
		A37B73811F67E8AF008B92B8 /* BaseCell.swift in Sources */ = {isa = PBXBuildFile; fileRef = A37B73801F67E8AF008B92B8 /* BaseCell.swift */; };
		A37B73831F67E8D8008B92B8 /* CustomImageView.swift in Sources */ = {isa = PBXBuildFile; fileRef = A37B73821F67E8D8008B92B8 /* CustomImageView.swift */; };
		A37B73861F67FE5E008B92B8 /* LoginController.swift in Sources */ = {isa = PBXBuildFile; fileRef = A37B73851F67FE5E008B92B8 /* LoginController.swift */; };
		A37B73881F68808A008B92B8 /* GoogleService-Info.plist in Resources */ = {isa = PBXBuildFile; fileRef = A37B73871F68808A008B92B8 /* GoogleService-Info.plist */; };
		A37B738A1F68AD25008B92B8 /* NewMessageController.swift in Sources */ = {isa = PBXBuildFile; fileRef = A37B73891F68AD25008B92B8 /* NewMessageController.swift */; };
		A37B738D1F68B0E9008B92B8 /* ChatUser.swift in Sources */ = {isa = PBXBuildFile; fileRef = A37B738C1F68B0E9008B92B8 /* ChatUser.swift */; };
		A37B73901F68B3C0008B92B8 /* UserCell.swift in Sources */ = {isa = PBXBuildFile; fileRef = A37B738F1F68B3C0008B92B8 /* UserCell.swift */; };
/* End PBXBuildFile section */

/* Begin PBXFileReference section */
		421D953E323D8108B4ADAF37 /* Pods-LBTA-16-firebase-chat.debug.xcconfig */ = {isa = PBXFileReference; includeInIndex = 1; lastKnownFileType = text.xcconfig; name = "Pods-LBTA-16-firebase-chat.debug.xcconfig"; path = "Pods/Target Support Files/Pods-LBTA-16-firebase-chat/Pods-LBTA-16-firebase-chat.debug.xcconfig"; sourceTree = "<group>"; };
		A37B73681F67E850008B92B8 /* LBTA-16-firebase-chat.app */ = {isa = PBXFileReference; explicitFileType = wrapper.application; includeInIndex = 0; path = "LBTA-16-firebase-chat.app"; sourceTree = BUILT_PRODUCTS_DIR; };
		A37B736B1F67E850008B92B8 /* AppDelegate.swift */ = {isa = PBXFileReference; lastKnownFileType = sourcecode.swift; path = AppDelegate.swift; sourceTree = "<group>"; };
		A37B736D1F67E850008B92B8 /* MessagesController.swift */ = {isa = PBXFileReference; lastKnownFileType = sourcecode.swift; path = MessagesController.swift; sourceTree = "<group>"; };
		A37B73721F67E850008B92B8 /* Assets.xcassets */ = {isa = PBXFileReference; lastKnownFileType = folder.assetcatalog; path = Assets.xcassets; sourceTree = "<group>"; };
		A37B73751F67E850008B92B8 /* Base */ = {isa = PBXFileReference; lastKnownFileType = file.storyboard; name = Base; path = Base.lproj/LaunchScreen.storyboard; sourceTree = "<group>"; };
		A37B73771F67E850008B92B8 /* Info.plist */ = {isa = PBXFileReference; lastKnownFileType = text.plist.xml; path = Info.plist; sourceTree = "<group>"; };
		A37B737E1F67E893008B92B8 /* Extensions.swift */ = {isa = PBXFileReference; fileEncoding = 4; lastKnownFileType = sourcecode.swift; path = Extensions.swift; sourceTree = "<group>"; };
		A37B73801F67E8AF008B92B8 /* BaseCell.swift */ = {isa = PBXFileReference; fileEncoding = 4; lastKnownFileType = sourcecode.swift; path = BaseCell.swift; sourceTree = "<group>"; };
		A37B73821F67E8D8008B92B8 /* CustomImageView.swift */ = {isa = PBXFileReference; fileEncoding = 4; lastKnownFileType = sourcecode.swift; path = CustomImageView.swift; sourceTree = "<group>"; };
		A37B73851F67FE5E008B92B8 /* LoginController.swift */ = {isa = PBXFileReference; fileEncoding = 4; lastKnownFileType = sourcecode.swift; path = LoginController.swift; sourceTree = "<group>"; };
		A37B73871F68808A008B92B8 /* GoogleService-Info.plist */ = {isa = PBXFileReference; fileEncoding = 4; lastKnownFileType = text.plist.xml; path = "GoogleService-Info.plist"; sourceTree = "<group>"; };
		A37B73891F68AD25008B92B8 /* NewMessageController.swift */ = {isa = PBXFileReference; fileEncoding = 4; lastKnownFileType = sourcecode.swift; path = NewMessageController.swift; sourceTree = "<group>"; };
		A37B738C1F68B0E9008B92B8 /* ChatUser.swift */ = {isa = PBXFileReference; fileEncoding = 4; lastKnownFileType = sourcecode.swift; path = ChatUser.swift; sourceTree = "<group>"; };
		A37B738F1F68B3C0008B92B8 /* UserCell.swift */ = {isa = PBXFileReference; fileEncoding = 4; lastKnownFileType = sourcecode.swift; path = UserCell.swift; sourceTree = "<group>"; };
		D1C2ABDE9E0670A1FE3D43D1 /* Pods_LBTA_16_firebase_chat.framework */ = {isa = PBXFileReference; explicitFileType = wrapper.framework; includeInIndex = 0; path = Pods_LBTA_16_firebase_chat.framework; sourceTree = BUILT_PRODUCTS_DIR; };
		F3DC043B0FF1C9976DB42E4C /* Pods-LBTA-16-firebase-chat.release.xcconfig */ = {isa = PBXFileReference; includeInIndex = 1; lastKnownFileType = text.xcconfig; name = "Pods-LBTA-16-firebase-chat.release.xcconfig"; path = "Pods/Target Support Files/Pods-LBTA-16-firebase-chat/Pods-LBTA-16-firebase-chat.release.xcconfig"; sourceTree = "<group>"; };
/* End PBXFileReference section */

/* Begin PBXFrameworksBuildPhase section */
		A37B73651F67E850008B92B8 /* Frameworks */ = {
			isa = PBXFrameworksBuildPhase;
			buildActionMask = 2147483647;
			files = (
				1D412808571F8374CC1609AA /* Pods_LBTA_16_firebase_chat.framework in Frameworks */,
			);
			runOnlyForDeploymentPostprocessing = 0;
		};
/* End PBXFrameworksBuildPhase section */

/* Begin PBXGroup section */
		18910943137709E892A20C21 /* Frameworks */ = {
			isa = PBXGroup;
			children = (
				D1C2ABDE9E0670A1FE3D43D1 /* Pods_LBTA_16_firebase_chat.framework */,
			);
			name = Frameworks;
			sourceTree = "<group>";
		};
		84CD6ECDA961D960D08343EB /* Pods */ = {
			isa = PBXGroup;
			children = (
				421D953E323D8108B4ADAF37 /* Pods-LBTA-16-firebase-chat.debug.xcconfig */,
				F3DC043B0FF1C9976DB42E4C /* Pods-LBTA-16-firebase-chat.release.xcconfig */,
			);
			name = Pods;
			sourceTree = "<group>";
		};
		A37B735F1F67E850008B92B8 = {
			isa = PBXGroup;
			children = (
				A37B736A1F67E850008B92B8 /* LBTA-16-firebase-chat */,
				A37B73691F67E850008B92B8 /* Products */,
				84CD6ECDA961D960D08343EB /* Pods */,
				18910943137709E892A20C21 /* Frameworks */,
			);
			sourceTree = "<group>";
		};
		A37B73691F67E850008B92B8 /* Products */ = {
			isa = PBXGroup;
			children = (
				A37B73681F67E850008B92B8 /* LBTA-16-firebase-chat.app */,
			);
			name = Products;
			sourceTree = "<group>";
		};
		A37B736A1F67E850008B92B8 /* LBTA-16-firebase-chat */ = {
			isa = PBXGroup;
			children = (
				A37B736B1F67E850008B92B8 /* AppDelegate.swift */,
				A37B738B1F68B0DA008B92B8 /* Model */,
				A37B738E1F68B3B3008B92B8 /* View */,
				A37B73841F67FE3E008B92B8 /* Controller */,
				A37B737D1F67E878008B92B8 /* Helpers */,
				A37B73721F67E850008B92B8 /* Assets.xcassets */,
				A37B73741F67E850008B92B8 /* LaunchScreen.storyboard */,
				A37B73771F67E850008B92B8 /* Info.plist */,
				A37B73871F68808A008B92B8 /* GoogleService-Info.plist */,
			);
			path = "LBTA-16-firebase-chat";
			sourceTree = "<group>";
		};
		A37B737D1F67E878008B92B8 /* Helpers */ = {
			isa = PBXGroup;
			children = (
				A37B73801F67E8AF008B92B8 /* BaseCell.swift */,
				A37B737E1F67E893008B92B8 /* Extensions.swift */,
				A37B73821F67E8D8008B92B8 /* CustomImageView.swift */,
			);
			name = Helpers;
			sourceTree = "<group>";
		};
		A37B73841F67FE3E008B92B8 /* Controller */ = {
			isa = PBXGroup;
			children = (
				A37B73851F67FE5E008B92B8 /* LoginController.swift */,
				A37B736D1F67E850008B92B8 /* MessagesController.swift */,
				A37B73891F68AD25008B92B8 /* NewMessageController.swift */,
			);
			name = Controller;
			sourceTree = "<group>";
		};
		A37B738B1F68B0DA008B92B8 /* Model */ = {
			isa = PBXGroup;
			children = (
				A37B738C1F68B0E9008B92B8 /* ChatUser.swift */,
			);
			name = Model;
			sourceTree = "<group>";
		};
		A37B738E1F68B3B3008B92B8 /* View */ = {
			isa = PBXGroup;
			children = (
				A37B738F1F68B3C0008B92B8 /* UserCell.swift */,
			);
			name = View;
			sourceTree = "<group>";
		};
/* End PBXGroup section */

/* Begin PBXNativeTarget section */
		A37B73671F67E850008B92B8 /* LBTA-16-firebase-chat */ = {
			isa = PBXNativeTarget;
			buildConfigurationList = A37B737A1F67E850008B92B8 /* Build configuration list for PBXNativeTarget "LBTA-16-firebase-chat" */;
			buildPhases = (
				164F7BA0634B4A04DF3ECD1C /* [CP] Check Pods Manifest.lock */,
				A37B73641F67E850008B92B8 /* Sources */,
				A37B73651F67E850008B92B8 /* Frameworks */,
				A37B73661F67E850008B92B8 /* Resources */,
				7BCDB4CA8B3FAB1668A0524A /* [CP] Embed Pods Frameworks */,
				A2B51FDA63A8A8153DBCBABE /* [CP] Copy Pods Resources */,
			);
			buildRules = (
			);
			dependencies = (
			);
			name = "LBTA-16-firebase-chat";
			productName = "LBTA-16-firebase-chat";
			productReference = A37B73681F67E850008B92B8 /* LBTA-16-firebase-chat.app */;
			productType = "com.apple.product-type.application";
		};
/* End PBXNativeTarget section */

/* Begin PBXProject section */
		A37B73601F67E850008B92B8 /* Project object */ = {
			isa = PBXProject;
			attributes = {
				LastSwiftUpdateCheck = 0830;
				LastUpgradeCheck = 0830;
				ORGANIZATIONNAME = "Alexander Baran";
				TargetAttributes = {
					A37B73671F67E850008B92B8 = {
						CreatedOnToolsVersion = 8.3.3;
						DevelopmentTeam = ZQ32RSDG42;
						ProvisioningStyle = Automatic;
					};
				};
			};
			buildConfigurationList = A37B73631F67E850008B92B8 /* Build configuration list for PBXProject "LBTA-16-firebase-chat" */;
			compatibilityVersion = "Xcode 3.2";
			developmentRegion = English;
			hasScannedForEncodings = 0;
			knownRegions = (
				en,
				Base,
			);
			mainGroup = A37B735F1F67E850008B92B8;
			productRefGroup = A37B73691F67E850008B92B8 /* Products */;
			projectDirPath = "";
			projectRoot = "";
			targets = (
				A37B73671F67E850008B92B8 /* LBTA-16-firebase-chat */,
			);
		};
/* End PBXProject section */

/* Begin PBXResourcesBuildPhase section */
		A37B73661F67E850008B92B8 /* Resources */ = {
			isa = PBXResourcesBuildPhase;
			buildActionMask = 2147483647;
			files = (
				A37B73881F68808A008B92B8 /* GoogleService-Info.plist in Resources */,
				A37B73761F67E850008B92B8 /* LaunchScreen.storyboard in Resources */,
				A37B73731F67E850008B92B8 /* Assets.xcassets in Resources */,
			);
			runOnlyForDeploymentPostprocessing = 0;
		};
/* End PBXResourcesBuildPhase section */

/* Begin PBXShellScriptBuildPhase section */
		164F7BA0634B4A04DF3ECD1C /* [CP] Check Pods Manifest.lock */ = {
			isa = PBXShellScriptBuildPhase;
			buildActionMask = 2147483647;
			files = (
			);
			inputPaths = (
				"${PODS_PODFILE_DIR_PATH}/Podfile.lock",
				"${PODS_ROOT}/Manifest.lock",
			);
			name = "[CP] Check Pods Manifest.lock";
			outputPaths = (
				"$(DERIVED_FILE_DIR)/Pods-LBTA-16-firebase-chat-checkManifestLockResult.txt",
			);
			runOnlyForDeploymentPostprocessing = 0;
			shellPath = /bin/sh;
			shellScript = "diff \"${PODS_PODFILE_DIR_PATH}/Podfile.lock\" \"${PODS_ROOT}/Manifest.lock\" > /dev/null\nif [ $? != 0 ] ; then\n    # print error to STDERR\n    echo \"error: The sandbox is not in sync with the Podfile.lock. Run 'pod install' or update your CocoaPods installation.\" >&2\n    exit 1\nfi\n# This output is used by Xcode 'outputs' to avoid re-running this script phase.\necho \"SUCCESS\" > \"${SCRIPT_OUTPUT_FILE_0}\"\n";
			showEnvVarsInLog = 0;
		};
		7BCDB4CA8B3FAB1668A0524A /* [CP] Embed Pods Frameworks */ = {
			isa = PBXShellScriptBuildPhase;
			buildActionMask = 2147483647;
			files = (
			);
			inputPaths = (
				"${SRCROOT}/Pods/Target Support Files/Pods-LBTA-16-firebase-chat/Pods-LBTA-16-firebase-chat-frameworks.sh",
				"${BUILT_PRODUCTS_DIR}/GTMSessionFetcher/GTMSessionFetcher.framework",
				"${BUILT_PRODUCTS_DIR}/GoogleToolboxForMac/GoogleToolboxForMac.framework",
				"${BUILT_PRODUCTS_DIR}/leveldb-library/leveldb.framework",
				"${BUILT_PRODUCTS_DIR}/nanopb/nanopb.framework",
			);
			name = "[CP] Embed Pods Frameworks";
			outputPaths = (
				"${TARGET_BUILD_DIR}/${FRAMEWORKS_FOLDER_PATH}/GTMSessionFetcher.framework",
				"${TARGET_BUILD_DIR}/${FRAMEWORKS_FOLDER_PATH}/GoogleToolboxForMac.framework",
				"${TARGET_BUILD_DIR}/${FRAMEWORKS_FOLDER_PATH}/leveldb.framework",
				"${TARGET_BUILD_DIR}/${FRAMEWORKS_FOLDER_PATH}/nanopb.framework",
			);
			runOnlyForDeploymentPostprocessing = 0;
			shellPath = /bin/sh;
			shellScript = "\"${SRCROOT}/Pods/Target Support Files/Pods-LBTA-16-firebase-chat/Pods-LBTA-16-firebase-chat-frameworks.sh\"\n";
			showEnvVarsInLog = 0;
		};
		A2B51FDA63A8A8153DBCBABE /* [CP] Copy Pods Resources */ = {
			isa = PBXShellScriptBuildPhase;
			buildActionMask = 2147483647;
			files = (
			);
			inputPaths = (
			);
			name = "[CP] Copy Pods Resources";
			outputPaths = (
			);
			runOnlyForDeploymentPostprocessing = 0;
			shellPath = /bin/sh;
			shellScript = "\"${SRCROOT}/Pods/Target Support Files/Pods-LBTA-16-firebase-chat/Pods-LBTA-16-firebase-chat-resources.sh\"\n";
			showEnvVarsInLog = 0;
		};
/* End PBXShellScriptBuildPhase section */

/* Begin PBXSourcesBuildPhase section */
		A37B73641F67E850008B92B8 /* Sources */ = {
			isa = PBXSourcesBuildPhase;
			buildActionMask = 2147483647;
			files = (
				A37B73861F67FE5E008B92B8 /* LoginController.swift in Sources */,
				A37B73811F67E8AF008B92B8 /* BaseCell.swift in Sources */,
				A37B736E1F67E850008B92B8 /* MessagesController.swift in Sources */,
				A37B737F1F67E893008B92B8 /* Extensions.swift in Sources */,
				A37B738D1F68B0E9008B92B8 /* ChatUser.swift in Sources */,
				A37B73901F68B3C0008B92B8 /* UserCell.swift in Sources */,
				A37B738A1F68AD25008B92B8 /* NewMessageController.swift in Sources */,
				A37B736C1F67E850008B92B8 /* AppDelegate.swift in Sources */,
				A37B73831F67E8D8008B92B8 /* CustomImageView.swift in Sources */,
			);
			runOnlyForDeploymentPostprocessing = 0;
		};
/* End PBXSourcesBuildPhase section */

/* Begin PBXVariantGroup section */
		A37B73741F67E850008B92B8 /* LaunchScreen.storyboard */ = {
			isa = PBXVariantGroup;
			children = (
				A37B73751F67E850008B92B8 /* Base */,
			);
			name = LaunchScreen.storyboard;
			sourceTree = "<group>";
		};
/* End PBXVariantGroup section */

/* Begin XCBuildConfiguration section */
		A37B73781F67E850008B92B8 /* Debug */ = {
			isa = XCBuildConfiguration;
			buildSettings = {
				ALWAYS_SEARCH_USER_PATHS = NO;
				CLANG_ANALYZER_NONNULL = YES;
				CLANG_ANALYZER_NUMBER_OBJECT_CONVERSION = YES_AGGRESSIVE;
				CLANG_CXX_LANGUAGE_STANDARD = "gnu++0x";
				CLANG_CXX_LIBRARY = "libc++";
				CLANG_ENABLE_MODULES = YES;
				CLANG_ENABLE_OBJC_ARC = YES;
				CLANG_WARN_BOOL_CONVERSION = YES;
				CLANG_WARN_CONSTANT_CONVERSION = YES;
				CLANG_WARN_DIRECT_OBJC_ISA_USAGE = YES_ERROR;
				CLANG_WARN_DOCUMENTATION_COMMENTS = YES;
				CLANG_WARN_EMPTY_BODY = YES;
				CLANG_WARN_ENUM_CONVERSION = YES;
				CLANG_WARN_INFINITE_RECURSION = YES;
				CLANG_WARN_INT_CONVERSION = YES;
				CLANG_WARN_OBJC_ROOT_CLASS = YES_ERROR;
				CLANG_WARN_SUSPICIOUS_MOVE = YES;
				CLANG_WARN_UNREACHABLE_CODE = YES;
				CLANG_WARN__DUPLICATE_METHOD_MATCH = YES;
				"CODE_SIGN_IDENTITY[sdk=iphoneos*]" = "iPhone Developer";
				COPY_PHASE_STRIP = NO;
				DEBUG_INFORMATION_FORMAT = dwarf;
				ENABLE_STRICT_OBJC_MSGSEND = YES;
				ENABLE_TESTABILITY = YES;
				GCC_C_LANGUAGE_STANDARD = gnu99;
				GCC_DYNAMIC_NO_PIC = NO;
				GCC_NO_COMMON_BLOCKS = YES;
				GCC_OPTIMIZATION_LEVEL = 0;
				GCC_PREPROCESSOR_DEFINITIONS = (
					"DEBUG=1",
					"$(inherited)",
				);
				GCC_WARN_64_TO_32_BIT_CONVERSION = YES;
				GCC_WARN_ABOUT_RETURN_TYPE = YES_ERROR;
				GCC_WARN_UNDECLARED_SELECTOR = YES;
				GCC_WARN_UNINITIALIZED_AUTOS = YES_AGGRESSIVE;
				GCC_WARN_UNUSED_FUNCTION = YES;
				GCC_WARN_UNUSED_VARIABLE = YES;
				IPHONEOS_DEPLOYMENT_TARGET = 10.3;
				MTL_ENABLE_DEBUG_INFO = YES;
				ONLY_ACTIVE_ARCH = YES;
				SDKROOT = iphoneos;
				SWIFT_ACTIVE_COMPILATION_CONDITIONS = DEBUG;
				SWIFT_OPTIMIZATION_LEVEL = "-Onone";
				TARGETED_DEVICE_FAMILY = "1,2";
			};
			name = Debug;
		};
		A37B73791F67E850008B92B8 /* Release */ = {
			isa = XCBuildConfiguration;
			buildSettings = {
				ALWAYS_SEARCH_USER_PATHS = NO;
				CLANG_ANALYZER_NONNULL = YES;
				CLANG_ANALYZER_NUMBER_OBJECT_CONVERSION = YES_AGGRESSIVE;
				CLANG_CXX_LANGUAGE_STANDARD = "gnu++0x";
				CLANG_CXX_LIBRARY = "libc++";
				CLANG_ENABLE_MODULES = YES;
				CLANG_ENABLE_OBJC_ARC = YES;
				CLANG_WARN_BOOL_CONVERSION = YES;
				CLANG_WARN_CONSTANT_CONVERSION = YES;
				CLANG_WARN_DIRECT_OBJC_ISA_USAGE = YES_ERROR;
				CLANG_WARN_DOCUMENTATION_COMMENTS = YES;
				CLANG_WARN_EMPTY_BODY = YES;
				CLANG_WARN_ENUM_CONVERSION = YES;
				CLANG_WARN_INFINITE_RECURSION = YES;
				CLANG_WARN_INT_CONVERSION = YES;
				CLANG_WARN_OBJC_ROOT_CLASS = YES_ERROR;
				CLANG_WARN_SUSPICIOUS_MOVE = YES;
				CLANG_WARN_UNREACHABLE_CODE = YES;
				CLANG_WARN__DUPLICATE_METHOD_MATCH = YES;
				"CODE_SIGN_IDENTITY[sdk=iphoneos*]" = "iPhone Developer";
				COPY_PHASE_STRIP = NO;
				DEBUG_INFORMATION_FORMAT = "dwarf-with-dsym";
				ENABLE_NS_ASSERTIONS = NO;
				ENABLE_STRICT_OBJC_MSGSEND = YES;
				GCC_C_LANGUAGE_STANDARD = gnu99;
				GCC_NO_COMMON_BLOCKS = YES;
				GCC_WARN_64_TO_32_BIT_CONVERSION = YES;
				GCC_WARN_ABOUT_RETURN_TYPE = YES_ERROR;
				GCC_WARN_UNDECLARED_SELECTOR = YES;
				GCC_WARN_UNINITIALIZED_AUTOS = YES_AGGRESSIVE;
				GCC_WARN_UNUSED_FUNCTION = YES;
				GCC_WARN_UNUSED_VARIABLE = YES;
				IPHONEOS_DEPLOYMENT_TARGET = 10.3;
				MTL_ENABLE_DEBUG_INFO = NO;
				SDKROOT = iphoneos;
				SWIFT_OPTIMIZATION_LEVEL = "-Owholemodule";
				TARGETED_DEVICE_FAMILY = "1,2";
				VALIDATE_PRODUCT = YES;
			};
			name = Release;
		};
		A37B737B1F67E850008B92B8 /* Debug */ = {
			isa = XCBuildConfiguration;
			baseConfigurationReference = 421D953E323D8108B4ADAF37 /* Pods-LBTA-16-firebase-chat.debug.xcconfig */;
			buildSettings = {
				ASSETCATALOG_COMPILER_APPICON_NAME = AppIcon;
				DEVELOPMENT_TEAM = ZQ32RSDG42;
				INFOPLIST_FILE = "LBTA-16-firebase-chat/Info.plist";
				LD_RUNPATH_SEARCH_PATHS = "$(inherited) @executable_path/Frameworks";
				PRODUCT_BUNDLE_IDENTIFIER = "com.alexanderbaran.LBTA-16-firebase-chat";
				PRODUCT_NAME = "$(TARGET_NAME)";
				SWIFT_VERSION = 3.0;
			};
			name = Debug;
		};
		A37B737C1F67E850008B92B8 /* Release */ = {
			isa = XCBuildConfiguration;
			baseConfigurationReference = F3DC043B0FF1C9976DB42E4C /* Pods-LBTA-16-firebase-chat.release.xcconfig */;
			buildSettings = {
				ASSETCATALOG_COMPILER_APPICON_NAME = AppIcon;
				DEVELOPMENT_TEAM = ZQ32RSDG42;
				INFOPLIST_FILE = "LBTA-16-firebase-chat/Info.plist";
				LD_RUNPATH_SEARCH_PATHS = "$(inherited) @executable_path/Frameworks";
				PRODUCT_BUNDLE_IDENTIFIER = "com.alexanderbaran.LBTA-16-firebase-chat";
				PRODUCT_NAME = "$(TARGET_NAME)";
				SWIFT_VERSION = 3.0;
			};
			name = Release;
		};
/* End XCBuildConfiguration section */

/* Begin XCConfigurationList section */
		A37B73631F67E850008B92B8 /* Build configuration list for PBXProject "LBTA-16-firebase-chat" */ = {
			isa = XCConfigurationList;
			buildConfigurations = (
				A37B73781F67E850008B92B8 /* Debug */,
				A37B73791F67E850008B92B8 /* Release */,
			);
			defaultConfigurationIsVisible = 0;
			defaultConfigurationName = Release;
		};
		A37B737A1F67E850008B92B8 /* Build configuration list for PBXNativeTarget "LBTA-16-firebase-chat" */ = {
			isa = XCConfigurationList;
			buildConfigurations = (
				A37B737B1F67E850008B92B8 /* Debug */,
				A37B737C1F67E850008B92B8 /* Release */,
			);
			defaultConfigurationIsVisible = 0;
			defaultConfigurationName = Release;
		};
/* End XCConfigurationList section */
	};
	rootObject = A37B73601F67E850008B92B8 /* Project object */;
}
