// !$*UTF8*$!
{
	archiveVersion = 1;
	classes = {
	};
	objectVersion = 46;
	objects = {

/* Begin PBXBuildFile section */
		91128D3659F58344A74C6D16 /* Pods_LBTA_18_twitter.framework in Frameworks */ = {isa = PBXBuildFile; fileRef = 6D7E18A1433AC03857802358 /* Pods_LBTA_18_twitter.framework */; };
		A37B73EC1F701C3F008B92B8 /* AppDelegate.swift in Sources */ = {isa = PBXBuildFile; fileRef = A37B73EB1F701C3F008B92B8 /* AppDelegate.swift */; };
		A37B73F31F701C3F008B92B8 /* Assets.xcassets in Resources */ = {isa = PBXBuildFile; fileRef = A37B73F21F701C3F008B92B8 /* Assets.xcassets */; };
		A37B73F61F701C3F008B92B8 /* LaunchScreen.storyboard in Resources */ = {isa = PBXBuildFile; fileRef = A37B73F41F701C3F008B92B8 /* LaunchScreen.storyboard */; };
		A37B73FF1F701D0F008B92B8 /* Extensions.swift in Sources */ = {isa = PBXBuildFile; fileRef = A37B73FE1F701D0F008B92B8 /* Extensions.swift */; };
		A37B74011F701D2C008B92B8 /* BaseCell.swift in Sources */ = {isa = PBXBuildFile; fileRef = A37B74001F701D2C008B92B8 /* BaseCell.swift */; };
		A37B74031F701D45008B92B8 /* CustomImageView.swift in Sources */ = {isa = PBXBuildFile; fileRef = A37B74021F701D45008B92B8 /* CustomImageView.swift */; };
		A37B74051F701E0B008B92B8 /* HomeController.swift in Sources */ = {isa = PBXBuildFile; fileRef = A37B74041F701E0B008B92B8 /* HomeController.swift */; };
		A37B740A1F701F81008B92B8 /* WorldCell.swift in Sources */ = {isa = PBXBuildFile; fileRef = A37B74091F701F81008B92B8 /* WorldCell.swift */; };
		A37B740C1F706199008B92B8 /* HomeDatasourceController.swift in Sources */ = {isa = PBXBuildFile; fileRef = A37B740B1F706199008B92B8 /* HomeDatasourceController.swift */; };
		A37B740E1F706FCA008B92B8 /* UserFooter.swift in Sources */ = {isa = PBXBuildFile; fileRef = A37B740D1F706FCA008B92B8 /* UserFooter.swift */; };
		A37B74101F706FED008B92B8 /* UserHeader.swift in Sources */ = {isa = PBXBuildFile; fileRef = A37B740F1F706FED008B92B8 /* UserHeader.swift */; };
		A37B74121F70700F008B92B8 /* UserCell.swift in Sources */ = {isa = PBXBuildFile; fileRef = A37B74111F70700F008B92B8 /* UserCell.swift */; };
		A37B74141F707037008B92B8 /* HomeDatasource.swift in Sources */ = {isa = PBXBuildFile; fileRef = A37B74131F707037008B92B8 /* HomeDatasource.swift */; };
		A37B74161F70844C008B92B8 /* User.swift in Sources */ = {isa = PBXBuildFile; fileRef = A37B74151F70844C008B92B8 /* User.swift */; };
		A37B74181F70BE4D008B92B8 /* HomeDatasourceController+navbar.swift in Sources */ = {isa = PBXBuildFile; fileRef = A37B74171F70BE4D008B92B8 /* HomeDatasourceController+navbar.swift */; };
		A37B741A1F70C507008B92B8 /* TweetCell.swift in Sources */ = {isa = PBXBuildFile; fileRef = A37B74191F70C507008B92B8 /* TweetCell.swift */; };
		A37B741C1F70C9E5008B92B8 /* Tweet.swift in Sources */ = {isa = PBXBuildFile; fileRef = A37B741B1F70C9E5008B92B8 /* Tweet.swift */; };
/* End PBXBuildFile section */

/* Begin PBXFileReference section */
		5071B2158933CA7E8BF18350 /* Pods-LBTA-18-twitter.release.xcconfig */ = {isa = PBXFileReference; includeInIndex = 1; lastKnownFileType = text.xcconfig; name = "Pods-LBTA-18-twitter.release.xcconfig"; path = "Pods/Target Support Files/Pods-LBTA-18-twitter/Pods-LBTA-18-twitter.release.xcconfig"; sourceTree = "<group>"; };
		6D7E18A1433AC03857802358 /* Pods_LBTA_18_twitter.framework */ = {isa = PBXFileReference; explicitFileType = wrapper.framework; includeInIndex = 0; path = Pods_LBTA_18_twitter.framework; sourceTree = BUILT_PRODUCTS_DIR; };
		A37B73E81F701C3F008B92B8 /* LBTA-18-twitter.app */ = {isa = PBXFileReference; explicitFileType = wrapper.application; includeInIndex = 0; path = "LBTA-18-twitter.app"; sourceTree = BUILT_PRODUCTS_DIR; };
		A37B73EB1F701C3F008B92B8 /* AppDelegate.swift */ = {isa = PBXFileReference; lastKnownFileType = sourcecode.swift; path = AppDelegate.swift; sourceTree = "<group>"; };
		A37B73F21F701C3F008B92B8 /* Assets.xcassets */ = {isa = PBXFileReference; lastKnownFileType = folder.assetcatalog; path = Assets.xcassets; sourceTree = "<group>"; };
		A37B73F51F701C3F008B92B8 /* Base */ = {isa = PBXFileReference; lastKnownFileType = file.storyboard; name = Base; path = Base.lproj/LaunchScreen.storyboard; sourceTree = "<group>"; };
		A37B73F71F701C3F008B92B8 /* Info.plist */ = {isa = PBXFileReference; lastKnownFileType = text.plist.xml; path = Info.plist; sourceTree = "<group>"; };
		A37B73FE1F701D0F008B92B8 /* Extensions.swift */ = {isa = PBXFileReference; fileEncoding = 4; lastKnownFileType = sourcecode.swift; path = Extensions.swift; sourceTree = "<group>"; };
		A37B74001F701D2C008B92B8 /* BaseCell.swift */ = {isa = PBXFileReference; fileEncoding = 4; lastKnownFileType = sourcecode.swift; path = BaseCell.swift; sourceTree = "<group>"; };
		A37B74021F701D45008B92B8 /* CustomImageView.swift */ = {isa = PBXFileReference; fileEncoding = 4; lastKnownFileType = sourcecode.swift; path = CustomImageView.swift; sourceTree = "<group>"; };
		A37B74041F701E0B008B92B8 /* HomeController.swift */ = {isa = PBXFileReference; fileEncoding = 4; lastKnownFileType = sourcecode.swift; path = HomeController.swift; sourceTree = "<group>"; };
		A37B74091F701F81008B92B8 /* WorldCell.swift */ = {isa = PBXFileReference; fileEncoding = 4; lastKnownFileType = sourcecode.swift; path = WorldCell.swift; sourceTree = "<group>"; };
		A37B740B1F706199008B92B8 /* HomeDatasourceController.swift */ = {isa = PBXFileReference; fileEncoding = 4; lastKnownFileType = sourcecode.swift; path = HomeDatasourceController.swift; sourceTree = "<group>"; };
		A37B740D1F706FCA008B92B8 /* UserFooter.swift */ = {isa = PBXFileReference; fileEncoding = 4; lastKnownFileType = sourcecode.swift; path = UserFooter.swift; sourceTree = "<group>"; };
		A37B740F1F706FED008B92B8 /* UserHeader.swift */ = {isa = PBXFileReference; fileEncoding = 4; lastKnownFileType = sourcecode.swift; path = UserHeader.swift; sourceTree = "<group>"; };
		A37B74111F70700F008B92B8 /* UserCell.swift */ = {isa = PBXFileReference; fileEncoding = 4; lastKnownFileType = sourcecode.swift; path = UserCell.swift; sourceTree = "<group>"; };
		A37B74131F707037008B92B8 /* HomeDatasource.swift */ = {isa = PBXFileReference; fileEncoding = 4; lastKnownFileType = sourcecode.swift; path = HomeDatasource.swift; sourceTree = "<group>"; };
		A37B74151F70844C008B92B8 /* User.swift */ = {isa = PBXFileReference; fileEncoding = 4; lastKnownFileType = sourcecode.swift; path = User.swift; sourceTree = "<group>"; };
		A37B74171F70BE4D008B92B8 /* HomeDatasourceController+navbar.swift */ = {isa = PBXFileReference; fileEncoding = 4; lastKnownFileType = sourcecode.swift; path = "HomeDatasourceController+navbar.swift"; sourceTree = "<group>"; };
		A37B74191F70C507008B92B8 /* TweetCell.swift */ = {isa = PBXFileReference; fileEncoding = 4; lastKnownFileType = sourcecode.swift; path = TweetCell.swift; sourceTree = "<group>"; };
		A37B741B1F70C9E5008B92B8 /* Tweet.swift */ = {isa = PBXFileReference; fileEncoding = 4; lastKnownFileType = sourcecode.swift; path = Tweet.swift; sourceTree = "<group>"; };
		F7562893118FB83877EC6848 /* Pods-LBTA-18-twitter.debug.xcconfig */ = {isa = PBXFileReference; includeInIndex = 1; lastKnownFileType = text.xcconfig; name = "Pods-LBTA-18-twitter.debug.xcconfig"; path = "Pods/Target Support Files/Pods-LBTA-18-twitter/Pods-LBTA-18-twitter.debug.xcconfig"; sourceTree = "<group>"; };
/* End PBXFileReference section */

/* Begin PBXFrameworksBuildPhase section */
		A37B73E51F701C3F008B92B8 /* Frameworks */ = {
			isa = PBXFrameworksBuildPhase;
			buildActionMask = 2147483647;
			files = (
				91128D3659F58344A74C6D16 /* Pods_LBTA_18_twitter.framework in Frameworks */,
			);
			runOnlyForDeploymentPostprocessing = 0;
		};
/* End PBXFrameworksBuildPhase section */

/* Begin PBXGroup section */
		6EC55BFD7BE319DAB58FD00D /* Pods */ = {
			isa = PBXGroup;
			children = (
				F7562893118FB83877EC6848 /* Pods-LBTA-18-twitter.debug.xcconfig */,
				5071B2158933CA7E8BF18350 /* Pods-LBTA-18-twitter.release.xcconfig */,
			);
			name = Pods;
			sourceTree = "<group>";
		};
		A37B73DF1F701C3F008B92B8 = {
			isa = PBXGroup;
			children = (
				A37B73EA1F701C3F008B92B8 /* LBTA-18-twitter */,
				A37B73E91F701C3F008B92B8 /* Products */,
				6EC55BFD7BE319DAB58FD00D /* Pods */,
				EE5938FD90EAC7D1FCD96B5A /* Frameworks */,
			);
			sourceTree = "<group>";
		};
		A37B73E91F701C3F008B92B8 /* Products */ = {
			isa = PBXGroup;
			children = (
				A37B73E81F701C3F008B92B8 /* LBTA-18-twitter.app */,
			);
			name = Products;
			sourceTree = "<group>";
		};
		A37B73EA1F701C3F008B92B8 /* LBTA-18-twitter */ = {
			isa = PBXGroup;
			children = (
				A37B73EB1F701C3F008B92B8 /* AppDelegate.swift */,
				A37B74061F701E92008B92B8 /* Model */,
				A37B74071F701E9A008B92B8 /* View */,
				A37B74081F701E9E008B92B8 /* Controller */,
				A37B73FD1F701CD0008B92B8 /* Helpers */,
				A37B73F21F701C3F008B92B8 /* Assets.xcassets */,
				A37B73F41F701C3F008B92B8 /* LaunchScreen.storyboard */,
				A37B73F71F701C3F008B92B8 /* Info.plist */,
			);
			path = "LBTA-18-twitter";
			sourceTree = "<group>";
		};
		A37B73FD1F701CD0008B92B8 /* Helpers */ = {
			isa = PBXGroup;
			children = (
				A37B74041F701E0B008B92B8 /* HomeController.swift */,
				A37B74091F701F81008B92B8 /* WorldCell.swift */,
				A37B74001F701D2C008B92B8 /* BaseCell.swift */,
				A37B73FE1F701D0F008B92B8 /* Extensions.swift */,
				A37B74021F701D45008B92B8 /* CustomImageView.swift */,
			);
			name = Helpers;
			sourceTree = "<group>";
		};
		A37B74061F701E92008B92B8 /* Model */ = {
			isa = PBXGroup;
			children = (
				A37B74131F707037008B92B8 /* HomeDatasource.swift */,
				A37B741B1F70C9E5008B92B8 /* Tweet.swift */,
				A37B74151F70844C008B92B8 /* User.swift */,
			);
			name = Model;
			sourceTree = "<group>";
		};
		A37B74071F701E9A008B92B8 /* View */ = {
			isa = PBXGroup;
			children = (
				A37B74111F70700F008B92B8 /* UserCell.swift */,
				A37B740F1F706FED008B92B8 /* UserHeader.swift */,
				A37B740D1F706FCA008B92B8 /* UserFooter.swift */,
				A37B74191F70C507008B92B8 /* TweetCell.swift */,
			);
			name = View;
			sourceTree = "<group>";
		};
		A37B74081F701E9E008B92B8 /* Controller */ = {
			isa = PBXGroup;
			children = (
				A37B740B1F706199008B92B8 /* HomeDatasourceController.swift */,
				A37B74171F70BE4D008B92B8 /* HomeDatasourceController+navbar.swift */,
			);
			name = Controller;
			sourceTree = "<group>";
		};
		EE5938FD90EAC7D1FCD96B5A /* Frameworks */ = {
			isa = PBXGroup;
			children = (
				6D7E18A1433AC03857802358 /* Pods_LBTA_18_twitter.framework */,
			);
			name = Frameworks;
			sourceTree = "<group>";
		};
/* End PBXGroup section */

/* Begin PBXNativeTarget section */
		A37B73E71F701C3F008B92B8 /* LBTA-18-twitter */ = {
			isa = PBXNativeTarget;
			buildConfigurationList = A37B73FA1F701C3F008B92B8 /* Build configuration list for PBXNativeTarget "LBTA-18-twitter" */;
			buildPhases = (
				FE9D99D6249E87DCEE0360EC /* [CP] Check Pods Manifest.lock */,
				A37B73E41F701C3F008B92B8 /* Sources */,
				A37B73E51F701C3F008B92B8 /* Frameworks */,
				A37B73E61F701C3F008B92B8 /* Resources */,
				FC1C125073C9AF87623FF14D /* [CP] Embed Pods Frameworks */,
				52C03C7F6AA96E54EEE732A7 /* [CP] Copy Pods Resources */,
			);
			buildRules = (
			);
			dependencies = (
			);
			name = "LBTA-18-twitter";
			productName = "LBTA-18-twitter";
			productReference = A37B73E81F701C3F008B92B8 /* LBTA-18-twitter.app */;
			productType = "com.apple.product-type.application";
		};
/* End PBXNativeTarget section */

/* Begin PBXProject section */
		A37B73E01F701C3F008B92B8 /* Project object */ = {
			isa = PBXProject;
			attributes = {
				LastSwiftUpdateCheck = 0830;
				LastUpgradeCheck = 0830;
				ORGANIZATIONNAME = "Alexander Baran";
				TargetAttributes = {
					A37B73E71F701C3F008B92B8 = {
						CreatedOnToolsVersion = 8.3.3;
						DevelopmentTeam = ZQ32RSDG42;
						ProvisioningStyle = Automatic;
					};
				};
			};
			buildConfigurationList = A37B73E31F701C3F008B92B8 /* Build configuration list for PBXProject "LBTA-18-twitter" */;
			compatibilityVersion = "Xcode 3.2";
			developmentRegion = English;
			hasScannedForEncodings = 0;
			knownRegions = (
				en,
				Base,
			);
			mainGroup = A37B73DF1F701C3F008B92B8;
			productRefGroup = A37B73E91F701C3F008B92B8 /* Products */;
			projectDirPath = "";
			projectRoot = "";
			targets = (
				A37B73E71F701C3F008B92B8 /* LBTA-18-twitter */,
			);
		};
/* End PBXProject section */

/* Begin PBXResourcesBuildPhase section */
		A37B73E61F701C3F008B92B8 /* Resources */ = {
			isa = PBXResourcesBuildPhase;
			buildActionMask = 2147483647;
			files = (
				A37B73F61F701C3F008B92B8 /* LaunchScreen.storyboard in Resources */,
				A37B73F31F701C3F008B92B8 /* Assets.xcassets in Resources */,
			);
			runOnlyForDeploymentPostprocessing = 0;
		};
/* End PBXResourcesBuildPhase section */

/* Begin PBXShellScriptBuildPhase section */
		52C03C7F6AA96E54EEE732A7 /* [CP] Copy Pods Resources */ = {
			isa = PBXShellScriptBuildPhase;
			buildActionMask = 2147483647;
			files = (
			);
			inputPaths = (
			);
			name = "[CP] Copy Pods Resources";
			outputPaths = (
			);
			runOnlyForDeploymentPostprocessing = 0;
			shellPath = /bin/sh;
			shellScript = "\"${SRCROOT}/Pods/Target Support Files/Pods-LBTA-18-twitter/Pods-LBTA-18-twitter-resources.sh\"\n";
			showEnvVarsInLog = 0;
		};
		FC1C125073C9AF87623FF14D /* [CP] Embed Pods Frameworks */ = {
			isa = PBXShellScriptBuildPhase;
			buildActionMask = 2147483647;
			files = (
			);
			inputPaths = (
				"${SRCROOT}/Pods/Target Support Files/Pods-LBTA-18-twitter/Pods-LBTA-18-twitter-frameworks.sh",
				"${BUILT_PRODUCTS_DIR}/LBTAComponents/LBTAComponents.framework",
			);
			name = "[CP] Embed Pods Frameworks";
			outputPaths = (
				"${TARGET_BUILD_DIR}/${FRAMEWORKS_FOLDER_PATH}/LBTAComponents.framework",
			);
			runOnlyForDeploymentPostprocessing = 0;
			shellPath = /bin/sh;
			shellScript = "\"${SRCROOT}/Pods/Target Support Files/Pods-LBTA-18-twitter/Pods-LBTA-18-twitter-frameworks.sh\"\n";
			showEnvVarsInLog = 0;
		};
		FE9D99D6249E87DCEE0360EC /* [CP] Check Pods Manifest.lock */ = {
			isa = PBXShellScriptBuildPhase;
			buildActionMask = 2147483647;
			files = (
			);
			inputPaths = (
				"${PODS_PODFILE_DIR_PATH}/Podfile.lock",
				"${PODS_ROOT}/Manifest.lock",
			);
			name = "[CP] Check Pods Manifest.lock";
			outputPaths = (
				"$(DERIVED_FILE_DIR)/Pods-LBTA-18-twitter-checkManifestLockResult.txt",
			);
			runOnlyForDeploymentPostprocessing = 0;
			shellPath = /bin/sh;
			shellScript = "diff \"${PODS_PODFILE_DIR_PATH}/Podfile.lock\" \"${PODS_ROOT}/Manifest.lock\" > /dev/null\nif [ $? != 0 ] ; then\n    # print error to STDERR\n    echo \"error: The sandbox is not in sync with the Podfile.lock. Run 'pod install' or update your CocoaPods installation.\" >&2\n    exit 1\nfi\n# This output is used by Xcode 'outputs' to avoid re-running this script phase.\necho \"SUCCESS\" > \"${SCRIPT_OUTPUT_FILE_0}\"\n";
			showEnvVarsInLog = 0;
		};
/* End PBXShellScriptBuildPhase section */

/* Begin PBXSourcesBuildPhase section */
		A37B73E41F701C3F008B92B8 /* Sources */ = {
			isa = PBXSourcesBuildPhase;
			buildActionMask = 2147483647;
			files = (
				A37B74011F701D2C008B92B8 /* BaseCell.swift in Sources */,
				A37B741A1F70C507008B92B8 /* TweetCell.swift in Sources */,
				A37B740E1F706FCA008B92B8 /* UserFooter.swift in Sources */,
				A37B74101F706FED008B92B8 /* UserHeader.swift in Sources */,
				A37B74181F70BE4D008B92B8 /* HomeDatasourceController+navbar.swift in Sources */,
				A37B74051F701E0B008B92B8 /* HomeController.swift in Sources */,
				A37B740C1F706199008B92B8 /* HomeDatasourceController.swift in Sources */,
				A37B73FF1F701D0F008B92B8 /* Extensions.swift in Sources */,
				A37B74141F707037008B92B8 /* HomeDatasource.swift in Sources */,
				A37B73EC1F701C3F008B92B8 /* AppDelegate.swift in Sources */,
				A37B741C1F70C9E5008B92B8 /* Tweet.swift in Sources */,
				A37B74161F70844C008B92B8 /* User.swift in Sources */,
				A37B740A1F701F81008B92B8 /* WorldCell.swift in Sources */,
				A37B74121F70700F008B92B8 /* UserCell.swift in Sources */,
				A37B74031F701D45008B92B8 /* CustomImageView.swift in Sources */,
			);
			runOnlyForDeploymentPostprocessing = 0;
		};
/* End PBXSourcesBuildPhase section */

/* Begin PBXVariantGroup section */
		A37B73F41F701C3F008B92B8 /* LaunchScreen.storyboard */ = {
			isa = PBXVariantGroup;
			children = (
				A37B73F51F701C3F008B92B8 /* Base */,
			);
			name = LaunchScreen.storyboard;
			sourceTree = "<group>";
		};
/* End PBXVariantGroup section */

/* Begin XCBuildConfiguration section */
		A37B73F81F701C3F008B92B8 /* Debug */ = {
			isa = XCBuildConfiguration;
			buildSettings = {
				ALWAYS_SEARCH_USER_PATHS = NO;
				CLANG_ANALYZER_NONNULL = YES;
				CLANG_ANALYZER_NUMBER_OBJECT_CONVERSION = YES_AGGRESSIVE;
				CLANG_CXX_LANGUAGE_STANDARD = "gnu++0x";
				CLANG_CXX_LIBRARY = "libc++";
				CLANG_ENABLE_MODULES = YES;
				CLANG_ENABLE_OBJC_ARC = YES;
				CLANG_WARN_BOOL_CONVERSION = YES;
				CLANG_WARN_CONSTANT_CONVERSION = YES;
				CLANG_WARN_DIRECT_OBJC_ISA_USAGE = YES_ERROR;
				CLANG_WARN_DOCUMENTATION_COMMENTS = YES;
				CLANG_WARN_EMPTY_BODY = YES;
				CLANG_WARN_ENUM_CONVERSION = YES;
				CLANG_WARN_INFINITE_RECURSION = YES;
				CLANG_WARN_INT_CONVERSION = YES;
				CLANG_WARN_OBJC_ROOT_CLASS = YES_ERROR;
				CLANG_WARN_SUSPICIOUS_MOVE = YES;
				CLANG_WARN_UNREACHABLE_CODE = YES;
				CLANG_WARN__DUPLICATE_METHOD_MATCH = YES;
				"CODE_SIGN_IDENTITY[sdk=iphoneos*]" = "iPhone Developer";
				COPY_PHASE_STRIP = NO;
				DEBUG_INFORMATION_FORMAT = dwarf;
				ENABLE_STRICT_OBJC_MSGSEND = YES;
				ENABLE_TESTABILITY = YES;
				GCC_C_LANGUAGE_STANDARD = gnu99;
				GCC_DYNAMIC_NO_PIC = NO;
				GCC_NO_COMMON_BLOCKS = YES;
				GCC_OPTIMIZATION_LEVEL = 0;
				GCC_PREPROCESSOR_DEFINITIONS = (
					"DEBUG=1",
					"$(inherited)",
				);
				GCC_WARN_64_TO_32_BIT_CONVERSION = YES;
				GCC_WARN_ABOUT_RETURN_TYPE = YES_ERROR;
				GCC_WARN_UNDECLARED_SELECTOR = YES;
				GCC_WARN_UNINITIALIZED_AUTOS = YES_AGGRESSIVE;
				GCC_WARN_UNUSED_FUNCTION = YES;
				GCC_WARN_UNUSED_VARIABLE = YES;
				IPHONEOS_DEPLOYMENT_TARGET = 10.3;
				MTL_ENABLE_DEBUG_INFO = YES;
				ONLY_ACTIVE_ARCH = YES;
				SDKROOT = iphoneos;
				SWIFT_ACTIVE_COMPILATION_CONDITIONS = DEBUG;
				SWIFT_OPTIMIZATION_LEVEL = "-Onone";
				TARGETED_DEVICE_FAMILY = "1,2";
			};
			name = Debug;
		};
		A37B73F91F701C3F008B92B8 /* Release */ = {
			isa = XCBuildConfiguration;
			buildSettings = {
				ALWAYS_SEARCH_USER_PATHS = NO;
				CLANG_ANALYZER_NONNULL = YES;
				CLANG_ANALYZER_NUMBER_OBJECT_CONVERSION = YES_AGGRESSIVE;
				CLANG_CXX_LANGUAGE_STANDARD = "gnu++0x";
				CLANG_CXX_LIBRARY = "libc++";
				CLANG_ENABLE_MODULES = YES;
				CLANG_ENABLE_OBJC_ARC = YES;
				CLANG_WARN_BOOL_CONVERSION = YES;
				CLANG_WARN_CONSTANT_CONVERSION = YES;
				CLANG_WARN_DIRECT_OBJC_ISA_USAGE = YES_ERROR;
				CLANG_WARN_DOCUMENTATION_COMMENTS = YES;
				CLANG_WARN_EMPTY_BODY = YES;
				CLANG_WARN_ENUM_CONVERSION = YES;
				CLANG_WARN_INFINITE_RECURSION = YES;
				CLANG_WARN_INT_CONVERSION = YES;
				CLANG_WARN_OBJC_ROOT_CLASS = YES_ERROR;
				CLANG_WARN_SUSPICIOUS_MOVE = YES;
				CLANG_WARN_UNREACHABLE_CODE = YES;
				CLANG_WARN__DUPLICATE_METHOD_MATCH = YES;
				"CODE_SIGN_IDENTITY[sdk=iphoneos*]" = "iPhone Developer";
				COPY_PHASE_STRIP = NO;
				DEBUG_INFORMATION_FORMAT = "dwarf-with-dsym";
				ENABLE_NS_ASSERTIONS = NO;
				ENABLE_STRICT_OBJC_MSGSEND = YES;
				GCC_C_LANGUAGE_STANDARD = gnu99;
				GCC_NO_COMMON_BLOCKS = YES;
				GCC_WARN_64_TO_32_BIT_CONVERSION = YES;
				GCC_WARN_ABOUT_RETURN_TYPE = YES_ERROR;
				GCC_WARN_UNDECLARED_SELECTOR = YES;
				GCC_WARN_UNINITIALIZED_AUTOS = YES_AGGRESSIVE;
				GCC_WARN_UNUSED_FUNCTION = YES;
				GCC_WARN_UNUSED_VARIABLE = YES;
				IPHONEOS_DEPLOYMENT_TARGET = 10.3;
				MTL_ENABLE_DEBUG_INFO = NO;
				SDKROOT = iphoneos;
				SWIFT_OPTIMIZATION_LEVEL = "-Owholemodule";
				TARGETED_DEVICE_FAMILY = "1,2";
				VALIDATE_PRODUCT = YES;
			};
			name = Release;
		};
		A37B73FB1F701C3F008B92B8 /* Debug */ = {
			isa = XCBuildConfiguration;
			baseConfigurationReference = F7562893118FB83877EC6848 /* Pods-LBTA-18-twitter.debug.xcconfig */;
			buildSettings = {
				ASSETCATALOG_COMPILER_APPICON_NAME = AppIcon;
				DEVELOPMENT_TEAM = ZQ32RSDG42;
				INFOPLIST_FILE = "LBTA-18-twitter/Info.plist";
				LD_RUNPATH_SEARCH_PATHS = "$(inherited) @executable_path/Frameworks";
				PRODUCT_BUNDLE_IDENTIFIER = "com.alexanderbaran.LBTA-18-twitter";
				PRODUCT_NAME = "$(TARGET_NAME)";
				SWIFT_VERSION = 3.0;
			};
			name = Debug;
		};
		A37B73FC1F701C3F008B92B8 /* Release */ = {
			isa = XCBuildConfiguration;
			baseConfigurationReference = 5071B2158933CA7E8BF18350 /* Pods-LBTA-18-twitter.release.xcconfig */;
			buildSettings = {
				ASSETCATALOG_COMPILER_APPICON_NAME = AppIcon;
				DEVELOPMENT_TEAM = ZQ32RSDG42;
				INFOPLIST_FILE = "LBTA-18-twitter/Info.plist";
				LD_RUNPATH_SEARCH_PATHS = "$(inherited) @executable_path/Frameworks";
				PRODUCT_BUNDLE_IDENTIFIER = "com.alexanderbaran.LBTA-18-twitter";
				PRODUCT_NAME = "$(TARGET_NAME)";
				SWIFT_VERSION = 3.0;
			};
			name = Release;
		};
/* End XCBuildConfiguration section */

/* Begin XCConfigurationList section */
		A37B73E31F701C3F008B92B8 /* Build configuration list for PBXProject "LBTA-18-twitter" */ = {
			isa = XCConfigurationList;
			buildConfigurations = (
				A37B73F81F701C3F008B92B8 /* Debug */,
				A37B73F91F701C3F008B92B8 /* Release */,
			);
			defaultConfigurationIsVisible = 0;
			defaultConfigurationName = Release;
		};
		A37B73FA1F701C3F008B92B8 /* Build configuration list for PBXNativeTarget "LBTA-18-twitter" */ = {
			isa = XCConfigurationList;
			buildConfigurations = (
				A37B73FB1F701C3F008B92B8 /* Debug */,
				A37B73FC1F701C3F008B92B8 /* Release */,
			);
			defaultConfigurationIsVisible = 0;
			defaultConfigurationName = Release;
		};
/* End XCConfigurationList section */
	};
	rootObject = A37B73E01F701C3F008B92B8 /* Project object */;
}
