// !$*UTF8*$!
{
	archiveVersion = 1;
	classes = {
	};
	objectVersion = 46;
	objects = {

/* Begin PBXBuildFile section */
		A30734411F7213D7000C28E1 /* AppDelegate.swift in Sources */ = {isa = PBXBuildFile; fileRef = A30734401F7213D7000C28E1 /* AppDelegate.swift */; };
		A30734431F7213D7000C28E1 /* ViewController.swift in Sources */ = {isa = PBXBuildFile; fileRef = A30734421F7213D7000C28E1 /* ViewController.swift */; };
		A30734461F7213D7000C28E1 /* Main.storyboard in Resources */ = {isa = PBXBuildFile; fileRef = A30734441F7213D7000C28E1 /* Main.storyboard */; };
		A30734481F7213D7000C28E1 /* Assets.xcassets in Resources */ = {isa = PBXBuildFile; fileRef = A30734471F7213D7000C28E1 /* Assets.xcassets */; };
		A307344B1F7213D7000C28E1 /* LaunchScreen.storyboard in Resources */ = {isa = PBXBuildFile; fileRef = A30734491F7213D7000C28E1 /* LaunchScreen.storyboard */; };
/* End PBXBuildFile section */

/* Begin PBXFileReference section */
		A307343D1F7213D7000C28E1 /* LBTA-20-instagram.app */ = {isa = PBXFileReference; explicitFileType = wrapper.application; includeInIndex = 0; path = "LBTA-20-instagram.app"; sourceTree = BUILT_PRODUCTS_DIR; };
		A30734401F7213D7000C28E1 /* AppDelegate.swift */ = {isa = PBXFileReference; lastKnownFileType = sourcecode.swift; path = AppDelegate.swift; sourceTree = "<group>"; };
		A30734421F7213D7000C28E1 /* ViewController.swift */ = {isa = PBXFileReference; lastKnownFileType = sourcecode.swift; path = ViewController.swift; sourceTree = "<group>"; };
		A30734451F7213D7000C28E1 /* Base */ = {isa = PBXFileReference; lastKnownFileType = file.storyboard; name = Base; path = Base.lproj/Main.storyboard; sourceTree = "<group>"; };
		A30734471F7213D7000C28E1 /* Assets.xcassets */ = {isa = PBXFileReference; lastKnownFileType = folder.assetcatalog; path = Assets.xcassets; sourceTree = "<group>"; };
		A307344A1F7213D7000C28E1 /* Base */ = {isa = PBXFileReference; lastKnownFileType = file.storyboard; name = Base; path = Base.lproj/LaunchScreen.storyboard; sourceTree = "<group>"; };
		A307344C1F7213D7000C28E1 /* Info.plist */ = {isa = PBXFileReference; lastKnownFileType = text.plist.xml; path = Info.plist; sourceTree = "<group>"; };
/* End PBXFileReference section */

/* Begin PBXFrameworksBuildPhase section */
		A307343A1F7213D7000C28E1 /* Frameworks */ = {
			isa = PBXFrameworksBuildPhase;
			buildActionMask = 2147483647;
			files = (
			);
			runOnlyForDeploymentPostprocessing = 0;
		};
/* End PBXFrameworksBuildPhase section */

/* Begin PBXGroup section */
		A30734341F7213D7000C28E1 = {
			isa = PBXGroup;
			children = (
				A307343F1F7213D7000C28E1 /* LBTA-20-instagram */,
				A307343E1F7213D7000C28E1 /* Products */,
			);
			sourceTree = "<group>";
		};
		A307343E1F7213D7000C28E1 /* Products */ = {
			isa = PBXGroup;
			children = (
				A307343D1F7213D7000C28E1 /* LBTA-20-instagram.app */,
			);
			name = Products;
			sourceTree = "<group>";
		};
		A307343F1F7213D7000C28E1 /* LBTA-20-instagram */ = {
			isa = PBXGroup;
			children = (
				A30734401F7213D7000C28E1 /* AppDelegate.swift */,
				A30734421F7213D7000C28E1 /* ViewController.swift */,
				A30734441F7213D7000C28E1 /* Main.storyboard */,
				A30734471F7213D7000C28E1 /* Assets.xcassets */,
				A30734491F7213D7000C28E1 /* LaunchScreen.storyboard */,
				A307344C1F7213D7000C28E1 /* Info.plist */,
			);
			path = "LBTA-20-instagram";
			sourceTree = "<group>";
		};
/* End PBXGroup section */

/* Begin PBXNativeTarget section */
		A307343C1F7213D7000C28E1 /* LBTA-20-instagram */ = {
			isa = PBXNativeTarget;
			buildConfigurationList = A307344F1F7213D7000C28E1 /* Build configuration list for PBXNativeTarget "LBTA-20-instagram" */;
			buildPhases = (
				A30734391F7213D7000C28E1 /* Sources */,
				A307343A1F7213D7000C28E1 /* Frameworks */,
				A307343B1F7213D7000C28E1 /* Resources */,
			);
			buildRules = (
			);
			dependencies = (
			);
			name = "LBTA-20-instagram";
			productName = "LBTA-20-instagram";
			productReference = A307343D1F7213D7000C28E1 /* LBTA-20-instagram.app */;
			productType = "com.apple.product-type.application";
		};
/* End PBXNativeTarget section */

/* Begin PBXProject section */
		A30734351F7213D7000C28E1 /* Project object */ = {
			isa = PBXProject;
			attributes = {
				LastSwiftUpdateCheck = 0830;
				LastUpgradeCheck = 0830;
				ORGANIZATIONNAME = "Alexander Baran";
				TargetAttributes = {
					A307343C1F7213D7000C28E1 = {
						CreatedOnToolsVersion = 8.3.3;
						DevelopmentTeam = ZQ32RSDG42;
						ProvisioningStyle = Automatic;
					};
				};
			};
			buildConfigurationList = A30734381F7213D7000C28E1 /* Build configuration list for PBXProject "LBTA-20-instagram" */;
			compatibilityVersion = "Xcode 3.2";
			developmentRegion = English;
			hasScannedForEncodings = 0;
			knownRegions = (
				en,
				Base,
			);
			mainGroup = A30734341F7213D7000C28E1;
			productRefGroup = A307343E1F7213D7000C28E1 /* Products */;
			projectDirPath = "";
			projectRoot = "";
			targets = (
				A307343C1F7213D7000C28E1 /* LBTA-20-instagram */,
			);
		};
/* End PBXProject section */

/* Begin PBXResourcesBuildPhase section */
		A307343B1F7213D7000C28E1 /* Resources */ = {
			isa = PBXResourcesBuildPhase;
			buildActionMask = 2147483647;
			files = (
				A307344B1F7213D7000C28E1 /* LaunchScreen.storyboard in Resources */,
				A30734481F7213D7000C28E1 /* Assets.xcassets in Resources */,
				A30734461F7213D7000C28E1 /* Main.storyboard in Resources */,
			);
			runOnlyForDeploymentPostprocessing = 0;
		};
/* End PBXResourcesBuildPhase section */

/* Begin PBXSourcesBuildPhase section */
		A30734391F7213D7000C28E1 /* Sources */ = {
			isa = PBXSourcesBuildPhase;
			buildActionMask = 2147483647;
			files = (
				A30734431F7213D7000C28E1 /* ViewController.swift in Sources */,
				A30734411F7213D7000C28E1 /* AppDelegate.swift in Sources */,
			);
			runOnlyForDeploymentPostprocessing = 0;
		};
/* End PBXSourcesBuildPhase section */

/* Begin PBXVariantGroup section */
		A30734441F7213D7000C28E1 /* Main.storyboard */ = {
			isa = PBXVariantGroup;
			children = (
				A30734451F7213D7000C28E1 /* Base */,
			);
			name = Main.storyboard;
			sourceTree = "<group>";
		};
		A30734491F7213D7000C28E1 /* LaunchScreen.storyboard */ = {
			isa = PBXVariantGroup;
			children = (
				A307344A1F7213D7000C28E1 /* Base */,
			);
			name = LaunchScreen.storyboard;
			sourceTree = "<group>";
		};
/* End PBXVariantGroup section */

/* Begin XCBuildConfiguration section */
		A307344D1F7213D7000C28E1 /* Debug */ = {
			isa = XCBuildConfiguration;
			buildSettings = {
				ALWAYS_SEARCH_USER_PATHS = NO;
				CLANG_ANALYZER_NONNULL = YES;
				CLANG_ANALYZER_NUMBER_OBJECT_CONVERSION = YES_AGGRESSIVE;
				CLANG_CXX_LANGUAGE_STANDARD = "gnu++0x";
				CLANG_CXX_LIBRARY = "libc++";
				CLANG_ENABLE_MODULES = YES;
				CLANG_ENABLE_OBJC_ARC = YES;
				CLANG_WARN_BOOL_CONVERSION = YES;
				CLANG_WARN_CONSTANT_CONVERSION = YES;
				CLANG_WARN_DIRECT_OBJC_ISA_USAGE = YES_ERROR;
				CLANG_WARN_DOCUMENTATION_COMMENTS = YES;
				CLANG_WARN_EMPTY_BODY = YES;
				CLANG_WARN_ENUM_CONVERSION = YES;
				CLANG_WARN_INFINITE_RECURSION = YES;
				CLANG_WARN_INT_CONVERSION = YES;
				CLANG_WARN_OBJC_ROOT_CLASS = YES_ERROR;
				CLANG_WARN_SUSPICIOUS_MOVE = YES;
				CLANG_WARN_UNREACHABLE_CODE = YES;
				CLANG_WARN__DUPLICATE_METHOD_MATCH = YES;
				"CODE_SIGN_IDENTITY[sdk=iphoneos*]" = "iPhone Developer";
				COPY_PHASE_STRIP = NO;
				DEBUG_INFORMATION_FORMAT = dwarf;
				ENABLE_STRICT_OBJC_MSGSEND = YES;
				ENABLE_TESTABILITY = YES;
				GCC_C_LANGUAGE_STANDARD = gnu99;
				GCC_DYNAMIC_NO_PIC = NO;
				GCC_NO_COMMON_BLOCKS = YES;
				GCC_OPTIMIZATION_LEVEL = 0;
				GCC_PREPROCESSOR_DEFINITIONS = (
					"DEBUG=1",
					"$(inherited)",
				);
				GCC_WARN_64_TO_32_BIT_CONVERSION = YES;
				GCC_WARN_ABOUT_RETURN_TYPE = YES_ERROR;
				GCC_WARN_UNDECLARED_SELECTOR = YES;
				GCC_WARN_UNINITIALIZED_AUTOS = YES_AGGRESSIVE;
				GCC_WARN_UNUSED_FUNCTION = YES;
				GCC_WARN_UNUSED_VARIABLE = YES;
				IPHONEOS_DEPLOYMENT_TARGET = 10.3;
				MTL_ENABLE_DEBUG_INFO = YES;
				ONLY_ACTIVE_ARCH = YES;
				SDKROOT = iphoneos;
				SWIFT_ACTIVE_COMPILATION_CONDITIONS = DEBUG;
				SWIFT_OPTIMIZATION_LEVEL = "-Onone";
				TARGETED_DEVICE_FAMILY = "1,2";
			};
			name = Debug;
		};
		A307344E1F7213D7000C28E1 /* Release */ = {
			isa = XCBuildConfiguration;
			buildSettings = {
				ALWAYS_SEARCH_USER_PATHS = NO;
				CLANG_ANALYZER_NONNULL = YES;
				CLANG_ANALYZER_NUMBER_OBJECT_CONVERSION = YES_AGGRESSIVE;
				CLANG_CXX_LANGUAGE_STANDARD = "gnu++0x";
				CLANG_CXX_LIBRARY = "libc++";
				CLANG_ENABLE_MODULES = YES;
				CLANG_ENABLE_OBJC_ARC = YES;
				CLANG_WARN_BOOL_CONVERSION = YES;
				CLANG_WARN_CONSTANT_CONVERSION = YES;
				CLANG_WARN_DIRECT_OBJC_ISA_USAGE = YES_ERROR;
				CLANG_WARN_DOCUMENTATION_COMMENTS = YES;
				CLANG_WARN_EMPTY_BODY = YES;
				CLANG_WARN_ENUM_CONVERSION = YES;
				CLANG_WARN_INFINITE_RECURSION = YES;
				CLANG_WARN_INT_CONVERSION = YES;
				CLANG_WARN_OBJC_ROOT_CLASS = YES_ERROR;
				CLANG_WARN_SUSPICIOUS_MOVE = YES;
				CLANG_WARN_UNREACHABLE_CODE = YES;
				CLANG_WARN__DUPLICATE_METHOD_MATCH = YES;
				"CODE_SIGN_IDENTITY[sdk=iphoneos*]" = "iPhone Developer";
				COPY_PHASE_STRIP = NO;
				DEBUG_INFORMATION_FORMAT = "dwarf-with-dsym";
				ENABLE_NS_ASSERTIONS = NO;
				ENABLE_STRICT_OBJC_MSGSEND = YES;
				GCC_C_LANGUAGE_STANDARD = gnu99;
				GCC_NO_COMMON_BLOCKS = YES;
				GCC_WARN_64_TO_32_BIT_CONVERSION = YES;
				GCC_WARN_ABOUT_RETURN_TYPE = YES_ERROR;
				GCC_WARN_UNDECLARED_SELECTOR = YES;
				GCC_WARN_UNINITIALIZED_AUTOS = YES_AGGRESSIVE;
				GCC_WARN_UNUSED_FUNCTION = YES;
				GCC_WARN_UNUSED_VARIABLE = YES;
				IPHONEOS_DEPLOYMENT_TARGET = 10.3;
				MTL_ENABLE_DEBUG_INFO = NO;
				SDKROOT = iphoneos;
				SWIFT_OPTIMIZATION_LEVEL = "-Owholemodule";
				TARGETED_DEVICE_FAMILY = "1,2";
				VALIDATE_PRODUCT = YES;
			};
			name = Release;
		};
		A30734501F7213D7000C28E1 /* Debug */ = {
			isa = XCBuildConfiguration;
			buildSettings = {
				ASSETCATALOG_COMPILER_APPICON_NAME = AppIcon;
				DEVELOPMENT_TEAM = ZQ32RSDG42;
				INFOPLIST_FILE = "LBTA-20-instagram/Info.plist";
				LD_RUNPATH_SEARCH_PATHS = "$(inherited) @executable_path/Frameworks";
				PRODUCT_BUNDLE_IDENTIFIER = "com.alexanderbaran.LBTA-20-instagram";
				PRODUCT_NAME = "$(TARGET_NAME)";
				SWIFT_VERSION = 3.0;
			};
			name = Debug;
		};
		A30734511F7213D7000C28E1 /* Release */ = {
			isa = XCBuildConfiguration;
			buildSettings = {
				ASSETCATALOG_COMPILER_APPICON_NAME = AppIcon;
				DEVELOPMENT_TEAM = ZQ32RSDG42;
				INFOPLIST_FILE = "LBTA-20-instagram/Info.plist";
				LD_RUNPATH_SEARCH_PATHS = "$(inherited) @executable_path/Frameworks";
				PRODUCT_BUNDLE_IDENTIFIER = "com.alexanderbaran.LBTA-20-instagram";
				PRODUCT_NAME = "$(TARGET_NAME)";
				SWIFT_VERSION = 3.0;
			};
			name = Release;
		};
/* End XCBuildConfiguration section */

/* Begin XCConfigurationList section */
		A30734381F7213D7000C28E1 /* Build configuration list for PBXProject "LBTA-20-instagram" */ = {
			isa = XCConfigurationList;
			buildConfigurations = (
				A307344D1F7213D7000C28E1 /* Debug */,
				A307344E1F7213D7000C28E1 /* Release */,
			);
			defaultConfigurationIsVisible = 0;
			defaultConfigurationName = Release;
		};
		A307344F1F7213D7000C28E1 /* Build configuration list for PBXNativeTarget "LBTA-20-instagram" */ = {
			isa = XCConfigurationList;
			buildConfigurations = (
				A30734501F7213D7000C28E1 /* Debug */,
				A30734511F7213D7000C28E1 /* Release */,
			);
			defaultConfigurationIsVisible = 0;
		};
/* End XCConfigurationList section */
	};
	rootObject = A30734351F7213D7000C28E1 /* Project object */;
}
