// !$*UTF8*$!
{
	archiveVersion = 1;
	classes = {
	};
	objectVersion = 46;
	objects = {

/* Begin PBXBuildFile section */
		A30734411F7213D7000C28E1 /* AppDelegate.swift in Sources */ = {isa = PBXBuildFile; fileRef = A30734401F7213D7000C28E1 /* AppDelegate.swift */; };
		A30734431F7213D7000C28E1 /* SignUpController.swift in Sources */ = {isa = PBXBuildFile; fileRef = A30734421F7213D7000C28E1 /* SignUpController.swift */; };
		A30734461F7213D7000C28E1 /* Main.storyboard in Resources */ = {isa = PBXBuildFile; fileRef = A30734441F7213D7000C28E1 /* Main.storyboard */; };
		A30734481F7213D7000C28E1 /* Assets.xcassets in Resources */ = {isa = PBXBuildFile; fileRef = A30734471F7213D7000C28E1 /* Assets.xcassets */; };
		A307344B1F7213D7000C28E1 /* LaunchScreen.storyboard in Resources */ = {isa = PBXBuildFile; fileRef = A30734491F7213D7000C28E1 /* LaunchScreen.storyboard */; };
		A30734541F729EE7000C28E1 /* Extensions.swift in Sources */ = {isa = PBXBuildFile; fileRef = A30734531F729EE7000C28E1 /* Extensions.swift */; };
		A30734561F72A0D0000C28E1 /* UIView+Anchors.swift in Sources */ = {isa = PBXBuildFile; fileRef = A30734551F72A0D0000C28E1 /* UIView+Anchors.swift */; };
		A30734581F72CF1E000C28E1 /* GoogleService-Info.plist in Resources */ = {isa = PBXBuildFile; fileRef = A30734571F72CF1E000C28E1 /* GoogleService-Info.plist */; };
		A307345A1F731069000C28E1 /* MainTabBarController.swift in Sources */ = {isa = PBXBuildFile; fileRef = A30734591F731069000C28E1 /* MainTabBarController.swift */; };
		A307345C1F7311BF000C28E1 /* UserProfileController.swift in Sources */ = {isa = PBXBuildFile; fileRef = A307345B1F7311BF000C28E1 /* UserProfileController.swift */; };
		A307345E1F733712000C28E1 /* BaseCell.swift in Sources */ = {isa = PBXBuildFile; fileRef = A307345D1F733712000C28E1 /* BaseCell.swift */; };
		A30734631F733984000C28E1 /* UserProfileHeader.swift in Sources */ = {isa = PBXBuildFile; fileRef = A30734621F733984000C28E1 /* UserProfileHeader.swift */; };
		A30734651F733B82000C28E1 /* CachedImageView.swift in Sources */ = {isa = PBXBuildFile; fileRef = A30734641F733B82000C28E1 /* CachedImageView.swift */; };
		A30734671F733BC7000C28E1 /* DiscardableImageCacheItem.swift in Sources */ = {isa = PBXBuildFile; fileRef = A30734661F733BC7000C28E1 /* DiscardableImageCacheItem.swift */; };
		A30734691F733E54000C28E1 /* User.swift in Sources */ = {isa = PBXBuildFile; fileRef = A30734681F733E54000C28E1 /* User.swift */; };
		A307346B1F7354E8000C28E1 /* LoginController.swift in Sources */ = {isa = PBXBuildFile; fileRef = A307346A1F7354E8000C28E1 /* LoginController.swift */; };
		C6675795AE5DCC2B9AFC463C /* Pods_LBTA_20_instagram.framework in Frameworks */ = {isa = PBXBuildFile; fileRef = FDC50FD3489C86F07D7AB0C3 /* Pods_LBTA_20_instagram.framework */; };
/* End PBXBuildFile section */

/* Begin PBXFileReference section */
		61161C8634D8A69416E86DA0 /* Pods-LBTA-20-instagram.release.xcconfig */ = {isa = PBXFileReference; includeInIndex = 1; lastKnownFileType = text.xcconfig; name = "Pods-LBTA-20-instagram.release.xcconfig"; path = "Pods/Target Support Files/Pods-LBTA-20-instagram/Pods-LBTA-20-instagram.release.xcconfig"; sourceTree = "<group>"; };
		85EBC3770D46EDB3010A3D5A /* Pods-LBTA-20-instagram.debug.xcconfig */ = {isa = PBXFileReference; includeInIndex = 1; lastKnownFileType = text.xcconfig; name = "Pods-LBTA-20-instagram.debug.xcconfig"; path = "Pods/Target Support Files/Pods-LBTA-20-instagram/Pods-LBTA-20-instagram.debug.xcconfig"; sourceTree = "<group>"; };
		A307343D1F7213D7000C28E1 /* LBTA-20-instagram.app */ = {isa = PBXFileReference; explicitFileType = wrapper.application; includeInIndex = 0; path = "LBTA-20-instagram.app"; sourceTree = BUILT_PRODUCTS_DIR; };
		A30734401F7213D7000C28E1 /* AppDelegate.swift */ = {isa = PBXFileReference; lastKnownFileType = sourcecode.swift; path = AppDelegate.swift; sourceTree = "<group>"; };
		A30734421F7213D7000C28E1 /* SignUpController.swift */ = {isa = PBXFileReference; lastKnownFileType = sourcecode.swift; path = SignUpController.swift; sourceTree = "<group>"; };
		A30734451F7213D7000C28E1 /* Base */ = {isa = PBXFileReference; lastKnownFileType = file.storyboard; name = Base; path = Base.lproj/Main.storyboard; sourceTree = "<group>"; };
		A30734471F7213D7000C28E1 /* Assets.xcassets */ = {isa = PBXFileReference; lastKnownFileType = folder.assetcatalog; path = Assets.xcassets; sourceTree = "<group>"; };
		A307344A1F7213D7000C28E1 /* Base */ = {isa = PBXFileReference; lastKnownFileType = file.storyboard; name = Base; path = Base.lproj/LaunchScreen.storyboard; sourceTree = "<group>"; };
		A307344C1F7213D7000C28E1 /* Info.plist */ = {isa = PBXFileReference; lastKnownFileType = text.plist.xml; path = Info.plist; sourceTree = "<group>"; };
		A30734531F729EE7000C28E1 /* Extensions.swift */ = {isa = PBXFileReference; fileEncoding = 4; lastKnownFileType = sourcecode.swift; path = Extensions.swift; sourceTree = "<group>"; };
		A30734551F72A0D0000C28E1 /* UIView+Anchors.swift */ = {isa = PBXFileReference; fileEncoding = 4; lastKnownFileType = sourcecode.swift; path = "UIView+Anchors.swift"; sourceTree = "<group>"; };
		A30734571F72CF1E000C28E1 /* GoogleService-Info.plist */ = {isa = PBXFileReference; fileEncoding = 4; lastKnownFileType = text.plist.xml; path = "GoogleService-Info.plist"; sourceTree = "<group>"; };
		A30734591F731069000C28E1 /* MainTabBarController.swift */ = {isa = PBXFileReference; fileEncoding = 4; lastKnownFileType = sourcecode.swift; path = MainTabBarController.swift; sourceTree = "<group>"; };
		A307345B1F7311BF000C28E1 /* UserProfileController.swift */ = {isa = PBXFileReference; fileEncoding = 4; lastKnownFileType = sourcecode.swift; path = UserProfileController.swift; sourceTree = "<group>"; };
		A307345D1F733712000C28E1 /* BaseCell.swift */ = {isa = PBXFileReference; fileEncoding = 4; lastKnownFileType = sourcecode.swift; path = BaseCell.swift; sourceTree = "<group>"; };
		A30734621F733984000C28E1 /* UserProfileHeader.swift */ = {isa = PBXFileReference; fileEncoding = 4; lastKnownFileType = sourcecode.swift; path = UserProfileHeader.swift; sourceTree = "<group>"; };
		A30734641F733B82000C28E1 /* CachedImageView.swift */ = {isa = PBXFileReference; fileEncoding = 4; lastKnownFileType = sourcecode.swift; path = CachedImageView.swift; sourceTree = "<group>"; };
		A30734661F733BC7000C28E1 /* DiscardableImageCacheItem.swift */ = {isa = PBXFileReference; fileEncoding = 4; lastKnownFileType = sourcecode.swift; path = DiscardableImageCacheItem.swift; sourceTree = "<group>"; };
		A30734681F733E54000C28E1 /* User.swift */ = {isa = PBXFileReference; fileEncoding = 4; lastKnownFileType = sourcecode.swift; path = User.swift; sourceTree = "<group>"; };
		A307346A1F7354E8000C28E1 /* LoginController.swift */ = {isa = PBXFileReference; fileEncoding = 4; lastKnownFileType = sourcecode.swift; path = LoginController.swift; sourceTree = "<group>"; };
		FDC50FD3489C86F07D7AB0C3 /* Pods_LBTA_20_instagram.framework */ = {isa = PBXFileReference; explicitFileType = wrapper.framework; includeInIndex = 0; path = Pods_LBTA_20_instagram.framework; sourceTree = BUILT_PRODUCTS_DIR; };
/* End PBXFileReference section */

/* Begin PBXFrameworksBuildPhase section */
		A307343A1F7213D7000C28E1 /* Frameworks */ = {
			isa = PBXFrameworksBuildPhase;
			buildActionMask = 2147483647;
			files = (
				C6675795AE5DCC2B9AFC463C /* Pods_LBTA_20_instagram.framework in Frameworks */,
			);
			runOnlyForDeploymentPostprocessing = 0;
		};
/* End PBXFrameworksBuildPhase section */

/* Begin PBXGroup section */
		487EA1537E8D159403BF9C5B /* Frameworks */ = {
			isa = PBXGroup;
			children = (
				FDC50FD3489C86F07D7AB0C3 /* Pods_LBTA_20_instagram.framework */,
			);
			name = Frameworks;
			sourceTree = "<group>";
		};
		A30734341F7213D7000C28E1 = {
			isa = PBXGroup;
			children = (
				A307343F1F7213D7000C28E1 /* LBTA-20-instagram */,
				A307343E1F7213D7000C28E1 /* Products */,
				EBA6FF5AFA6225D3990BD29C /* Pods */,
				487EA1537E8D159403BF9C5B /* Frameworks */,
			);
			sourceTree = "<group>";
		};
		A307343E1F7213D7000C28E1 /* Products */ = {
			isa = PBXGroup;
			children = (
				A307343D1F7213D7000C28E1 /* LBTA-20-instagram.app */,
			);
			name = Products;
			sourceTree = "<group>";
		};
		A307343F1F7213D7000C28E1 /* LBTA-20-instagram */ = {
			isa = PBXGroup;
			children = (
				A30734401F7213D7000C28E1 /* AppDelegate.swift */,
				A307345F1F73371D000C28E1 /* Model */,
				A30734601F733723000C28E1 /* View */,
				A30734611F73372B000C28E1 /* Controller */,
				A30734441F7213D7000C28E1 /* Main.storyboard */,
				A30734471F7213D7000C28E1 /* Assets.xcassets */,
				A30734491F7213D7000C28E1 /* LaunchScreen.storyboard */,
				A307344C1F7213D7000C28E1 /* Info.plist */,
				A30734571F72CF1E000C28E1 /* GoogleService-Info.plist */,
				A30734521F729E9A000C28E1 /* Utils */,
			);
			path = "LBTA-20-instagram";
			sourceTree = "<group>";
		};
		A30734521F729E9A000C28E1 /* Utils */ = {
			isa = PBXGroup;
			children = (
				A307345D1F733712000C28E1 /* BaseCell.swift */,
				A30734531F729EE7000C28E1 /* Extensions.swift */,
				A30734551F72A0D0000C28E1 /* UIView+Anchors.swift */,
				A30734661F733BC7000C28E1 /* DiscardableImageCacheItem.swift */,
				A30734641F733B82000C28E1 /* CachedImageView.swift */,
			);
			name = Utils;
			sourceTree = "<group>";
		};
		A307345F1F73371D000C28E1 /* Model */ = {
			isa = PBXGroup;
			children = (
				A30734681F733E54000C28E1 /* User.swift */,
			);
			name = Model;
			sourceTree = "<group>";
		};
		A30734601F733723000C28E1 /* View */ = {
			isa = PBXGroup;
			children = (
				A30734621F733984000C28E1 /* UserProfileHeader.swift */,
			);
			name = View;
			sourceTree = "<group>";
		};
		A30734611F73372B000C28E1 /* Controller */ = {
			isa = PBXGroup;
			children = (
				A30734591F731069000C28E1 /* MainTabBarController.swift */,
				A307345B1F7311BF000C28E1 /* UserProfileController.swift */,
				A30734421F7213D7000C28E1 /* SignUpController.swift */,
				A307346A1F7354E8000C28E1 /* LoginController.swift */,
			);
			name = Controller;
			sourceTree = "<group>";
		};
		EBA6FF5AFA6225D3990BD29C /* Pods */ = {
			isa = PBXGroup;
			children = (
				85EBC3770D46EDB3010A3D5A /* Pods-LBTA-20-instagram.debug.xcconfig */,
				61161C8634D8A69416E86DA0 /* Pods-LBTA-20-instagram.release.xcconfig */,
			);
			name = Pods;
			sourceTree = "<group>";
		};
/* End PBXGroup section */

/* Begin PBXNativeTarget section */
		A307343C1F7213D7000C28E1 /* LBTA-20-instagram */ = {
			isa = PBXNativeTarget;
			buildConfigurationList = A307344F1F7213D7000C28E1 /* Build configuration list for PBXNativeTarget "LBTA-20-instagram" */;
			buildPhases = (
				9F9048754F3DB26D3BA1B0C3 /* [CP] Check Pods Manifest.lock */,
				A30734391F7213D7000C28E1 /* Sources */,
				A307343A1F7213D7000C28E1 /* Frameworks */,
				A307343B1F7213D7000C28E1 /* Resources */,
				A7F6E62E9A89C96CB839DED1 /* [CP] Embed Pods Frameworks */,
				86A03115D5173DE242321974 /* [CP] Copy Pods Resources */,
			);
			buildRules = (
			);
			dependencies = (
			);
			name = "LBTA-20-instagram";
			productName = "LBTA-20-instagram";
			productReference = A307343D1F7213D7000C28E1 /* LBTA-20-instagram.app */;
			productType = "com.apple.product-type.application";
		};
/* End PBXNativeTarget section */

/* Begin PBXProject section */
		A30734351F7213D7000C28E1 /* Project object */ = {
			isa = PBXProject;
			attributes = {
				LastSwiftUpdateCheck = 0830;
				LastUpgradeCheck = 0830;
				ORGANIZATIONNAME = "Alexander Baran";
				TargetAttributes = {
					A307343C1F7213D7000C28E1 = {
						CreatedOnToolsVersion = 8.3.3;
						DevelopmentTeam = ZQ32RSDG42;
						ProvisioningStyle = Automatic;
					};
				};
			};
			buildConfigurationList = A30734381F7213D7000C28E1 /* Build configuration list for PBXProject "LBTA-20-instagram" */;
			compatibilityVersion = "Xcode 3.2";
			developmentRegion = English;
			hasScannedForEncodings = 0;
			knownRegions = (
				en,
				Base,
			);
			mainGroup = A30734341F7213D7000C28E1;
			productRefGroup = A307343E1F7213D7000C28E1 /* Products */;
			projectDirPath = "";
			projectRoot = "";
			targets = (
				A307343C1F7213D7000C28E1 /* LBTA-20-instagram */,
			);
		};
/* End PBXProject section */

/* Begin PBXResourcesBuildPhase section */
		A307343B1F7213D7000C28E1 /* Resources */ = {
			isa = PBXResourcesBuildPhase;
			buildActionMask = 2147483647;
			files = (
				A307344B1F7213D7000C28E1 /* LaunchScreen.storyboard in Resources */,
				A30734581F72CF1E000C28E1 /* GoogleService-Info.plist in Resources */,
				A30734481F7213D7000C28E1 /* Assets.xcassets in Resources */,
				A30734461F7213D7000C28E1 /* Main.storyboard in Resources */,
			);
			runOnlyForDeploymentPostprocessing = 0;
		};
/* End PBXResourcesBuildPhase section */

/* Begin PBXShellScriptBuildPhase section */
		86A03115D5173DE242321974 /* [CP] Copy Pods Resources */ = {
			isa = PBXShellScriptBuildPhase;
			buildActionMask = 2147483647;
			files = (
			);
			inputPaths = (
			);
			name = "[CP] Copy Pods Resources";
			outputPaths = (
			);
			runOnlyForDeploymentPostprocessing = 0;
			shellPath = /bin/sh;
			shellScript = "\"${SRCROOT}/Pods/Target Support Files/Pods-LBTA-20-instagram/Pods-LBTA-20-instagram-resources.sh\"\n";
			showEnvVarsInLog = 0;
		};
		9F9048754F3DB26D3BA1B0C3 /* [CP] Check Pods Manifest.lock */ = {
			isa = PBXShellScriptBuildPhase;
			buildActionMask = 2147483647;
			files = (
			);
			inputPaths = (
				"${PODS_PODFILE_DIR_PATH}/Podfile.lock",
				"${PODS_ROOT}/Manifest.lock",
			);
			name = "[CP] Check Pods Manifest.lock";
			outputPaths = (
				"$(DERIVED_FILE_DIR)/Pods-LBTA-20-instagram-checkManifestLockResult.txt",
			);
			runOnlyForDeploymentPostprocessing = 0;
			shellPath = /bin/sh;
			shellScript = "diff \"${PODS_PODFILE_DIR_PATH}/Podfile.lock\" \"${PODS_ROOT}/Manifest.lock\" > /dev/null\nif [ $? != 0 ] ; then\n    # print error to STDERR\n    echo \"error: The sandbox is not in sync with the Podfile.lock. Run 'pod install' or update your CocoaPods installation.\" >&2\n    exit 1\nfi\n# This output is used by Xcode 'outputs' to avoid re-running this script phase.\necho \"SUCCESS\" > \"${SCRIPT_OUTPUT_FILE_0}\"\n";
			showEnvVarsInLog = 0;
		};
		A7F6E62E9A89C96CB839DED1 /* [CP] Embed Pods Frameworks */ = {
			isa = PBXShellScriptBuildPhase;
			buildActionMask = 2147483647;
			files = (
			);
			inputPaths = (
				"${SRCROOT}/Pods/Target Support Files/Pods-LBTA-20-instagram/Pods-LBTA-20-instagram-frameworks.sh",
				"${BUILT_PRODUCTS_DIR}/GTMSessionFetcher/GTMSessionFetcher.framework",
				"${BUILT_PRODUCTS_DIR}/GoogleToolboxForMac/GoogleToolboxForMac.framework",
				"${BUILT_PRODUCTS_DIR}/leveldb-library/leveldb.framework",
				"${BUILT_PRODUCTS_DIR}/nanopb/nanopb.framework",
			);
			name = "[CP] Embed Pods Frameworks";
			outputPaths = (
				"${TARGET_BUILD_DIR}/${FRAMEWORKS_FOLDER_PATH}/GTMSessionFetcher.framework",
				"${TARGET_BUILD_DIR}/${FRAMEWORKS_FOLDER_PATH}/GoogleToolboxForMac.framework",
				"${TARGET_BUILD_DIR}/${FRAMEWORKS_FOLDER_PATH}/leveldb.framework",
				"${TARGET_BUILD_DIR}/${FRAMEWORKS_FOLDER_PATH}/nanopb.framework",
			);
			runOnlyForDeploymentPostprocessing = 0;
			shellPath = /bin/sh;
			shellScript = "\"${SRCROOT}/Pods/Target Support Files/Pods-LBTA-20-instagram/Pods-LBTA-20-instagram-frameworks.sh\"\n";
			showEnvVarsInLog = 0;
		};
/* End PBXShellScriptBuildPhase section */

/* Begin PBXSourcesBuildPhase section */
		A30734391F7213D7000C28E1 /* Sources */ = {
			isa = PBXSourcesBuildPhase;
			buildActionMask = 2147483647;
			files = (
				A30734671F733BC7000C28E1 /* DiscardableImageCacheItem.swift in Sources */,
				A307346B1F7354E8000C28E1 /* LoginController.swift in Sources */,
				A30734431F7213D7000C28E1 /* SignUpController.swift in Sources */,
				A30734561F72A0D0000C28E1 /* UIView+Anchors.swift in Sources */,
				A307345C1F7311BF000C28E1 /* UserProfileController.swift in Sources */,
				A30734631F733984000C28E1 /* UserProfileHeader.swift in Sources */,
				A307345A1F731069000C28E1 /* MainTabBarController.swift in Sources */,
				A307345E1F733712000C28E1 /* BaseCell.swift in Sources */,
				A30734541F729EE7000C28E1 /* Extensions.swift in Sources */,
				A30734411F7213D7000C28E1 /* AppDelegate.swift in Sources */,
				A30734651F733B82000C28E1 /* CachedImageView.swift in Sources */,
				A30734691F733E54000C28E1 /* User.swift in Sources */,
			);
			runOnlyForDeploymentPostprocessing = 0;
		};
/* End PBXSourcesBuildPhase section */

/* Begin PBXVariantGroup section */
		A30734441F7213D7000C28E1 /* Main.storyboard */ = {
			isa = PBXVariantGroup;
			children = (
				A30734451F7213D7000C28E1 /* Base */,
			);
			name = Main.storyboard;
			sourceTree = "<group>";
		};
		A30734491F7213D7000C28E1 /* LaunchScreen.storyboard */ = {
			isa = PBXVariantGroup;
			children = (
				A307344A1F7213D7000C28E1 /* Base */,
			);
			name = LaunchScreen.storyboard;
			sourceTree = "<group>";
		};
/* End PBXVariantGroup section */

/* Begin XCBuildConfiguration section */
		A307344D1F7213D7000C28E1 /* Debug */ = {
			isa = XCBuildConfiguration;
			buildSettings = {
				ALWAYS_SEARCH_USER_PATHS = NO;
				CLANG_ANALYZER_NONNULL = YES;
				CLANG_ANALYZER_NUMBER_OBJECT_CONVERSION = YES_AGGRESSIVE;
				CLANG_CXX_LANGUAGE_STANDARD = "gnu++0x";
				CLANG_CXX_LIBRARY = "libc++";
				CLANG_ENABLE_MODULES = YES;
				CLANG_ENABLE_OBJC_ARC = YES;
				CLANG_WARN_BOOL_CONVERSION = YES;
				CLANG_WARN_CONSTANT_CONVERSION = YES;
				CLANG_WARN_DIRECT_OBJC_ISA_USAGE = YES_ERROR;
				CLANG_WARN_DOCUMENTATION_COMMENTS = YES;
				CLANG_WARN_EMPTY_BODY = YES;
				CLANG_WARN_ENUM_CONVERSION = YES;
				CLANG_WARN_INFINITE_RECURSION = YES;
				CLANG_WARN_INT_CONVERSION = YES;
				CLANG_WARN_OBJC_ROOT_CLASS = YES_ERROR;
				CLANG_WARN_SUSPICIOUS_MOVE = YES;
				CLANG_WARN_UNREACHABLE_CODE = YES;
				CLANG_WARN__DUPLICATE_METHOD_MATCH = YES;
				"CODE_SIGN_IDENTITY[sdk=iphoneos*]" = "iPhone Developer";
				COPY_PHASE_STRIP = NO;
				DEBUG_INFORMATION_FORMAT = dwarf;
				ENABLE_STRICT_OBJC_MSGSEND = YES;
				ENABLE_TESTABILITY = YES;
				GCC_C_LANGUAGE_STANDARD = gnu99;
				GCC_DYNAMIC_NO_PIC = NO;
				GCC_NO_COMMON_BLOCKS = YES;
				GCC_OPTIMIZATION_LEVEL = 0;
				GCC_PREPROCESSOR_DEFINITIONS = (
					"DEBUG=1",
					"$(inherited)",
				);
				GCC_WARN_64_TO_32_BIT_CONVERSION = YES;
				GCC_WARN_ABOUT_RETURN_TYPE = YES_ERROR;
				GCC_WARN_UNDECLARED_SELECTOR = YES;
				GCC_WARN_UNINITIALIZED_AUTOS = YES_AGGRESSIVE;
				GCC_WARN_UNUSED_FUNCTION = YES;
				GCC_WARN_UNUSED_VARIABLE = YES;
				IPHONEOS_DEPLOYMENT_TARGET = 10.3;
				MTL_ENABLE_DEBUG_INFO = YES;
				ONLY_ACTIVE_ARCH = YES;
				SDKROOT = iphoneos;
				SWIFT_ACTIVE_COMPILATION_CONDITIONS = DEBUG;
				SWIFT_OPTIMIZATION_LEVEL = "-Onone";
				TARGETED_DEVICE_FAMILY = "1,2";
			};
			name = Debug;
		};
		A307344E1F7213D7000C28E1 /* Release */ = {
			isa = XCBuildConfiguration;
			buildSettings = {
				ALWAYS_SEARCH_USER_PATHS = NO;
				CLANG_ANALYZER_NONNULL = YES;
				CLANG_ANALYZER_NUMBER_OBJECT_CONVERSION = YES_AGGRESSIVE;
				CLANG_CXX_LANGUAGE_STANDARD = "gnu++0x";
				CLANG_CXX_LIBRARY = "libc++";
				CLANG_ENABLE_MODULES = YES;
				CLANG_ENABLE_OBJC_ARC = YES;
				CLANG_WARN_BOOL_CONVERSION = YES;
				CLANG_WARN_CONSTANT_CONVERSION = YES;
				CLANG_WARN_DIRECT_OBJC_ISA_USAGE = YES_ERROR;
				CLANG_WARN_DOCUMENTATION_COMMENTS = YES;
				CLANG_WARN_EMPTY_BODY = YES;
				CLANG_WARN_ENUM_CONVERSION = YES;
				CLANG_WARN_INFINITE_RECURSION = YES;
				CLANG_WARN_INT_CONVERSION = YES;
				CLANG_WARN_OBJC_ROOT_CLASS = YES_ERROR;
				CLANG_WARN_SUSPICIOUS_MOVE = YES;
				CLANG_WARN_UNREACHABLE_CODE = YES;
				CLANG_WARN__DUPLICATE_METHOD_MATCH = YES;
				"CODE_SIGN_IDENTITY[sdk=iphoneos*]" = "iPhone Developer";
				COPY_PHASE_STRIP = NO;
				DEBUG_INFORMATION_FORMAT = "dwarf-with-dsym";
				ENABLE_NS_ASSERTIONS = NO;
				ENABLE_STRICT_OBJC_MSGSEND = YES;
				GCC_C_LANGUAGE_STANDARD = gnu99;
				GCC_NO_COMMON_BLOCKS = YES;
				GCC_WARN_64_TO_32_BIT_CONVERSION = YES;
				GCC_WARN_ABOUT_RETURN_TYPE = YES_ERROR;
				GCC_WARN_UNDECLARED_SELECTOR = YES;
				GCC_WARN_UNINITIALIZED_AUTOS = YES_AGGRESSIVE;
				GCC_WARN_UNUSED_FUNCTION = YES;
				GCC_WARN_UNUSED_VARIABLE = YES;
				IPHONEOS_DEPLOYMENT_TARGET = 10.3;
				MTL_ENABLE_DEBUG_INFO = NO;
				SDKROOT = iphoneos;
				SWIFT_OPTIMIZATION_LEVEL = "-Owholemodule";
				TARGETED_DEVICE_FAMILY = "1,2";
				VALIDATE_PRODUCT = YES;
			};
			name = Release;
		};
		A30734501F7213D7000C28E1 /* Debug */ = {
			isa = XCBuildConfiguration;
			baseConfigurationReference = 85EBC3770D46EDB3010A3D5A /* Pods-LBTA-20-instagram.debug.xcconfig */;
			buildSettings = {
				ASSETCATALOG_COMPILER_APPICON_NAME = AppIcon;
				DEVELOPMENT_TEAM = ZQ32RSDG42;
				INFOPLIST_FILE = "LBTA-20-instagram/Info.plist";
				LD_RUNPATH_SEARCH_PATHS = "$(inherited) @executable_path/Frameworks";
				PRODUCT_BUNDLE_IDENTIFIER = "com.alexanderbaran.LBTA-20-instagram";
				PRODUCT_NAME = "$(TARGET_NAME)";
				SWIFT_VERSION = 3.0;
			};
			name = Debug;
		};
		A30734511F7213D7000C28E1 /* Release */ = {
			isa = XCBuildConfiguration;
			baseConfigurationReference = 61161C8634D8A69416E86DA0 /* Pods-LBTA-20-instagram.release.xcconfig */;
			buildSettings = {
				ASSETCATALOG_COMPILER_APPICON_NAME = AppIcon;
				DEVELOPMENT_TEAM = ZQ32RSDG42;
				INFOPLIST_FILE = "LBTA-20-instagram/Info.plist";
				LD_RUNPATH_SEARCH_PATHS = "$(inherited) @executable_path/Frameworks";
				PRODUCT_BUNDLE_IDENTIFIER = "com.alexanderbaran.LBTA-20-instagram";
				PRODUCT_NAME = "$(TARGET_NAME)";
				SWIFT_VERSION = 3.0;
			};
			name = Release;
		};
/* End XCBuildConfiguration section */

/* Begin XCConfigurationList section */
		A30734381F7213D7000C28E1 /* Build configuration list for PBXProject "LBTA-20-instagram" */ = {
			isa = XCConfigurationList;
			buildConfigurations = (
				A307344D1F7213D7000C28E1 /* Debug */,
				A307344E1F7213D7000C28E1 /* Release */,
			);
			defaultConfigurationIsVisible = 0;
			defaultConfigurationName = Release;
		};
		A307344F1F7213D7000C28E1 /* Build configuration list for PBXNativeTarget "LBTA-20-instagram" */ = {
			isa = XCConfigurationList;
			buildConfigurations = (
				A30734501F7213D7000C28E1 /* Debug */,
				A30734511F7213D7000C28E1 /* Release */,
			);
			defaultConfigurationIsVisible = 0;
			defaultConfigurationName = Release;
		};
/* End XCConfigurationList section */
	};
	rootObject = A30734351F7213D7000C28E1 /* Project object */;
}
